Microsoft Visual Studio Solution File, Format Version 12.00
# Visual Studio 2012
Project("{FAE04EC0-301F-11D3-BF4B-00C04F79EFBC}") = "IHIS.Controls", "IHIS.Controls\IHIS.Controls.csproj", "{2E61012D-5AF0-49F3-AB80-DE6F7001BF23}"
	ProjectSection(ProjectDependencies) = postProject
		{82A2FA5A-F95E-4E72-950A-1E667522A1D2} = {82A2FA5A-F95E-4E72-950A-1E667522A1D2}
		{92F94EA0-9910-4895-B8A1-FED1543A9DA1} = {92F94EA0-9910-4895-B8A1-FED1543A9DA1}
		{2E9338EE-48B0-4C77-95D9-61357B449B96} = {2E9338EE-48B0-4C77-95D9-61357B449B96}
	EndProjectSection
EndProject
Project("{FAE04EC0-301F-11D3-BF4B-00C04F79EFBC}") = "IHIS.DbControls", "IHIS.DbControls\IHIS.DbControls.csproj", "{10529FA8-29D0-4FED-882E-FEC8E26AD1CD}"
	ProjectSection(ProjectDependencies) = postProject
		{2E61012D-5AF0-49F3-AB80-DE6F7001BF23} = {2E61012D-5AF0-49F3-AB80-DE6F7001BF23}
	EndProjectSection
EndProject
Project("{FAE04EC0-301F-11D3-BF4B-00C04F79EFBC}") = "IHIS.Forms", "IHIS.Forms\IHIS.Forms.csproj", "{3238E165-5344-4DA3-A724-222E8B4CDE22}"
	ProjectSection(ProjectDependencies) = postProject
		{10529FA8-29D0-4FED-882E-FEC8E26AD1CD} = {10529FA8-29D0-4FED-882E-FEC8E26AD1CD}
	EndProjectSection
EndProject
Project("{FAE04EC0-301F-11D3-BF4B-00C04F79EFBC}") = "IHIS.BizObjects", "IHIS.BizObjects\IHIS.BizObjects.csproj", "{80CCB691-CC2F-410E-AAAC-FE238CB7FE06}"
	ProjectSection(ProjectDependencies) = postProject
		{3238E165-5344-4DA3-A724-222E8B4CDE22} = {3238E165-5344-4DA3-A724-222E8B4CDE22}
	EndProjectSection
EndProject
Project("{FAE04EC0-301F-11D3-BF4B-00C04F79EFBC}") = "IHIS.Common", "IHIS.Common\IHIS.Common.csproj", "{6A28943E-E5D5-460E-8233-00A6317ABAA3}"
	ProjectSection(ProjectDependencies) = postProject
		{3238E165-5344-4DA3-A724-222E8B4CDE22} = {3238E165-5344-4DA3-A724-222E8B4CDE22}
	EndProjectSection
EndProject
Project("{FAE04EC0-301F-11D3-BF4B-00C04F79EFBC}") = "IHIS.Win32", "IHIS.Win32\IHIS.Win32.csproj", "{2E9338EE-48B0-4C77-95D9-61357B449B96}"
EndProject
Project("{FAE04EC0-301F-11D3-BF4B-00C04F79EFBC}") = "IHIS.Service", "IHIS.Service\IHIS.Service.csproj", "{82A2FA5A-F95E-4E72-950A-1E667522A1D2}"
EndProject
Project("{FAE04EC0-301F-11D3-BF4B-00C04F79EFBC}") = "IHIS.X.Magic", "IHIS.X\IHIS.X.Magic\IHIS.X.Magic.csproj", "{92F94EA0-9910-4895-B8A1-FED1543A9DA1}"
EndProject
Project("{FAE04EC0-301F-11D3-BF4B-00C04F79EFBC}") = "IHIS.TestControls", "IHIS.TestControls\IHIS.TestControls.csproj", "{426D8823-EC2F-44E6-9FB7-C8A6E8276592}"
EndProject
Project("{FAE04EC0-301F-11D3-BF4B-00C04F79EFBC}") = "IHIS.MedicalInterface", "MedicalInterface\IHIS.MedicalInterface.csproj", "{D6200D4F-1E77-44CC-87BF-E690D006051C}"
EndProject
Project("{FAE04EC0-301F-11D3-BF4B-00C04F79EFBC}") = "IHIS.CloudConnector", "IHIS.CloudConnector\IHIS.CloudConnector.csproj", "{4424C55D-EBBA-4825-ABA2-E7718A361F9A}"
	ProjectSection(ProjectDependencies) = postProject
		{719E4BD5-36AD-4ED1-A6C9-5C713911519F} = {719E4BD5-36AD-4ED1-A6C9-5C713911519F}
	EndProjectSection
EndProject
Project("{FAE04EC0-301F-11D3-BF4B-00C04F79EFBC}") = "IHIS.ComFunc", "IHIS.ComFunc\IHIS.ComFunc.csproj", "{719E4BD5-36AD-4ED1-A6C9-5C713911519F}"
EndProject
Project("{2150E333-8FDC-42A3-9474-1A3956D46DE8}") = "Solution Items", "Solution Items", "{528BB513-E639-448C-94EF-76307B82FA0B}"
	ProjectSection(SolutionItems) = preProject
		IHISCommonBuild.bat = IHISCommonBuild.bat
		IHISFrameworkBuild.bat = IHISFrameworkBuild.bat
	EndProjectSection
EndProject
Global
	GlobalSection(SolutionConfigurationPlatforms) = preSolution
		Debug|Any CPU = Debug|Any CPU
		Debug|x86 = Debug|x86
		Release|Any CPU = Release|Any CPU
		Release|x86 = Release|x86
		StrongMagic|Any CPU = StrongMagic|Any CPU
		StrongMagic|x86 = StrongMagic|x86
	EndGlobalSection
	GlobalSection(ProjectConfigurationPlatforms) = postSolution
		{2E61012D-5AF0-49F3-AB80-DE6F7001BF23}.Debug|Any CPU.ActiveCfg = Debug|Any CPU
		{2E61012D-5AF0-49F3-AB80-DE6F7001BF23}.Debug|Any CPU.Build.0 = Debug|Any CPU
		{2E61012D-5AF0-49F3-AB80-DE6F7001BF23}.Debug|x86.ActiveCfg = Debug|x86
		{2E61012D-5AF0-49F3-AB80-DE6F7001BF23}.Debug|x86.Build.0 = Debug|x86
		{2E61012D-5AF0-49F3-AB80-DE6F7001BF23}.Release|Any CPU.ActiveCfg = Release|Any CPU
		{2E61012D-5AF0-49F3-AB80-DE6F7001BF23}.Release|Any CPU.Build.0 = Release|Any CPU
		{2E61012D-5AF0-49F3-AB80-DE6F7001BF23}.Release|x86.ActiveCfg = Release|x86
		{2E61012D-5AF0-49F3-AB80-DE6F7001BF23}.Release|x86.Build.0 = Release|x86
		{2E61012D-5AF0-49F3-AB80-DE6F7001BF23}.StrongMagic|Any CPU.ActiveCfg = Release|Any CPU
		{2E61012D-5AF0-49F3-AB80-DE6F7001BF23}.StrongMagic|Any CPU.Build.0 = Release|Any CPU
		{2E61012D-5AF0-49F3-AB80-DE6F7001BF23}.StrongMagic|x86.ActiveCfg = Release|x86
		{2E61012D-5AF0-49F3-AB80-DE6F7001BF23}.StrongMagic|x86.Build.0 = Release|x86
		{10529FA8-29D0-4FED-882E-FEC8E26AD1CD}.Debug|Any CPU.ActiveCfg = Debug|Any CPU
		{10529FA8-29D0-4FED-882E-FEC8E26AD1CD}.Debug|Any CPU.Build.0 = Debug|Any CPU
		{10529FA8-29D0-4FED-882E-FEC8E26AD1CD}.Debug|x86.ActiveCfg = Debug|x86
		{10529FA8-29D0-4FED-882E-FEC8E26AD1CD}.Debug|x86.Build.0 = Debug|x86
		{10529FA8-29D0-4FED-882E-FEC8E26AD1CD}.Release|Any CPU.ActiveCfg = Release|Any CPU
		{10529FA8-29D0-4FED-882E-FEC8E26AD1CD}.Release|Any CPU.Build.0 = Release|Any CPU
		{10529FA8-29D0-4FED-882E-FEC8E26AD1CD}.Release|x86.ActiveCfg = Release|x86
		{10529FA8-29D0-4FED-882E-FEC8E26AD1CD}.Release|x86.Build.0 = Release|x86
		{10529FA8-29D0-4FED-882E-FEC8E26AD1CD}.StrongMagic|Any CPU.ActiveCfg = Release|Any CPU
		{10529FA8-29D0-4FED-882E-FEC8E26AD1CD}.StrongMagic|Any CPU.Build.0 = Release|Any CPU
		{10529FA8-29D0-4FED-882E-FEC8E26AD1CD}.StrongMagic|x86.ActiveCfg = Release|x86
		{10529FA8-29D0-4FED-882E-FEC8E26AD1CD}.StrongMagic|x86.Build.0 = Release|x86
		{3238E165-5344-4DA3-A724-222E8B4CDE22}.Debug|Any CPU.ActiveCfg = Debug|Any CPU
		{3238E165-5344-4DA3-A724-222E8B4CDE22}.Debug|Any CPU.Build.0 = Debug|Any CPU
		{3238E165-5344-4DA3-A724-222E8B4CDE22}.Debug|x86.ActiveCfg = Debug|x86
		{3238E165-5344-4DA3-A724-222E8B4CDE22}.Debug|x86.Build.0 = Debug|x86
		{3238E165-5344-4DA3-A724-222E8B4CDE22}.Release|Any CPU.ActiveCfg = Release|Any CPU
		{3238E165-5344-4DA3-A724-222E8B4CDE22}.Release|Any CPU.Build.0 = Release|Any CPU
		{3238E165-5344-4DA3-A724-222E8B4CDE22}.Release|x86.ActiveCfg = Release|x86
		{3238E165-5344-4DA3-A724-222E8B4CDE22}.Release|x86.Build.0 = Release|x86
		{3238E165-5344-4DA3-A724-222E8B4CDE22}.StrongMagic|Any CPU.ActiveCfg = Release|Any CPU
		{3238E165-5344-4DA3-A724-222E8B4CDE22}.StrongMagic|Any CPU.Build.0 = Release|Any CPU
		{3238E165-5344-4DA3-A724-222E8B4CDE22}.StrongMagic|x86.ActiveCfg = Release|x86
		{3238E165-5344-4DA3-A724-222E8B4CDE22}.StrongMagic|x86.Build.0 = Release|x86
		{80CCB691-CC2F-410E-AAAC-FE238CB7FE06}.Debug|Any CPU.ActiveCfg = Debug|Any CPU
		{80CCB691-CC2F-410E-AAAC-FE238CB7FE06}.Debug|Any CPU.Build.0 = Debug|Any CPU
		{80CCB691-CC2F-410E-AAAC-FE238CB7FE06}.Debug|x86.ActiveCfg = Debug|x86
		{80CCB691-CC2F-410E-AAAC-FE238CB7FE06}.Debug|x86.Build.0 = Debug|x86
		{80CCB691-CC2F-410E-AAAC-FE238CB7FE06}.Release|Any CPU.ActiveCfg = Release|Any CPU
		{80CCB691-CC2F-410E-AAAC-FE238CB7FE06}.Release|Any CPU.Build.0 = Release|Any CPU
		{80CCB691-CC2F-410E-AAAC-FE238CB7FE06}.Release|x86.ActiveCfg = Release|x86
		{80CCB691-CC2F-410E-AAAC-FE238CB7FE06}.Release|x86.Build.0 = Release|x86
		{80CCB691-CC2F-410E-AAAC-FE238CB7FE06}.StrongMagic|Any CPU.ActiveCfg = Release|Any CPU
		{80CCB691-CC2F-410E-AAAC-FE238CB7FE06}.StrongMagic|Any CPU.Build.0 = Release|Any CPU
		{80CCB691-CC2F-410E-AAAC-FE238CB7FE06}.StrongMagic|x86.ActiveCfg = Release|x86
		{80CCB691-CC2F-410E-AAAC-FE238CB7FE06}.StrongMagic|x86.Build.0 = Release|x86
		{6A28943E-E5D5-460E-8233-00A6317ABAA3}.Debug|Any CPU.ActiveCfg = Debug|Any CPU
		{6A28943E-E5D5-460E-8233-00A6317ABAA3}.Debug|Any CPU.Build.0 = Debug|Any CPU
		{6A28943E-E5D5-460E-8233-00A6317ABAA3}.Debug|x86.ActiveCfg = Debug|x86
		{6A28943E-E5D5-460E-8233-00A6317ABAA3}.Debug|x86.Build.0 = Debug|x86
		{6A28943E-E5D5-460E-8233-00A6317ABAA3}.Release|Any CPU.ActiveCfg = Release|Any CPU
		{6A28943E-E5D5-460E-8233-00A6317ABAA3}.Release|Any CPU.Build.0 = Release|Any CPU
		{6A28943E-E5D5-460E-8233-00A6317ABAA3}.Release|x86.ActiveCfg = Release|x86
		{6A28943E-E5D5-460E-8233-00A6317ABAA3}.Release|x86.Build.0 = Release|x86
		{6A28943E-E5D5-460E-8233-00A6317ABAA3}.StrongMagic|Any CPU.ActiveCfg = Release|Any CPU
		{6A28943E-E5D5-460E-8233-00A6317ABAA3}.StrongMagic|Any CPU.Build.0 = Release|Any CPU
		{6A28943E-E5D5-460E-8233-00A6317ABAA3}.StrongMagic|x86.ActiveCfg = Release|x86
		{6A28943E-E5D5-460E-8233-00A6317ABAA3}.StrongMagic|x86.Build.0 = Release|x86
		{2E9338EE-48B0-4C77-95D9-61357B449B96}.Debug|Any CPU.ActiveCfg = Debug|Any CPU
		{2E9338EE-48B0-4C77-95D9-61357B449B96}.Debug|Any CPU.Build.0 = Debug|Any CPU
		{2E9338EE-48B0-4C77-95D9-61357B449B96}.Debug|x86.ActiveCfg = Debug|x86
		{2E9338EE-48B0-4C77-95D9-61357B449B96}.Debug|x86.Build.0 = Debug|x86
		{2E9338EE-48B0-4C77-95D9-61357B449B96}.Release|Any CPU.ActiveCfg = Release|Any CPU
		{2E9338EE-48B0-4C77-95D9-61357B449B96}.Release|Any CPU.Build.0 = Release|Any CPU
		{2E9338EE-48B0-4C77-95D9-61357B449B96}.Release|x86.ActiveCfg = Release|x86
		{2E9338EE-48B0-4C77-95D9-61357B449B96}.Release|x86.Build.0 = Release|x86
		{2E9338EE-48B0-4C77-95D9-61357B449B96}.StrongMagic|Any CPU.ActiveCfg = Release|Any CPU
		{2E9338EE-48B0-4C77-95D9-61357B449B96}.StrongMagic|Any CPU.Build.0 = Release|Any CPU
		{2E9338EE-48B0-4C77-95D9-61357B449B96}.StrongMagic|x86.ActiveCfg = Release|x86
		{2E9338EE-48B0-4C77-95D9-61357B449B96}.StrongMagic|x86.Build.0 = Release|x86
		{82A2FA5A-F95E-4E72-950A-1E667522A1D2}.Debug|Any CPU.ActiveCfg = Debug|Any CPU
		{82A2FA5A-F95E-4E72-950A-1E667522A1D2}.Debug|Any CPU.Build.0 = Debug|Any CPU
		{82A2FA5A-F95E-4E72-950A-1E667522A1D2}.Debug|x86.ActiveCfg = Debug|x86
		{82A2FA5A-F95E-4E72-950A-1E667522A1D2}.Debug|x86.Build.0 = Debug|x86
		{82A2FA5A-F95E-4E72-950A-1E667522A1D2}.Release|Any CPU.ActiveCfg = Release|Any CPU
		{82A2FA5A-F95E-4E72-950A-1E667522A1D2}.Release|Any CPU.Build.0 = Release|Any CPU
		{82A2FA5A-F95E-4E72-950A-1E667522A1D2}.Release|x86.ActiveCfg = Release|x86
		{82A2FA5A-F95E-4E72-950A-1E667522A1D2}.Release|x86.Build.0 = Release|x86
		{82A2FA5A-F95E-4E72-950A-1E667522A1D2}.StrongMagic|Any CPU.ActiveCfg = Release|Any CPU
		{82A2FA5A-F95E-4E72-950A-1E667522A1D2}.StrongMagic|Any CPU.Build.0 = Release|Any CPU
		{82A2FA5A-F95E-4E72-950A-1E667522A1D2}.StrongMagic|x86.ActiveCfg = Release|x86
		{82A2FA5A-F95E-4E72-950A-1E667522A1D2}.StrongMagic|x86.Build.0 = Release|x86
		{92F94EA0-9910-4895-B8A1-FED1543A9DA1}.Debug|Any CPU.ActiveCfg = Debug|Any CPU
		{92F94EA0-9910-4895-B8A1-FED1543A9DA1}.Debug|Any CPU.Build.0 = Debug|Any CPU
		{92F94EA0-9910-4895-B8A1-FED1543A9DA1}.Debug|x86.ActiveCfg = Debug|x86
		{92F94EA0-9910-4895-B8A1-FED1543A9DA1}.Debug|x86.Build.0 = Debug|x86
		{92F94EA0-9910-4895-B8A1-FED1543A9DA1}.Release|Any CPU.ActiveCfg = Release|Any CPU
		{92F94EA0-9910-4895-B8A1-FED1543A9DA1}.Release|Any CPU.Build.0 = Release|Any CPU
		{92F94EA0-9910-4895-B8A1-FED1543A9DA1}.Release|x86.ActiveCfg = Release|x86
		{92F94EA0-9910-4895-B8A1-FED1543A9DA1}.Release|x86.Build.0 = Release|x86
		{92F94EA0-9910-4895-B8A1-FED1543A9DA1}.StrongMagic|Any CPU.ActiveCfg = StrongMagic|Any CPU
		{92F94EA0-9910-4895-B8A1-FED1543A9DA1}.StrongMagic|Any CPU.Build.0 = StrongMagic|Any CPU
		{92F94EA0-9910-4895-B8A1-FED1543A9DA1}.StrongMagic|x86.ActiveCfg = StrongMagic|x86
		{92F94EA0-9910-4895-B8A1-FED1543A9DA1}.StrongMagic|x86.Build.0 = StrongMagic|x86
		{426D8823-EC2F-44E6-9FB7-C8A6E8276592}.Debug|Any CPU.ActiveCfg = Debug|Any CPU
		{426D8823-EC2F-44E6-9FB7-C8A6E8276592}.Debug|x86.ActiveCfg = Debug|x86
		{426D8823-EC2F-44E6-9FB7-C8A6E8276592}.Debug|x86.Build.0 = Debug|x86
		{426D8823-EC2F-44E6-9FB7-C8A6E8276592}.Release|Any CPU.ActiveCfg = Release|Any CPU
		{426D8823-EC2F-44E6-9FB7-C8A6E8276592}.Release|Any CPU.Build.0 = Release|Any CPU
		{426D8823-EC2F-44E6-9FB7-C8A6E8276592}.Release|x86.ActiveCfg = Release|x86
		{426D8823-EC2F-44E6-9FB7-C8A6E8276592}.StrongMagic|Any CPU.ActiveCfg = Release|Any CPU
		{426D8823-EC2F-44E6-9FB7-C8A6E8276592}.StrongMagic|Any CPU.Build.0 = Release|Any CPU
		{426D8823-EC2F-44E6-9FB7-C8A6E8276592}.StrongMagic|x86.ActiveCfg = Release|x86
		{426D8823-EC2F-44E6-9FB7-C8A6E8276592}.StrongMagic|x86.Build.0 = Release|x86
		{D6200D4F-1E77-44CC-87BF-E690D006051C}.Debug|Any CPU.ActiveCfg = Debug|Any CPU
		{D6200D4F-1E77-44CC-87BF-E690D006051C}.Debug|Any CPU.Build.0 = Debug|Any CPU
		{D6200D4F-1E77-44CC-87BF-E690D006051C}.Debug|x86.ActiveCfg = Debug|x86
		{D6200D4F-1E77-44CC-87BF-E690D006051C}.Debug|x86.Build.0 = Debug|x86
		{D6200D4F-1E77-44CC-87BF-E690D006051C}.Release|Any CPU.ActiveCfg = Release|Any CPU
		{D6200D4F-1E77-44CC-87BF-E690D006051C}.Release|Any CPU.Build.0 = Release|Any CPU
		{D6200D4F-1E77-44CC-87BF-E690D006051C}.Release|x86.ActiveCfg = Release|x86
		{D6200D4F-1E77-44CC-87BF-E690D006051C}.Release|x86.Build.0 = Release|x86
		{D6200D4F-1E77-44CC-87BF-E690D006051C}.StrongMagic|Any CPU.ActiveCfg = Release|Any CPU
		{D6200D4F-1E77-44CC-87BF-E690D006051C}.StrongMagic|Any CPU.Build.0 = Release|Any CPU
		{D6200D4F-1E77-44CC-87BF-E690D006051C}.StrongMagic|x86.ActiveCfg = Release|x86
		{D6200D4F-1E77-44CC-87BF-E690D006051C}.StrongMagic|x86.Build.0 = Release|x86
		{4424C55D-EBBA-4825-ABA2-E7718A361F9A}.Debug|Any CPU.ActiveCfg = Debug|Any CPU
		{4424C55D-EBBA-4825-ABA2-E7718A361F9A}.Debug|Any CPU.Build.0 = Debug|Any CPU
		{4424C55D-EBBA-4825-ABA2-E7718A361F9A}.Debug|x86.ActiveCfg = Debug|x86
		{4424C55D-EBBA-4825-ABA2-E7718A361F9A}.Debug|x86.Build.0 = Debug|x86
		{4424C55D-EBBA-4825-ABA2-E7718A361F9A}.Release|Any CPU.ActiveCfg = Release|Any CPU
		{4424C55D-EBBA-4825-ABA2-E7718A361F9A}.Release|Any CPU.Build.0 = Release|Any CPU
		{4424C55D-EBBA-4825-ABA2-E7718A361F9A}.Release|x86.ActiveCfg = Release|x86
		{4424C55D-EBBA-4825-ABA2-E7718A361F9A}.Release|x86.Build.0 = Release|x86
		{4424C55D-EBBA-4825-ABA2-E7718A361F9A}.StrongMagic|Any CPU.ActiveCfg = Release|Any CPU
		{4424C55D-EBBA-4825-ABA2-E7718A361F9A}.StrongMagic|Any CPU.Build.0 = Release|Any CPU
		{4424C55D-EBBA-4825-ABA2-E7718A361F9A}.StrongMagic|x86.ActiveCfg = Release|x86
		{4424C55D-EBBA-4825-ABA2-E7718A361F9A}.StrongMagic|x86.Build.0 = Release|x86
		{719E4BD5-36AD-4ED1-A6C9-5C713911519F}.Debug|Any CPU.ActiveCfg = Debug|Any CPU
		{719E4BD5-36AD-4ED1-A6C9-5C713911519F}.Debug|Any CPU.Build.0 = Debug|Any CPU
		{719E4BD5-36AD-4ED1-A6C9-5C713911519F}.Debug|x86.ActiveCfg = Debug|x86
		{719E4BD5-36AD-4ED1-A6C9-5C713911519F}.Debug|x86.Build.0 = Debug|x86
		{719E4BD5-36AD-4ED1-A6C9-5C713911519F}.Release|Any CPU.ActiveCfg = Release|Any CPU
		{719E4BD5-36AD-4ED1-A6C9-5C713911519F}.Release|Any CPU.Build.0 = Release|Any CPU
		{719E4BD5-36AD-4ED1-A6C9-5C713911519F}.Release|x86.ActiveCfg = Release|x86
		{719E4BD5-36AD-4ED1-A6C9-5C713911519F}.Release|x86.Build.0 = Release|x86
		{719E4BD5-36AD-4ED1-A6C9-5C713911519F}.StrongMagic|Any CPU.ActiveCfg = Release|Any CPU
		{719E4BD5-36AD-4ED1-A6C9-5C713911519F}.StrongMagic|Any CPU.Build.0 = Release|Any CPU
		{719E4BD5-36AD-4ED1-A6C9-5C713911519F}.StrongMagic|x86.ActiveCfg = Release|x86
		{719E4BD5-36AD-4ED1-A6C9-5C713911519F}.StrongMagic|x86.Build.0 = Release|x86
	EndGlobalSection
	GlobalSection(SolutionProperties) = preSolution
		HideSolutionNode = FALSE
	EndGlobalSection
	GlobalSection(ExtensibilityGlobals) = postSolution
		VisualSVNWorkingCopyRoot = .
	EndGlobalSection
EndGlobal
