
Microsoft Visual Studio Solution File, Format Version 12.00
# Visual Studio 2012
Project("{FAE04EC0-301F-11D3-BF4B-00C04F79EFBC}") = "INJ0000Q00", "INJ0000Q00\INJ0000Q00\INJ0000Q00.csproj", "{B77564D5-C73C-49D7-8008-5E9C0AD1F92A}"
EndProject
Project("{FAE04EC0-301F-11D3-BF4B-00C04F79EFBC}") = "INJ0101U00", "INJ0101U00\INJ0101U00\INJ0101U00.csproj", "{7336C236-EDBF-4B41-9031-51DE35B6C27D}"
EndProject
Project("{FAE04EC0-301F-11D3-BF4B-00C04F79EFBC}") = "INJ0101U01", "INJ0101U01\INJ0101U01\INJ0101U01.csproj", "{B3FD0C95-1972-4B3B-A645-E70F4A698A12}"
EndProject
Project("{FAE04EC0-301F-11D3-BF4B-00C04F79EFBC}") = "INJ1002R01", "INJ1002R01\INJ1002R01.csproj", "{B6FDCF19-8B47-4216-B747-52210A859E55}"
EndProject
Project("{FAE04EC0-301F-11D3-BF4B-00C04F79EFBC}") = "INJ1002U01", "INJ1002U01\INJ1002U01.csproj", "{B33E1CD8-9A79-4DB5-8A0A-180EE179CE8D}"
EndProject
Project("{FAE04EC0-301F-11D3-BF4B-00C04F79EFBC}") = "INJ1001U01", "INJ1001U01\INJ1001U01\INJ1001U01.csproj", "{C5043EE7-3FAB-40F7-B42E-6FE1D0DB50BA}"
EndProject
Global
	GlobalSection(SolutionConfigurationPlatforms) = preSolution
		Debug|Any CPU = Debug|Any CPU
		Debug|x86 = Debug|x86
		Release|Any CPU = Release|Any CPU
		Release|x86 = Release|x86
	EndGlobalSection
	GlobalSection(ProjectConfigurationPlatforms) = postSolution
		{B77564D5-C73C-49D7-8008-5E9C0AD1F92A}.Debug|Any CPU.ActiveCfg = Debug|Any CPU
		{B77564D5-C73C-49D7-8008-5E9C0AD1F92A}.Debug|Any CPU.Build.0 = Debug|Any CPU
		{B77564D5-C73C-49D7-8008-5E9C0AD1F92A}.Debug|x86.ActiveCfg = Debug|x86
		{B77564D5-C73C-49D7-8008-5E9C0AD1F92A}.Debug|x86.Build.0 = Debug|x86
		{B77564D5-C73C-49D7-8008-5E9C0AD1F92A}.Release|Any CPU.ActiveCfg = Release|Any CPU
		{B77564D5-C73C-49D7-8008-5E9C0AD1F92A}.Release|Any CPU.Build.0 = Release|Any CPU
		{B77564D5-C73C-49D7-8008-5E9C0AD1F92A}.Release|x86.ActiveCfg = Release|x86
		{B77564D5-C73C-49D7-8008-5E9C0AD1F92A}.Release|x86.Build.0 = Release|x86
		{7336C236-EDBF-4B41-9031-51DE35B6C27D}.Debug|Any CPU.ActiveCfg = Debug|Any CPU
		{7336C236-EDBF-4B41-9031-51DE35B6C27D}.Debug|Any CPU.Build.0 = Debug|Any CPU
		{7336C236-EDBF-4B41-9031-51DE35B6C27D}.Debug|x86.ActiveCfg = Debug|x86
		{7336C236-EDBF-4B41-9031-51DE35B6C27D}.Debug|x86.Build.0 = Debug|x86
		{7336C236-EDBF-4B41-9031-51DE35B6C27D}.Release|Any CPU.ActiveCfg = Release|Any CPU
		{7336C236-EDBF-4B41-9031-51DE35B6C27D}.Release|Any CPU.Build.0 = Release|Any CPU
		{7336C236-EDBF-4B41-9031-51DE35B6C27D}.Release|x86.ActiveCfg = Release|x86
		{7336C236-EDBF-4B41-9031-51DE35B6C27D}.Release|x86.Build.0 = Release|x86
		{B3FD0C95-1972-4B3B-A645-E70F4A698A12}.Debug|Any CPU.ActiveCfg = Debug|Any CPU
		{B3FD0C95-1972-4B3B-A645-E70F4A698A12}.Debug|Any CPU.Build.0 = Debug|Any CPU
		{B3FD0C95-1972-4B3B-A645-E70F4A698A12}.Debug|x86.ActiveCfg = Debug|x86
		{B3FD0C95-1972-4B3B-A645-E70F4A698A12}.Debug|x86.Build.0 = Debug|x86
		{B3FD0C95-1972-4B3B-A645-E70F4A698A12}.Release|Any CPU.ActiveCfg = Release|Any CPU
		{B3FD0C95-1972-4B3B-A645-E70F4A698A12}.Release|Any CPU.Build.0 = Release|Any CPU
		{B3FD0C95-1972-4B3B-A645-E70F4A698A12}.Release|x86.ActiveCfg = Release|x86
		{B3FD0C95-1972-4B3B-A645-E70F4A698A12}.Release|x86.Build.0 = Release|x86
		{B6FDCF19-8B47-4216-B747-52210A859E55}.Debug|Any CPU.ActiveCfg = Debug|Any CPU
		{B6FDCF19-8B47-4216-B747-52210A859E55}.Debug|Any CPU.Build.0 = Debug|Any CPU
		{B6FDCF19-8B47-4216-B747-52210A859E55}.Debug|x86.ActiveCfg = Debug|x86
		{B6FDCF19-8B47-4216-B747-52210A859E55}.Debug|x86.Build.0 = Debug|x86
		{B6FDCF19-8B47-4216-B747-52210A859E55}.Release|Any CPU.ActiveCfg = Release|Any CPU
		{B6FDCF19-8B47-4216-B747-52210A859E55}.Release|Any CPU.Build.0 = Release|Any CPU
		{B6FDCF19-8B47-4216-B747-52210A859E55}.Release|x86.ActiveCfg = Release|x86
		{B6FDCF19-8B47-4216-B747-52210A859E55}.Release|x86.Build.0 = Release|x86
		{B33E1CD8-9A79-4DB5-8A0A-180EE179CE8D}.Debug|Any CPU.ActiveCfg = Debug|Any CPU
		{B33E1CD8-9A79-4DB5-8A0A-180EE179CE8D}.Debug|Any CPU.Build.0 = Debug|Any CPU
		{B33E1CD8-9A79-4DB5-8A0A-180EE179CE8D}.Debug|x86.ActiveCfg = Debug|x86
		{B33E1CD8-9A79-4DB5-8A0A-180EE179CE8D}.Debug|x86.Build.0 = Debug|x86
		{B33E1CD8-9A79-4DB5-8A0A-180EE179CE8D}.Release|Any CPU.ActiveCfg = Release|Any CPU
		{B33E1CD8-9A79-4DB5-8A0A-180EE179CE8D}.Release|Any CPU.Build.0 = Release|Any CPU
		{B33E1CD8-9A79-4DB5-8A0A-180EE179CE8D}.Release|x86.ActiveCfg = Release|x86
		{B33E1CD8-9A79-4DB5-8A0A-180EE179CE8D}.Release|x86.Build.0 = Release|x86
		{C5043EE7-3FAB-40F7-B42E-6FE1D0DB50BA}.Debug|Any CPU.ActiveCfg = Debug|Any CPU
		{C5043EE7-3FAB-40F7-B42E-6FE1D0DB50BA}.Debug|Any CPU.Build.0 = Debug|Any CPU
		{C5043EE7-3FAB-40F7-B42E-6FE1D0DB50BA}.Debug|x86.ActiveCfg = Debug|x86
		{C5043EE7-3FAB-40F7-B42E-6FE1D0DB50BA}.Debug|x86.Build.0 = Debug|x86
		{C5043EE7-3FAB-40F7-B42E-6FE1D0DB50BA}.Release|Any CPU.ActiveCfg = Release|Any CPU
		{C5043EE7-3FAB-40F7-B42E-6FE1D0DB50BA}.Release|Any CPU.Build.0 = Release|Any CPU
		{C5043EE7-3FAB-40F7-B42E-6FE1D0DB50BA}.Release|x86.ActiveCfg = Release|x86
		{C5043EE7-3FAB-40F7-B42E-6FE1D0DB50BA}.Release|x86.Build.0 = Release|x86
	EndGlobalSection
	GlobalSection(SolutionProperties) = preSolution
		HideSolutionNode = FALSE
	EndGlobalSection
	GlobalSection(ExtensibilityGlobals) = postSolution
		VisualSVNWorkingCopyRoot = .
	EndGlobalSection
EndGlobal
