
Microsoft Visual Studio Solution File, Format Version 12.00
# Visual Studio 2012
Project("{FAE04EC0-301F-11D3-BF4B-00C04F79EFBC}") = "INVS.INV0101U00", "INVS.INV0101U00\INVS.INV0101U00.csproj", "{7A76DDF3-4984-49BA-933B-3AE6BDB85A29}"
EndProject
Project("{FAE04EC0-301F-11D3-BF4B-00C04F79EFBC}") = "INVS.INV0101U01", "INVS.INV0101U01\INVS.INV0101U01.csproj", "{8550DE4F-331C-48B9-866F-0CCEB54145B0}"
EndProject
Project("{FAE04EC0-301F-11D3-BF4B-00C04F79EFBC}") = "INVS.INV0110Q00", "INVS.INV0110Q00\INVS.INV0110Q00.csproj", "{370091B7-9FDD-4F9F-B300-EAE15C10BFFF}"
EndProject
Project("{FAE04EC0-301F-11D3-BF4B-00C04F79EFBC}") = "INVS.INV2003U00", "INVS.INV2003U00\INVS.INV2003U00.csproj", "{583D62A2-0EA0-43C6-8CC5-53B1B8B132BF}"
	ProjectSection(ProjectDependencies) = postProject
		{8E1663E4-D2B0-4BEC-BD97-A232D8BA9C93} = {8E1663E4-D2B0-4BEC-BD97-A232D8BA9C93}
	EndProjectSection
EndProject
Project("{FAE04EC0-301F-11D3-BF4B-00C04F79EFBC}") = "INVS.INV4001U00", "INVS.INV4001U00\INVS.INV4001U00.csproj", "{458106A4-ADBF-4B2C-B709-81C98B67AE06}"
EndProject
Project("{FAE04EC0-301F-11D3-BF4B-00C04F79EFBC}") = "INVS.INV6000U00", "INVS.INV6000U00\INVS.INV6000U00.csproj", "{8B1F035F-D59A-4A91-9B37-935B28EBE080}"
EndProject
Project("{FAE04EC0-301F-11D3-BF4B-00C04F79EFBC}") = "INVS.INV6002U00", "INVS.INV6002U00\INVS.INV6002U00.csproj", "{29D43B16-3373-4DA6-A506-1E1306CE9047}"
EndProject
Project("{FAE04EC0-301F-11D3-BF4B-00C04F79EFBC}") = "INVS.Libs", "INVS.Libs\INVS.Libs.csproj", "{8E1663E4-D2B0-4BEC-BD97-A232D8BA9C93}"
EndProject
Global
	GlobalSection(SolutionConfigurationPlatforms) = preSolution
		Debug|Any CPU = Debug|Any CPU
		Debug|x64 = Debug|x64
		Debug|x86 = Debug|x86
		Release|Any CPU = Release|Any CPU
		Release|x64 = Release|x64
		Release|x86 = Release|x86
	EndGlobalSection
	GlobalSection(ProjectConfigurationPlatforms) = postSolution
		{7A76DDF3-4984-49BA-933B-3AE6BDB85A29}.Debug|Any CPU.ActiveCfg = Debug|Any CPU
		{7A76DDF3-4984-49BA-933B-3AE6BDB85A29}.Debug|Any CPU.Build.0 = Debug|Any CPU
		{7A76DDF3-4984-49BA-933B-3AE6BDB85A29}.Debug|x64.ActiveCfg = Debug|x64
		{7A76DDF3-4984-49BA-933B-3AE6BDB85A29}.Debug|x64.Build.0 = Debug|x64
		{7A76DDF3-4984-49BA-933B-3AE6BDB85A29}.Debug|x86.ActiveCfg = Debug|x86
		{7A76DDF3-4984-49BA-933B-3AE6BDB85A29}.Debug|x86.Build.0 = Debug|x86
		{7A76DDF3-4984-49BA-933B-3AE6BDB85A29}.Release|Any CPU.ActiveCfg = Release|Any CPU
		{7A76DDF3-4984-49BA-933B-3AE6BDB85A29}.Release|Any CPU.Build.0 = Release|Any CPU
		{7A76DDF3-4984-49BA-933B-3AE6BDB85A29}.Release|x64.ActiveCfg = Release|x64
		{7A76DDF3-4984-49BA-933B-3AE6BDB85A29}.Release|x64.Build.0 = Release|x64
		{7A76DDF3-4984-49BA-933B-3AE6BDB85A29}.Release|x86.ActiveCfg = Release|x86
		{7A76DDF3-4984-49BA-933B-3AE6BDB85A29}.Release|x86.Build.0 = Release|x86
		{8550DE4F-331C-48B9-866F-0CCEB54145B0}.Debug|Any CPU.ActiveCfg = Debug|Any CPU
		{8550DE4F-331C-48B9-866F-0CCEB54145B0}.Debug|Any CPU.Build.0 = Debug|Any CPU
		{8550DE4F-331C-48B9-866F-0CCEB54145B0}.Debug|x64.ActiveCfg = Debug|x64
		{8550DE4F-331C-48B9-866F-0CCEB54145B0}.Debug|x64.Build.0 = Debug|x64
		{8550DE4F-331C-48B9-866F-0CCEB54145B0}.Debug|x86.ActiveCfg = Debug|x86
		{8550DE4F-331C-48B9-866F-0CCEB54145B0}.Debug|x86.Build.0 = Debug|x86
		{8550DE4F-331C-48B9-866F-0CCEB54145B0}.Release|Any CPU.ActiveCfg = Release|Any CPU
		{8550DE4F-331C-48B9-866F-0CCEB54145B0}.Release|Any CPU.Build.0 = Release|Any CPU
		{8550DE4F-331C-48B9-866F-0CCEB54145B0}.Release|x64.ActiveCfg = Release|x64
		{8550DE4F-331C-48B9-866F-0CCEB54145B0}.Release|x64.Build.0 = Release|x64
		{8550DE4F-331C-48B9-866F-0CCEB54145B0}.Release|x86.ActiveCfg = Release|x86
		{8550DE4F-331C-48B9-866F-0CCEB54145B0}.Release|x86.Build.0 = Release|x86
		{370091B7-9FDD-4F9F-B300-EAE15C10BFFF}.Debug|Any CPU.ActiveCfg = Debug|Any CPU
		{370091B7-9FDD-4F9F-B300-EAE15C10BFFF}.Debug|Any CPU.Build.0 = Debug|Any CPU
		{370091B7-9FDD-4F9F-B300-EAE15C10BFFF}.Debug|x64.ActiveCfg = Debug|x64
		{370091B7-9FDD-4F9F-B300-EAE15C10BFFF}.Debug|x64.Build.0 = Debug|x64
		{370091B7-9FDD-4F9F-B300-EAE15C10BFFF}.Debug|x86.ActiveCfg = Debug|x86
		{370091B7-9FDD-4F9F-B300-EAE15C10BFFF}.Debug|x86.Build.0 = Debug|x86
		{370091B7-9FDD-4F9F-B300-EAE15C10BFFF}.Release|Any CPU.ActiveCfg = Release|Any CPU
		{370091B7-9FDD-4F9F-B300-EAE15C10BFFF}.Release|Any CPU.Build.0 = Release|Any CPU
		{370091B7-9FDD-4F9F-B300-EAE15C10BFFF}.Release|x64.ActiveCfg = Release|x64
		{370091B7-9FDD-4F9F-B300-EAE15C10BFFF}.Release|x64.Build.0 = Release|x64
		{370091B7-9FDD-4F9F-B300-EAE15C10BFFF}.Release|x86.ActiveCfg = Release|x86
		{370091B7-9FDD-4F9F-B300-EAE15C10BFFF}.Release|x86.Build.0 = Release|x86
		{583D62A2-0EA0-43C6-8CC5-53B1B8B132BF}.Debug|Any CPU.ActiveCfg = Debug|Any CPU
		{583D62A2-0EA0-43C6-8CC5-53B1B8B132BF}.Debug|Any CPU.Build.0 = Debug|Any CPU
		{583D62A2-0EA0-43C6-8CC5-53B1B8B132BF}.Debug|x64.ActiveCfg = Debug|x64
		{583D62A2-0EA0-43C6-8CC5-53B1B8B132BF}.Debug|x64.Build.0 = Debug|x64
		{583D62A2-0EA0-43C6-8CC5-53B1B8B132BF}.Debug|x86.ActiveCfg = Debug|x86
		{583D62A2-0EA0-43C6-8CC5-53B1B8B132BF}.Debug|x86.Build.0 = Debug|x86
		{583D62A2-0EA0-43C6-8CC5-53B1B8B132BF}.Release|Any CPU.ActiveCfg = Release|Any CPU
		{583D62A2-0EA0-43C6-8CC5-53B1B8B132BF}.Release|Any CPU.Build.0 = Release|Any CPU
		{583D62A2-0EA0-43C6-8CC5-53B1B8B132BF}.Release|x64.ActiveCfg = Release|x64
		{583D62A2-0EA0-43C6-8CC5-53B1B8B132BF}.Release|x64.Build.0 = Release|x64
		{583D62A2-0EA0-43C6-8CC5-53B1B8B132BF}.Release|x86.ActiveCfg = Release|x86
		{583D62A2-0EA0-43C6-8CC5-53B1B8B132BF}.Release|x86.Build.0 = Release|x86
		{458106A4-ADBF-4B2C-B709-81C98B67AE06}.Debug|Any CPU.ActiveCfg = Debug|Any CPU
		{458106A4-ADBF-4B2C-B709-81C98B67AE06}.Debug|Any CPU.Build.0 = Debug|Any CPU
		{458106A4-ADBF-4B2C-B709-81C98B67AE06}.Debug|x64.ActiveCfg = Debug|x64
		{458106A4-ADBF-4B2C-B709-81C98B67AE06}.Debug|x64.Build.0 = Debug|x64
		{458106A4-ADBF-4B2C-B709-81C98B67AE06}.Debug|x86.ActiveCfg = Debug|x86
		{458106A4-ADBF-4B2C-B709-81C98B67AE06}.Debug|x86.Build.0 = Debug|x86
		{458106A4-ADBF-4B2C-B709-81C98B67AE06}.Release|Any CPU.ActiveCfg = Release|Any CPU
		{458106A4-ADBF-4B2C-B709-81C98B67AE06}.Release|Any CPU.Build.0 = Release|Any CPU
		{458106A4-ADBF-4B2C-B709-81C98B67AE06}.Release|x64.ActiveCfg = Release|x64
		{458106A4-ADBF-4B2C-B709-81C98B67AE06}.Release|x64.Build.0 = Release|x64
		{458106A4-ADBF-4B2C-B709-81C98B67AE06}.Release|x86.ActiveCfg = Release|x86
		{458106A4-ADBF-4B2C-B709-81C98B67AE06}.Release|x86.Build.0 = Release|x86
		{8B1F035F-D59A-4A91-9B37-935B28EBE080}.Debug|Any CPU.ActiveCfg = Debug|Any CPU
		{8B1F035F-D59A-4A91-9B37-935B28EBE080}.Debug|Any CPU.Build.0 = Debug|Any CPU
		{8B1F035F-D59A-4A91-9B37-935B28EBE080}.Debug|x64.ActiveCfg = Debug|x86
		{8B1F035F-D59A-4A91-9B37-935B28EBE080}.Debug|x86.ActiveCfg = Debug|x86
		{8B1F035F-D59A-4A91-9B37-935B28EBE080}.Debug|x86.Build.0 = Debug|x86
		{8B1F035F-D59A-4A91-9B37-935B28EBE080}.Release|Any CPU.ActiveCfg = Release|Any CPU
		{8B1F035F-D59A-4A91-9B37-935B28EBE080}.Release|Any CPU.Build.0 = Release|Any CPU
		{8B1F035F-D59A-4A91-9B37-935B28EBE080}.Release|x64.ActiveCfg = Release|x86
		{8B1F035F-D59A-4A91-9B37-935B28EBE080}.Release|x86.ActiveCfg = Release|x86
		{8B1F035F-D59A-4A91-9B37-935B28EBE080}.Release|x86.Build.0 = Release|x86
		{29D43B16-3373-4DA6-A506-1E1306CE9047}.Debug|Any CPU.ActiveCfg = Debug|Any CPU
		{29D43B16-3373-4DA6-A506-1E1306CE9047}.Debug|Any CPU.Build.0 = Debug|Any CPU
		{29D43B16-3373-4DA6-A506-1E1306CE9047}.Debug|x64.ActiveCfg = Debug|x64
		{29D43B16-3373-4DA6-A506-1E1306CE9047}.Debug|x64.Build.0 = Debug|x64
		{29D43B16-3373-4DA6-A506-1E1306CE9047}.Debug|x86.ActiveCfg = Debug|x86
		{29D43B16-3373-4DA6-A506-1E1306CE9047}.Debug|x86.Build.0 = Debug|x86
		{29D43B16-3373-4DA6-A506-1E1306CE9047}.Release|Any CPU.ActiveCfg = Release|Any CPU
		{29D43B16-3373-4DA6-A506-1E1306CE9047}.Release|Any CPU.Build.0 = Release|Any CPU
		{29D43B16-3373-4DA6-A506-1E1306CE9047}.Release|x64.ActiveCfg = Release|x64
		{29D43B16-3373-4DA6-A506-1E1306CE9047}.Release|x64.Build.0 = Release|x64
		{29D43B16-3373-4DA6-A506-1E1306CE9047}.Release|x86.ActiveCfg = Release|x86
		{29D43B16-3373-4DA6-A506-1E1306CE9047}.Release|x86.Build.0 = Release|x86
		{8E1663E4-D2B0-4BEC-BD97-A232D8BA9C93}.Debug|Any CPU.ActiveCfg = Debug|Any CPU
		{8E1663E4-D2B0-4BEC-BD97-A232D8BA9C93}.Debug|Any CPU.Build.0 = Debug|Any CPU
		{8E1663E4-D2B0-4BEC-BD97-A232D8BA9C93}.Debug|x64.ActiveCfg = Debug|Any CPU
		{8E1663E4-D2B0-4BEC-BD97-A232D8BA9C93}.Debug|x86.ActiveCfg = Debug|x86
		{8E1663E4-D2B0-4BEC-BD97-A232D8BA9C93}.Debug|x86.Build.0 = Debug|x86
		{8E1663E4-D2B0-4BEC-BD97-A232D8BA9C93}.Release|Any CPU.ActiveCfg = Release|Any CPU
		{8E1663E4-D2B0-4BEC-BD97-A232D8BA9C93}.Release|Any CPU.Build.0 = Release|Any CPU
		{8E1663E4-D2B0-4BEC-BD97-A232D8BA9C93}.Release|x64.ActiveCfg = Release|Any CPU
		{8E1663E4-D2B0-4BEC-BD97-A232D8BA9C93}.Release|x86.ActiveCfg = Release|x86
		{8E1663E4-D2B0-4BEC-BD97-A232D8BA9C93}.Release|x86.Build.0 = Release|x86
	EndGlobalSection
	GlobalSection(SolutionProperties) = preSolution
		HideSolutionNode = FALSE
	EndGlobalSection
EndGlobal
