
Microsoft Visual Studio Solution File, Format Version 12.00
# Visual Studio 2012
Project("{FAE04EC0-301F-11D3-BF4B-00C04F79EFBC}") = "ADM103U", "ADM103U\ADM103U.csproj", "{88F2696F-D12D-4669-9499-BB41A5E3EEDE}"
EndProject
Project("{FAE04EC0-301F-11D3-BF4B-00C04F79EFBC}") = "ADM104U", "ADM104U\ADM104U.csproj", "{09BF264E-54A4-4D3A-99AF-BBAA7CE4BDD6}"
EndProject
Project("{FAE04EC0-301F-11D3-BF4B-00C04F79EFBC}") = "ADM106U", "ADM106U\ADM106U.csproj", "{A8D3B1BD-B024-43DA-ADAB-BF7B4825E00B}"
EndProject
Project("{FAE04EC0-301F-11D3-BF4B-00C04F79EFBC}") = "ADM107U", "ADM107U\ADM107U.csproj", "{40ABE714-2BD6-4F8F-A36B-DF0385471265}"
EndProject
Project("{FAE04EC0-301F-11D3-BF4B-00C04F79EFBC}") = "ADM101U", "ADM101U\ADM101U.csproj", "{4180A764-5A56-4A67-952C-8DBB6BF12846}"
EndProject
Project("{FAE04EC0-301F-11D3-BF4B-00C04F79EFBC}") = "ADM102U", "ADM102U\ADM102U.csproj", "{E2329B64-0DCC-45CE-B2B9-42D2BA1C20B4}"
EndProject
Project("{FAE04EC0-301F-11D3-BF4B-00C04F79EFBC}") = "ADM108U", "ADM108U\ADM108U.csproj", "{F4712E00-2F62-407D-A441-52E7A52BA45E}"
EndProject
Project("{FAE04EC0-301F-11D3-BF4B-00C04F79EFBC}") = "ADM201U", "ADM201U\ADM201U.csproj", "{F8AACF34-EA40-4707-AB5B-D56CAE5A7D7D}"
EndProject
Project("{FAE04EC0-301F-11D3-BF4B-00C04F79EFBC}") = "ADM401U", "ADM401U\ADM401U.csproj", "{56A990F1-29EE-46C5-9DB4-F185BE1CA282}"
EndProject
Project("{FAE04EC0-301F-11D3-BF4B-00C04F79EFBC}") = "ADM501U", "ADM501U\ADM501U.csproj", "{041A6B5C-51B7-4917-93FC-19C7050549BF}"
EndProject
Project("{FAE04EC0-301F-11D3-BF4B-00C04F79EFBC}") = "ADM502U", "ADM502U\ADM502U.csproj", "{5CFFBEC2-F277-43A3-9AA9-574D24368747}"
EndProject
Project("{FAE04EC0-301F-11D3-BF4B-00C04F79EFBC}") = "ADM601Q", "ADM601Q\ADM601Q.csproj", "{FE6ACFA6-3D5E-45D1-85BC-4A803888C50D}"
EndProject
Project("{FAE04EC0-301F-11D3-BF4B-00C04F79EFBC}") = "ADM602Q", "ADM602Q\ADM602Q.csproj", "{DE8E308D-02FC-4F64-B280-E7805A6001CA}"
EndProject
Project("{FAE04EC0-301F-11D3-BF4B-00C04F79EFBC}") = "ADM3200R00", "ADM3200R00\ADM3200R00.csproj", "{F4EDB0B8-FFAF-4172-B0D9-C7E07EA8DE98}"
EndProject
Project("{FAE04EC0-301F-11D3-BF4B-00C04F79EFBC}") = "ADMSOURCEMANAGER", "ADMSOURCEMANAGER\ADMSOURCEMANAGER\ADMSOURCEMANAGER.csproj", "{BA3A931B-1770-4D84-83CF-5A0A4EB070E4}"
EndProject
Project("{FAE04EC0-301F-11D3-BF4B-00C04F79EFBC}") = "MasterUpdate", "MASTERUPDATE\MainForm\MasterUpdate.csproj", "{AE2D3D69-F30B-4A5E-B27A-848D4575D8E3}"
EndProject
Project("{FAE04EC0-301F-11D3-BF4B-00C04F79EFBC}") = "COMSYS", "COMSYS\COMSYS.csproj", "{9BBE1EF0-1352-4DBD-8072-5166434F60DB}"
EndProject
Project("{FAE04EC0-301F-11D3-BF4B-00C04F79EFBC}") = "ADMS2015U00", "ADMS2015U00\ADMS2015U00.csproj", "{92CF70A6-5363-4894-8F04-9B2876555387}"
EndProject
Project("{FAE04EC0-301F-11D3-BF4B-00C04F79EFBC}") = "ADMS2015U01", "ADMS2015U01\ADMS2015U01.csproj", "{E39FAF26-2128-4DB5-A372-F0759A9848CB}"
EndProject
Project("{FAE04EC0-301F-11D3-BF4B-00C04F79EFBC}") = "ADM2016U00", "ADM2016U00\ADM2016U00.csproj", "{3E7CF271-0DF3-4B14-B24D-290DBF7FB718}"
EndProject
Project("{FAE04EC0-301F-11D3-BF4B-00C04F79EFBC}") = "ADMS2016U00", "ADMS2016U00\ADMS2016U00.csproj", "{18E8F3AD-C0AB-477F-9770-001D9D95AF8C}"
EndProject
Project("{FAE04EC0-301F-11D3-BF4B-00C04F79EFBC}") = "ADM104Q", "ADM104Q\ADM104Q.csproj", "{494CEDC8-37B6-4048-97F8-8C42EFA0D396}"
EndProject
Project("{2150E333-8FDC-42A3-9474-1A3956D46DE8}") = "Solution Items", "Solution Items", "{044A72EB-1FEA-4109-8637-E33B60345F74}"
	ProjectSection(SolutionItems) = preProject
		..\IHISContentsBuild.bat = ..\IHISContentsBuild.bat
	EndProjectSection
EndProject
Global
	GlobalSection(SolutionConfigurationPlatforms) = preSolution
		Debug|Any CPU = Debug|Any CPU
		Debug|x86 = Debug|x86
		Release|Any CPU = Release|Any CPU
		Release|x86 = Release|x86
	EndGlobalSection
	GlobalSection(ProjectConfigurationPlatforms) = postSolution
		{88F2696F-D12D-4669-9499-BB41A5E3EEDE}.Debug|Any CPU.ActiveCfg = Debug|Any CPU
		{88F2696F-D12D-4669-9499-BB41A5E3EEDE}.Debug|Any CPU.Build.0 = Debug|Any CPU
		{88F2696F-D12D-4669-9499-BB41A5E3EEDE}.Debug|x86.ActiveCfg = Debug|x86
		{88F2696F-D12D-4669-9499-BB41A5E3EEDE}.Debug|x86.Build.0 = Debug|x86
		{88F2696F-D12D-4669-9499-BB41A5E3EEDE}.Release|Any CPU.ActiveCfg = Release|Any CPU
		{88F2696F-D12D-4669-9499-BB41A5E3EEDE}.Release|Any CPU.Build.0 = Release|Any CPU
		{88F2696F-D12D-4669-9499-BB41A5E3EEDE}.Release|x86.ActiveCfg = Release|x86
		{88F2696F-D12D-4669-9499-BB41A5E3EEDE}.Release|x86.Build.0 = Release|x86
		{09BF264E-54A4-4D3A-99AF-BBAA7CE4BDD6}.Debug|Any CPU.ActiveCfg = Debug|Any CPU
		{09BF264E-54A4-4D3A-99AF-BBAA7CE4BDD6}.Debug|Any CPU.Build.0 = Debug|Any CPU
		{09BF264E-54A4-4D3A-99AF-BBAA7CE4BDD6}.Debug|x86.ActiveCfg = Debug|x86
		{09BF264E-54A4-4D3A-99AF-BBAA7CE4BDD6}.Debug|x86.Build.0 = Debug|x86
		{09BF264E-54A4-4D3A-99AF-BBAA7CE4BDD6}.Release|Any CPU.ActiveCfg = Release|Any CPU
		{09BF264E-54A4-4D3A-99AF-BBAA7CE4BDD6}.Release|Any CPU.Build.0 = Release|Any CPU
		{09BF264E-54A4-4D3A-99AF-BBAA7CE4BDD6}.Release|x86.ActiveCfg = Release|x86
		{09BF264E-54A4-4D3A-99AF-BBAA7CE4BDD6}.Release|x86.Build.0 = Release|x86
		{A8D3B1BD-B024-43DA-ADAB-BF7B4825E00B}.Debug|Any CPU.ActiveCfg = Debug|Any CPU
		{A8D3B1BD-B024-43DA-ADAB-BF7B4825E00B}.Debug|Any CPU.Build.0 = Debug|Any CPU
		{A8D3B1BD-B024-43DA-ADAB-BF7B4825E00B}.Debug|x86.ActiveCfg = Debug|x86
		{A8D3B1BD-B024-43DA-ADAB-BF7B4825E00B}.Debug|x86.Build.0 = Debug|x86
		{A8D3B1BD-B024-43DA-ADAB-BF7B4825E00B}.Release|Any CPU.ActiveCfg = Release|Any CPU
		{A8D3B1BD-B024-43DA-ADAB-BF7B4825E00B}.Release|Any CPU.Build.0 = Release|Any CPU
		{A8D3B1BD-B024-43DA-ADAB-BF7B4825E00B}.Release|x86.ActiveCfg = Release|x86
		{A8D3B1BD-B024-43DA-ADAB-BF7B4825E00B}.Release|x86.Build.0 = Release|x86
		{40ABE714-2BD6-4F8F-A36B-DF0385471265}.Debug|Any CPU.ActiveCfg = Debug|Any CPU
		{40ABE714-2BD6-4F8F-A36B-DF0385471265}.Debug|Any CPU.Build.0 = Debug|Any CPU
		{40ABE714-2BD6-4F8F-A36B-DF0385471265}.Debug|x86.ActiveCfg = Debug|x86
		{40ABE714-2BD6-4F8F-A36B-DF0385471265}.Debug|x86.Build.0 = Debug|x86
		{40ABE714-2BD6-4F8F-A36B-DF0385471265}.Release|Any CPU.ActiveCfg = Release|Any CPU
		{40ABE714-2BD6-4F8F-A36B-DF0385471265}.Release|Any CPU.Build.0 = Release|Any CPU
		{40ABE714-2BD6-4F8F-A36B-DF0385471265}.Release|x86.ActiveCfg = Release|x86
		{40ABE714-2BD6-4F8F-A36B-DF0385471265}.Release|x86.Build.0 = Release|x86
		{4180A764-5A56-4A67-952C-8DBB6BF12846}.Debug|Any CPU.ActiveCfg = Debug|Any CPU
		{4180A764-5A56-4A67-952C-8DBB6BF12846}.Debug|Any CPU.Build.0 = Debug|Any CPU
		{4180A764-5A56-4A67-952C-8DBB6BF12846}.Debug|x86.ActiveCfg = Debug|x86
		{4180A764-5A56-4A67-952C-8DBB6BF12846}.Debug|x86.Build.0 = Debug|x86
		{4180A764-5A56-4A67-952C-8DBB6BF12846}.Release|Any CPU.ActiveCfg = Release|Any CPU
		{4180A764-5A56-4A67-952C-8DBB6BF12846}.Release|Any CPU.Build.0 = Release|Any CPU
		{4180A764-5A56-4A67-952C-8DBB6BF12846}.Release|x86.ActiveCfg = Release|x86
		{4180A764-5A56-4A67-952C-8DBB6BF12846}.Release|x86.Build.0 = Release|x86
		{E2329B64-0DCC-45CE-B2B9-42D2BA1C20B4}.Debug|Any CPU.ActiveCfg = Debug|Any CPU
		{E2329B64-0DCC-45CE-B2B9-42D2BA1C20B4}.Debug|Any CPU.Build.0 = Debug|Any CPU
		{E2329B64-0DCC-45CE-B2B9-42D2BA1C20B4}.Debug|x86.ActiveCfg = Debug|x86
		{E2329B64-0DCC-45CE-B2B9-42D2BA1C20B4}.Debug|x86.Build.0 = Debug|x86
		{E2329B64-0DCC-45CE-B2B9-42D2BA1C20B4}.Release|Any CPU.ActiveCfg = Release|Any CPU
		{E2329B64-0DCC-45CE-B2B9-42D2BA1C20B4}.Release|Any CPU.Build.0 = Release|Any CPU
		{E2329B64-0DCC-45CE-B2B9-42D2BA1C20B4}.Release|x86.ActiveCfg = Release|x86
		{E2329B64-0DCC-45CE-B2B9-42D2BA1C20B4}.Release|x86.Build.0 = Release|x86
		{F4712E00-2F62-407D-A441-52E7A52BA45E}.Debug|Any CPU.ActiveCfg = Debug|Any CPU
		{F4712E00-2F62-407D-A441-52E7A52BA45E}.Debug|Any CPU.Build.0 = Debug|Any CPU
		{F4712E00-2F62-407D-A441-52E7A52BA45E}.Debug|x86.ActiveCfg = Debug|x86
		{F4712E00-2F62-407D-A441-52E7A52BA45E}.Debug|x86.Build.0 = Debug|x86
		{F4712E00-2F62-407D-A441-52E7A52BA45E}.Release|Any CPU.ActiveCfg = Release|Any CPU
		{F4712E00-2F62-407D-A441-52E7A52BA45E}.Release|Any CPU.Build.0 = Release|Any CPU
		{F4712E00-2F62-407D-A441-52E7A52BA45E}.Release|x86.ActiveCfg = Release|x86
		{F4712E00-2F62-407D-A441-52E7A52BA45E}.Release|x86.Build.0 = Release|x86
		{F8AACF34-EA40-4707-AB5B-D56CAE5A7D7D}.Debug|Any CPU.ActiveCfg = Debug|Any CPU
		{F8AACF34-EA40-4707-AB5B-D56CAE5A7D7D}.Debug|Any CPU.Build.0 = Debug|Any CPU
		{F8AACF34-EA40-4707-AB5B-D56CAE5A7D7D}.Debug|x86.ActiveCfg = Debug|x86
		{F8AACF34-EA40-4707-AB5B-D56CAE5A7D7D}.Debug|x86.Build.0 = Debug|x86
		{F8AACF34-EA40-4707-AB5B-D56CAE5A7D7D}.Release|Any CPU.ActiveCfg = Release|Any CPU
		{F8AACF34-EA40-4707-AB5B-D56CAE5A7D7D}.Release|Any CPU.Build.0 = Release|Any CPU
		{F8AACF34-EA40-4707-AB5B-D56CAE5A7D7D}.Release|x86.ActiveCfg = Release|x86
		{F8AACF34-EA40-4707-AB5B-D56CAE5A7D7D}.Release|x86.Build.0 = Release|x86
		{56A990F1-29EE-46C5-9DB4-F185BE1CA282}.Debug|Any CPU.ActiveCfg = Debug|Any CPU
		{56A990F1-29EE-46C5-9DB4-F185BE1CA282}.Debug|Any CPU.Build.0 = Debug|Any CPU
		{56A990F1-29EE-46C5-9DB4-F185BE1CA282}.Debug|x86.ActiveCfg = Debug|x86
		{56A990F1-29EE-46C5-9DB4-F185BE1CA282}.Debug|x86.Build.0 = Debug|x86
		{56A990F1-29EE-46C5-9DB4-F185BE1CA282}.Release|Any CPU.ActiveCfg = Release|Any CPU
		{56A990F1-29EE-46C5-9DB4-F185BE1CA282}.Release|Any CPU.Build.0 = Release|Any CPU
		{56A990F1-29EE-46C5-9DB4-F185BE1CA282}.Release|x86.ActiveCfg = Release|x86
		{56A990F1-29EE-46C5-9DB4-F185BE1CA282}.Release|x86.Build.0 = Release|x86
		{041A6B5C-51B7-4917-93FC-19C7050549BF}.Debug|Any CPU.ActiveCfg = Debug|Any CPU
		{041A6B5C-51B7-4917-93FC-19C7050549BF}.Debug|Any CPU.Build.0 = Debug|Any CPU
		{041A6B5C-51B7-4917-93FC-19C7050549BF}.Debug|x86.ActiveCfg = Debug|x86
		{041A6B5C-51B7-4917-93FC-19C7050549BF}.Debug|x86.Build.0 = Debug|x86
		{041A6B5C-51B7-4917-93FC-19C7050549BF}.Release|Any CPU.ActiveCfg = Release|Any CPU
		{041A6B5C-51B7-4917-93FC-19C7050549BF}.Release|Any CPU.Build.0 = Release|Any CPU
		{041A6B5C-51B7-4917-93FC-19C7050549BF}.Release|x86.ActiveCfg = Release|x86
		{041A6B5C-51B7-4917-93FC-19C7050549BF}.Release|x86.Build.0 = Release|x86
		{5CFFBEC2-F277-43A3-9AA9-574D24368747}.Debug|Any CPU.ActiveCfg = Debug|Any CPU
		{5CFFBEC2-F277-43A3-9AA9-574D24368747}.Debug|Any CPU.Build.0 = Debug|Any CPU
		{5CFFBEC2-F277-43A3-9AA9-574D24368747}.Debug|x86.ActiveCfg = Debug|x86
		{5CFFBEC2-F277-43A3-9AA9-574D24368747}.Debug|x86.Build.0 = Debug|x86
		{5CFFBEC2-F277-43A3-9AA9-574D24368747}.Release|Any CPU.ActiveCfg = Release|Any CPU
		{5CFFBEC2-F277-43A3-9AA9-574D24368747}.Release|Any CPU.Build.0 = Release|Any CPU
		{5CFFBEC2-F277-43A3-9AA9-574D24368747}.Release|x86.ActiveCfg = Release|x86
		{5CFFBEC2-F277-43A3-9AA9-574D24368747}.Release|x86.Build.0 = Release|x86
		{FE6ACFA6-3D5E-45D1-85BC-4A803888C50D}.Debug|Any CPU.ActiveCfg = Debug|Any CPU
		{FE6ACFA6-3D5E-45D1-85BC-4A803888C50D}.Debug|Any CPU.Build.0 = Debug|Any CPU
		{FE6ACFA6-3D5E-45D1-85BC-4A803888C50D}.Debug|x86.ActiveCfg = Debug|x86
		{FE6ACFA6-3D5E-45D1-85BC-4A803888C50D}.Debug|x86.Build.0 = Debug|x86
		{FE6ACFA6-3D5E-45D1-85BC-4A803888C50D}.Release|Any CPU.ActiveCfg = Release|Any CPU
		{FE6ACFA6-3D5E-45D1-85BC-4A803888C50D}.Release|Any CPU.Build.0 = Release|Any CPU
		{FE6ACFA6-3D5E-45D1-85BC-4A803888C50D}.Release|x86.ActiveCfg = Release|x86
		{FE6ACFA6-3D5E-45D1-85BC-4A803888C50D}.Release|x86.Build.0 = Release|x86
		{DE8E308D-02FC-4F64-B280-E7805A6001CA}.Debug|Any CPU.ActiveCfg = Debug|Any CPU
		{DE8E308D-02FC-4F64-B280-E7805A6001CA}.Debug|Any CPU.Build.0 = Debug|Any CPU
		{DE8E308D-02FC-4F64-B280-E7805A6001CA}.Debug|x86.ActiveCfg = Debug|x86
		{DE8E308D-02FC-4F64-B280-E7805A6001CA}.Debug|x86.Build.0 = Debug|x86
		{DE8E308D-02FC-4F64-B280-E7805A6001CA}.Release|Any CPU.ActiveCfg = Release|Any CPU
		{DE8E308D-02FC-4F64-B280-E7805A6001CA}.Release|Any CPU.Build.0 = Release|Any CPU
		{DE8E308D-02FC-4F64-B280-E7805A6001CA}.Release|x86.ActiveCfg = Release|x86
		{DE8E308D-02FC-4F64-B280-E7805A6001CA}.Release|x86.Build.0 = Release|x86
		{F4EDB0B8-FFAF-4172-B0D9-C7E07EA8DE98}.Debug|Any CPU.ActiveCfg = Debug|Any CPU
		{F4EDB0B8-FFAF-4172-B0D9-C7E07EA8DE98}.Debug|Any CPU.Build.0 = Debug|Any CPU
		{F4EDB0B8-FFAF-4172-B0D9-C7E07EA8DE98}.Debug|x86.ActiveCfg = Debug|x86
		{F4EDB0B8-FFAF-4172-B0D9-C7E07EA8DE98}.Debug|x86.Build.0 = Debug|x86
		{F4EDB0B8-FFAF-4172-B0D9-C7E07EA8DE98}.Release|Any CPU.ActiveCfg = Release|Any CPU
		{F4EDB0B8-FFAF-4172-B0D9-C7E07EA8DE98}.Release|Any CPU.Build.0 = Release|Any CPU
		{F4EDB0B8-FFAF-4172-B0D9-C7E07EA8DE98}.Release|x86.ActiveCfg = Release|x86
		{F4EDB0B8-FFAF-4172-B0D9-C7E07EA8DE98}.Release|x86.Build.0 = Release|x86
		{BA3A931B-1770-4D84-83CF-5A0A4EB070E4}.Debug|Any CPU.ActiveCfg = Debug|Any CPU
		{BA3A931B-1770-4D84-83CF-5A0A4EB070E4}.Debug|Any CPU.Build.0 = Debug|Any CPU
		{BA3A931B-1770-4D84-83CF-5A0A4EB070E4}.Debug|x86.ActiveCfg = Debug|x86
		{BA3A931B-1770-4D84-83CF-5A0A4EB070E4}.Debug|x86.Build.0 = Debug|x86
		{BA3A931B-1770-4D84-83CF-5A0A4EB070E4}.Release|Any CPU.ActiveCfg = Release|Any CPU
		{BA3A931B-1770-4D84-83CF-5A0A4EB070E4}.Release|Any CPU.Build.0 = Release|Any CPU
		{BA3A931B-1770-4D84-83CF-5A0A4EB070E4}.Release|x86.ActiveCfg = Release|x86
		{BA3A931B-1770-4D84-83CF-5A0A4EB070E4}.Release|x86.Build.0 = Release|x86
		{AE2D3D69-F30B-4A5E-B27A-848D4575D8E3}.Debug|Any CPU.ActiveCfg = Debug|Any CPU
		{AE2D3D69-F30B-4A5E-B27A-848D4575D8E3}.Debug|Any CPU.Build.0 = Debug|Any CPU
		{AE2D3D69-F30B-4A5E-B27A-848D4575D8E3}.Debug|x86.ActiveCfg = Debug|x86
		{AE2D3D69-F30B-4A5E-B27A-848D4575D8E3}.Debug|x86.Build.0 = Debug|x86
		{AE2D3D69-F30B-4A5E-B27A-848D4575D8E3}.Release|Any CPU.ActiveCfg = Release|Any CPU
		{AE2D3D69-F30B-4A5E-B27A-848D4575D8E3}.Release|Any CPU.Build.0 = Release|Any CPU
		{AE2D3D69-F30B-4A5E-B27A-848D4575D8E3}.Release|x86.ActiveCfg = Release|x86
		{AE2D3D69-F30B-4A5E-B27A-848D4575D8E3}.Release|x86.Build.0 = Release|x86
		{9BBE1EF0-1352-4DBD-8072-5166434F60DB}.Debug|Any CPU.ActiveCfg = Debug|Any CPU
		{9BBE1EF0-1352-4DBD-8072-5166434F60DB}.Debug|Any CPU.Build.0 = Debug|Any CPU
		{9BBE1EF0-1352-4DBD-8072-5166434F60DB}.Debug|x86.ActiveCfg = Debug|x86
		{9BBE1EF0-1352-4DBD-8072-5166434F60DB}.Debug|x86.Build.0 = Debug|x86
		{9BBE1EF0-1352-4DBD-8072-5166434F60DB}.Release|Any CPU.ActiveCfg = Release|Any CPU
		{9BBE1EF0-1352-4DBD-8072-5166434F60DB}.Release|Any CPU.Build.0 = Release|Any CPU
		{9BBE1EF0-1352-4DBD-8072-5166434F60DB}.Release|x86.ActiveCfg = Release|x86
		{9BBE1EF0-1352-4DBD-8072-5166434F60DB}.Release|x86.Build.0 = Release|x86
		{92CF70A6-5363-4894-8F04-9B2876555387}.Debug|Any CPU.ActiveCfg = Debug|Any CPU
		{92CF70A6-5363-4894-8F04-9B2876555387}.Debug|Any CPU.Build.0 = Debug|Any CPU
		{92CF70A6-5363-4894-8F04-9B2876555387}.Debug|x86.ActiveCfg = Debug|x86
		{92CF70A6-5363-4894-8F04-9B2876555387}.Debug|x86.Build.0 = Debug|x86
		{92CF70A6-5363-4894-8F04-9B2876555387}.Release|Any CPU.ActiveCfg = Release|Any CPU
		{92CF70A6-5363-4894-8F04-9B2876555387}.Release|Any CPU.Build.0 = Release|Any CPU
		{92CF70A6-5363-4894-8F04-9B2876555387}.Release|x86.ActiveCfg = Release|x86
		{92CF70A6-5363-4894-8F04-9B2876555387}.Release|x86.Build.0 = Release|x86
		{E39FAF26-2128-4DB5-A372-F0759A9848CB}.Debug|Any CPU.ActiveCfg = Debug|Any CPU
		{E39FAF26-2128-4DB5-A372-F0759A9848CB}.Debug|Any CPU.Build.0 = Debug|Any CPU
		{E39FAF26-2128-4DB5-A372-F0759A9848CB}.Debug|x86.ActiveCfg = Debug|x86
		{E39FAF26-2128-4DB5-A372-F0759A9848CB}.Debug|x86.Build.0 = Debug|x86
		{E39FAF26-2128-4DB5-A372-F0759A9848CB}.Release|Any CPU.ActiveCfg = Release|Any CPU
		{E39FAF26-2128-4DB5-A372-F0759A9848CB}.Release|Any CPU.Build.0 = Release|Any CPU
		{E39FAF26-2128-4DB5-A372-F0759A9848CB}.Release|x86.ActiveCfg = Release|x86
		{E39FAF26-2128-4DB5-A372-F0759A9848CB}.Release|x86.Build.0 = Release|x86
		{3E7CF271-0DF3-4B14-B24D-290DBF7FB718}.Debug|Any CPU.ActiveCfg = Debug|Any CPU
		{3E7CF271-0DF3-4B14-B24D-290DBF7FB718}.Debug|Any CPU.Build.0 = Debug|Any CPU
		{3E7CF271-0DF3-4B14-B24D-290DBF7FB718}.Debug|x86.ActiveCfg = Debug|x86
		{3E7CF271-0DF3-4B14-B24D-290DBF7FB718}.Debug|x86.Build.0 = Debug|x86
		{3E7CF271-0DF3-4B14-B24D-290DBF7FB718}.Release|Any CPU.ActiveCfg = Release|Any CPU
		{3E7CF271-0DF3-4B14-B24D-290DBF7FB718}.Release|Any CPU.Build.0 = Release|Any CPU
		{3E7CF271-0DF3-4B14-B24D-290DBF7FB718}.Release|x86.ActiveCfg = Release|x86
		{3E7CF271-0DF3-4B14-B24D-290DBF7FB718}.Release|x86.Build.0 = Release|x86
		{18E8F3AD-C0AB-477F-9770-001D9D95AF8C}.Debug|Any CPU.ActiveCfg = Debug|Any CPU
		{18E8F3AD-C0AB-477F-9770-001D9D95AF8C}.Debug|Any CPU.Build.0 = Debug|Any CPU
		{18E8F3AD-C0AB-477F-9770-001D9D95AF8C}.Debug|x86.ActiveCfg = Debug|x86
		{18E8F3AD-C0AB-477F-9770-001D9D95AF8C}.Debug|x86.Build.0 = Debug|x86
		{18E8F3AD-C0AB-477F-9770-001D9D95AF8C}.Release|Any CPU.ActiveCfg = Release|Any CPU
		{18E8F3AD-C0AB-477F-9770-001D9D95AF8C}.Release|Any CPU.Build.0 = Release|Any CPU
		{18E8F3AD-C0AB-477F-9770-001D9D95AF8C}.Release|x86.ActiveCfg = Release|x86
		{18E8F3AD-C0AB-477F-9770-001D9D95AF8C}.Release|x86.Build.0 = Release|x86
		{494CEDC8-37B6-4048-97F8-8C42EFA0D396}.Debug|Any CPU.ActiveCfg = Debug|Any CPU
		{494CEDC8-37B6-4048-97F8-8C42EFA0D396}.Debug|Any CPU.Build.0 = Debug|Any CPU
		{494CEDC8-37B6-4048-97F8-8C42EFA0D396}.Debug|x86.ActiveCfg = Debug|x86
		{494CEDC8-37B6-4048-97F8-8C42EFA0D396}.Debug|x86.Build.0 = Debug|x86
		{494CEDC8-37B6-4048-97F8-8C42EFA0D396}.Release|Any CPU.ActiveCfg = Release|Any CPU
		{494CEDC8-37B6-4048-97F8-8C42EFA0D396}.Release|Any CPU.Build.0 = Release|Any CPU
		{494CEDC8-37B6-4048-97F8-8C42EFA0D396}.Release|x86.ActiveCfg = Release|x86
		{494CEDC8-37B6-4048-97F8-8C42EFA0D396}.Release|x86.Build.0 = Release|x86
	EndGlobalSection
	GlobalSection(SolutionProperties) = preSolution
		HideSolutionNode = FALSE
	EndGlobalSection
	GlobalSection(ExtensibilityGlobals) = postSolution
		VisualSVNWorkingCopyRoot = .
	EndGlobalSection
EndGlobal
