
Microsoft Visual Studio Solution File, Format Version 12.00
# Visual Studio 2012
Project("{FAE04EC0-301F-11D3-BF4B-00C04F79EFBC}") = "PFE0101U00", "PFE0101U00\PFE0101U00.csproj", "{5358C9FD-DC07-476E-84D8-0C45CB1C783A}"
EndProject
Project("{FAE04EC0-301F-11D3-BF4B-00C04F79EFBC}") = "PFE0101U01", "PFE0101U01\PFE0101U01.csproj", "{4D22D96D-AC18-4881-B1CB-FA0D94DD22C0}"
EndProject
Project("{FAE04EC0-301F-11D3-BF4B-00C04F79EFBC}") = "PFE7001Q01", "PFE7001Q01\PFE7001Q01.csproj", "{2FF22D43-7779-44F1-8922-8ED5C5ACD83B}"
EndProject
Project("{FAE04EC0-301F-11D3-BF4B-00C04F79EFBC}") = "PFE7001Q02", "PFE7001Q02\PFE7001Q02.csproj", "{6166125D-B381-494D-B131-868871E57CEE}"
EndProject
Global
	GlobalSection(SolutionConfigurationPlatforms) = preSolution
		Debug|Any CPU = Debug|Any CPU
		Debug|x86 = Debug|x86
		Release|Any CPU = Release|Any CPU
		Release|x86 = Release|x86
	EndGlobalSection
	GlobalSection(ProjectConfigurationPlatforms) = postSolution
		{5358C9FD-DC07-476E-84D8-0C45CB1C783A}.Debug|Any CPU.ActiveCfg = Debug|x86
		{5358C9FD-DC07-476E-84D8-0C45CB1C783A}.Debug|Any CPU.Build.0 = Debug|x86
		{5358C9FD-DC07-476E-84D8-0C45CB1C783A}.Debug|x86.ActiveCfg = Debug|x86
		{5358C9FD-DC07-476E-84D8-0C45CB1C783A}.Debug|x86.Build.0 = Debug|x86
		{5358C9FD-DC07-476E-84D8-0C45CB1C783A}.Release|Any CPU.ActiveCfg = Release|Any CPU
		{5358C9FD-DC07-476E-84D8-0C45CB1C783A}.Release|Any CPU.Build.0 = Release|Any CPU
		{5358C9FD-DC07-476E-84D8-0C45CB1C783A}.Release|x86.ActiveCfg = Release|Any CPU
		{5358C9FD-DC07-476E-84D8-0C45CB1C783A}.Release|x86.Build.0 = Release|Any CPU
		{4D22D96D-AC18-4881-B1CB-FA0D94DD22C0}.Debug|Any CPU.ActiveCfg = Debug|x86
		{4D22D96D-AC18-4881-B1CB-FA0D94DD22C0}.Debug|Any CPU.Build.0 = Debug|x86
		{4D22D96D-AC18-4881-B1CB-FA0D94DD22C0}.Debug|x86.ActiveCfg = Debug|x86
		{4D22D96D-AC18-4881-B1CB-FA0D94DD22C0}.Debug|x86.Build.0 = Debug|x86
		{4D22D96D-AC18-4881-B1CB-FA0D94DD22C0}.Release|Any CPU.ActiveCfg = Release|Any CPU
		{4D22D96D-AC18-4881-B1CB-FA0D94DD22C0}.Release|Any CPU.Build.0 = Release|Any CPU
		{4D22D96D-AC18-4881-B1CB-FA0D94DD22C0}.Release|x86.ActiveCfg = Release|Any CPU
		{4D22D96D-AC18-4881-B1CB-FA0D94DD22C0}.Release|x86.Build.0 = Release|Any CPU
		{2FF22D43-7779-44F1-8922-8ED5C5ACD83B}.Debug|Any CPU.ActiveCfg = Debug|x86
		{2FF22D43-7779-44F1-8922-8ED5C5ACD83B}.Debug|Any CPU.Build.0 = Debug|x86
		{2FF22D43-7779-44F1-8922-8ED5C5ACD83B}.Debug|x86.ActiveCfg = Debug|x86
		{2FF22D43-7779-44F1-8922-8ED5C5ACD83B}.Debug|x86.Build.0 = Debug|x86
		{2FF22D43-7779-44F1-8922-8ED5C5ACD83B}.Release|Any CPU.ActiveCfg = Release|Any CPU
		{2FF22D43-7779-44F1-8922-8ED5C5ACD83B}.Release|Any CPU.Build.0 = Release|Any CPU
		{2FF22D43-7779-44F1-8922-8ED5C5ACD83B}.Release|x86.ActiveCfg = Release|Any CPU
		{2FF22D43-7779-44F1-8922-8ED5C5ACD83B}.Release|x86.Build.0 = Release|Any CPU
		{6166125D-B381-494D-B131-868871E57CEE}.Debug|Any CPU.ActiveCfg = Debug|x86
		{6166125D-B381-494D-B131-868871E57CEE}.Debug|Any CPU.Build.0 = Debug|x86
		{6166125D-B381-494D-B131-868871E57CEE}.Debug|x86.ActiveCfg = Debug|x86
		{6166125D-B381-494D-B131-868871E57CEE}.Debug|x86.Build.0 = Debug|x86
		{6166125D-B381-494D-B131-868871E57CEE}.Release|Any CPU.ActiveCfg = Release|Any CPU
		{6166125D-B381-494D-B131-868871E57CEE}.Release|Any CPU.Build.0 = Release|Any CPU
		{6166125D-B381-494D-B131-868871E57CEE}.Release|x86.ActiveCfg = Release|Any CPU
		{6166125D-B381-494D-B131-868871E57CEE}.Release|x86.Build.0 = Release|Any CPU
	EndGlobalSection
	GlobalSection(SolutionProperties) = preSolution
		HideSolutionNode = FALSE
	EndGlobalSection
	GlobalSection(ExtensibilityGlobals) = postSolution
		VisualSVNWorkingCopyRoot = .
	EndGlobalSection
EndGlobal
