
Microsoft Visual Studio Solution File, Format Version 12.00
# Visual Studio 2012
Project("{FAE04EC0-301F-11D3-BF4B-00C04F79EFBC}") = "CHT0110U00", "CHT0110U00\CHT0110U00.csproj", "{264A9EED-8380-4188-AF71-373D37946307}"
EndProject
Project("{FAE04EC0-301F-11D3-BF4B-00C04F79EFBC}") = "CHT0113Q00", "CHT0113Q00\CHT0113Q00.csproj", "{B8D206A2-7A94-4DDC-9D2D-985D8285D557}"
EndProject
Project("{FAE04EC0-301F-11D3-BF4B-00C04F79EFBC}") = "CHT0115Q01", "CHT0115Q01\CHT0115Q01.csproj", "{5955A8E7-C702-42A3-AC37-B1A7B6A43D45}"
EndProject
Project("{FAE04EC0-301F-11D3-BF4B-00C04F79EFBC}") = "CHT0117U00", "CHT0117U00\CHT0117U00.csproj", "{8F5F5563-018B-41C1-8BE8-CBA5C810B0EF}"
EndProject
Project("{FAE04EC0-301F-11D3-BF4B-00C04F79EFBC}") = "CHTS.CHT0115Q00", "CHTS.CHT0115Q00\CHTS.CHT0115Q00.csproj", "{B248A8FF-12F8-45AA-BD74-D0752C61C063}"
EndProject
Project("{FAE04EC0-301F-11D3-BF4B-00C04F79EFBC}") = "CHTS.CHT0117Q00", "CHTS.CHT0117Q00\CHTS.CHT0117Q00.csproj", "{28554B37-68AA-40A7-B966-8BB323FF26F8}"
EndProject
Project("{FAE04EC0-301F-11D3-BF4B-00C04F79EFBC}") = "CHT0110Q01", "CHT0110Q01\CHT0110Q01.csproj", "{7DDC6A32-4DCB-49BB-9F91-C6508D64F910}"
EndProject
Global
	GlobalSection(SolutionConfigurationPlatforms) = preSolution
		Debug|Any CPU = Debug|Any CPU
		Debug|x86 = Debug|x86
		Release|Any CPU = Release|Any CPU
		Release|x86 = Release|x86
	EndGlobalSection
	GlobalSection(ProjectConfigurationPlatforms) = postSolution
		{264A9EED-8380-4188-AF71-373D37946307}.Debug|Any CPU.ActiveCfg = Debug|Any CPU
		{264A9EED-8380-4188-AF71-373D37946307}.Debug|Any CPU.Build.0 = Debug|Any CPU
		{264A9EED-8380-4188-AF71-373D37946307}.Debug|x86.ActiveCfg = Debug|x86
		{264A9EED-8380-4188-AF71-373D37946307}.Debug|x86.Build.0 = Debug|x86
		{264A9EED-8380-4188-AF71-373D37946307}.Release|Any CPU.ActiveCfg = Release|Any CPU
		{264A9EED-8380-4188-AF71-373D37946307}.Release|Any CPU.Build.0 = Release|Any CPU
		{264A9EED-8380-4188-AF71-373D37946307}.Release|x86.ActiveCfg = Release|x86
		{264A9EED-8380-4188-AF71-373D37946307}.Release|x86.Build.0 = Release|x86
		{B8D206A2-7A94-4DDC-9D2D-985D8285D557}.Debug|Any CPU.ActiveCfg = Debug|Any CPU
		{B8D206A2-7A94-4DDC-9D2D-985D8285D557}.Debug|Any CPU.Build.0 = Debug|Any CPU
		{B8D206A2-7A94-4DDC-9D2D-985D8285D557}.Debug|x86.ActiveCfg = Debug|x86
		{B8D206A2-7A94-4DDC-9D2D-985D8285D557}.Debug|x86.Build.0 = Debug|x86
		{B8D206A2-7A94-4DDC-9D2D-985D8285D557}.Release|Any CPU.ActiveCfg = Release|Any CPU
		{B8D206A2-7A94-4DDC-9D2D-985D8285D557}.Release|Any CPU.Build.0 = Release|Any CPU
		{B8D206A2-7A94-4DDC-9D2D-985D8285D557}.Release|x86.ActiveCfg = Release|x86
		{B8D206A2-7A94-4DDC-9D2D-985D8285D557}.Release|x86.Build.0 = Release|x86
		{5955A8E7-C702-42A3-AC37-B1A7B6A43D45}.Debug|Any CPU.ActiveCfg = Debug|Any CPU
		{5955A8E7-C702-42A3-AC37-B1A7B6A43D45}.Debug|Any CPU.Build.0 = Debug|Any CPU
		{5955A8E7-C702-42A3-AC37-B1A7B6A43D45}.Debug|x86.ActiveCfg = Debug|x86
		{5955A8E7-C702-42A3-AC37-B1A7B6A43D45}.Debug|x86.Build.0 = Debug|x86
		{5955A8E7-C702-42A3-AC37-B1A7B6A43D45}.Release|Any CPU.ActiveCfg = Release|Any CPU
		{5955A8E7-C702-42A3-AC37-B1A7B6A43D45}.Release|Any CPU.Build.0 = Release|Any CPU
		{5955A8E7-C702-42A3-AC37-B1A7B6A43D45}.Release|x86.ActiveCfg = Release|x86
		{5955A8E7-C702-42A3-AC37-B1A7B6A43D45}.Release|x86.Build.0 = Release|x86
		{8F5F5563-018B-41C1-8BE8-CBA5C810B0EF}.Debug|Any CPU.ActiveCfg = Debug|Any CPU
		{8F5F5563-018B-41C1-8BE8-CBA5C810B0EF}.Debug|Any CPU.Build.0 = Debug|Any CPU
		{8F5F5563-018B-41C1-8BE8-CBA5C810B0EF}.Debug|x86.ActiveCfg = Debug|x86
		{8F5F5563-018B-41C1-8BE8-CBA5C810B0EF}.Debug|x86.Build.0 = Debug|x86
		{8F5F5563-018B-41C1-8BE8-CBA5C810B0EF}.Release|Any CPU.ActiveCfg = Release|Any CPU
		{8F5F5563-018B-41C1-8BE8-CBA5C810B0EF}.Release|Any CPU.Build.0 = Release|Any CPU
		{8F5F5563-018B-41C1-8BE8-CBA5C810B0EF}.Release|x86.ActiveCfg = Release|x86
		{8F5F5563-018B-41C1-8BE8-CBA5C810B0EF}.Release|x86.Build.0 = Release|x86
		{B248A8FF-12F8-45AA-BD74-D0752C61C063}.Debug|Any CPU.ActiveCfg = Debug|Any CPU
		{B248A8FF-12F8-45AA-BD74-D0752C61C063}.Debug|Any CPU.Build.0 = Debug|Any CPU
		{B248A8FF-12F8-45AA-BD74-D0752C61C063}.Debug|x86.ActiveCfg = Debug|x86
		{B248A8FF-12F8-45AA-BD74-D0752C61C063}.Debug|x86.Build.0 = Debug|x86
		{B248A8FF-12F8-45AA-BD74-D0752C61C063}.Release|Any CPU.ActiveCfg = Release|Any CPU
		{B248A8FF-12F8-45AA-BD74-D0752C61C063}.Release|Any CPU.Build.0 = Release|Any CPU
		{B248A8FF-12F8-45AA-BD74-D0752C61C063}.Release|x86.ActiveCfg = Release|x86
		{B248A8FF-12F8-45AA-BD74-D0752C61C063}.Release|x86.Build.0 = Release|x86
		{28554B37-68AA-40A7-B966-8BB323FF26F8}.Debug|Any CPU.ActiveCfg = Debug|Any CPU
		{28554B37-68AA-40A7-B966-8BB323FF26F8}.Debug|Any CPU.Build.0 = Debug|Any CPU
		{28554B37-68AA-40A7-B966-8BB323FF26F8}.Debug|x86.ActiveCfg = Debug|x86
		{28554B37-68AA-40A7-B966-8BB323FF26F8}.Debug|x86.Build.0 = Debug|x86
		{28554B37-68AA-40A7-B966-8BB323FF26F8}.Release|Any CPU.ActiveCfg = Release|Any CPU
		{28554B37-68AA-40A7-B966-8BB323FF26F8}.Release|Any CPU.Build.0 = Release|Any CPU
		{28554B37-68AA-40A7-B966-8BB323FF26F8}.Release|x86.ActiveCfg = Release|x86
		{28554B37-68AA-40A7-B966-8BB323FF26F8}.Release|x86.Build.0 = Release|x86
		{7DDC6A32-4DCB-49BB-9F91-C6508D64F910}.Debug|Any CPU.ActiveCfg = Debug|Any CPU
		{7DDC6A32-4DCB-49BB-9F91-C6508D64F910}.Debug|Any CPU.Build.0 = Debug|Any CPU
		{7DDC6A32-4DCB-49BB-9F91-C6508D64F910}.Debug|x86.ActiveCfg = Debug|x86
		{7DDC6A32-4DCB-49BB-9F91-C6508D64F910}.Debug|x86.Build.0 = Debug|x86
		{7DDC6A32-4DCB-49BB-9F91-C6508D64F910}.Release|Any CPU.ActiveCfg = Release|Any CPU
		{7DDC6A32-4DCB-49BB-9F91-C6508D64F910}.Release|Any CPU.Build.0 = Release|Any CPU
		{7DDC6A32-4DCB-49BB-9F91-C6508D64F910}.Release|x86.ActiveCfg = Release|x86
		{7DDC6A32-4DCB-49BB-9F91-C6508D64F910}.Release|x86.Build.0 = Release|x86
	EndGlobalSection
	GlobalSection(SolutionProperties) = preSolution
		HideSolutionNode = FALSE
	EndGlobalSection
	GlobalSection(ExtensibilityGlobals) = postSolution
		VisualSVNWorkingCopyRoot = .
	EndGlobalSection
EndGlobal
