
Microsoft Visual Studio Solution File, Format Version 12.00
# Visual Studio 2012
Project("{FAE04EC0-301F-11D3-BF4B-00C04F79EFBC}") = "BAS0110U00", "BAS0110U00_button\BAS0110U00.csproj", "{2190A619-71FA-454E-80F4-F4FCD0C45E03}"
EndProject
Project("{FAE04EC0-301F-11D3-BF4B-00C04F79EFBC}") = "BAS0210U00", "BAS0210U00_button\BAS0210U00.csproj", "{C9441969-9F98-4AF7-9AAE-329CE5AFC14F}"
EndProject
Project("{FAE04EC0-301F-11D3-BF4B-00C04F79EFBC}") = "BAS0230U00", "BAS0230U00_button\BAS0230U00.csproj", "{2DEB8B48-B9CE-4025-8CC9-BB05E978B062}"
EndProject
Project("{FAE04EC0-301F-11D3-BF4B-00C04F79EFBC}") = "BAS0310U00", "BAS0310U00_button\BAS0310U00.csproj", "{7BE16B8F-1967-418A-A162-2199F6D76FA1}"
EndProject
Project("{FAE04EC0-301F-11D3-BF4B-00C04F79EFBC}") = "BAS0312U00", "BAS0312U00\BAS0312U00.csproj", "{51148449-D583-4726-A522-6DC33FFE8A68}"
EndProject
Project("{FAE04EC0-301F-11D3-BF4B-00C04F79EFBC}") = "BASS.BAS0001U00", "BASS.BAS0001U00\BASS.BAS0001U00.csproj", "{310047B5-255E-4876-AD6D-9270760644C6}"
EndProject
Project("{FAE04EC0-301F-11D3-BF4B-00C04F79EFBC}") = "BASS.BAS0100U00", "BASS.BAS0100U00\BASS.BAS0100U00.csproj", "{CEAD21C2-6B23-410F-9404-0B5A287A0575}"
EndProject
Project("{FAE04EC0-301F-11D3-BF4B-00C04F79EFBC}") = "BAS0101U00", "BASS.BAS0101U00\BAS0101U00.csproj", "{02D3E0AE-4FFE-4F90-8B45-01D360AB6C87}"
EndProject
Project("{FAE04EC0-301F-11D3-BF4B-00C04F79EFBC}") = "BAS0101U04", "BASS.BAS0101U04\BAS0101U04.csproj", "{2C824DAC-266C-4614-95CD-C48A845DC20B}"
EndProject
Project("{FAE04EC0-301F-11D3-BF4B-00C04F79EFBC}") = "BAS0123U00", "BASS.BAS0123U00\BAS0123U00.csproj", "{0E05C1C1-149E-4D59-B470-73788301831D}"
EndProject
Project("{FAE04EC0-301F-11D3-BF4B-00C04F79EFBC}") = "BAS0203U00", "BASS.BAS0203U00\BAS0203U00.csproj", "{8E52AC22-341C-491D-B571-090698565E3B}"
EndProject
Project("{FAE04EC0-301F-11D3-BF4B-00C04F79EFBC}") = "BAS0212U00", "BASS.BAS0212U00\BAS0212U00.csproj", "{FFD5FAF9-3CFD-4130-B7A2-0B67B311725C}"
EndProject
Project("{FAE04EC0-301F-11D3-BF4B-00C04F79EFBC}") = "BAS0250Q00", "BASS.BAS0250Q00\BAS0250Q00.csproj", "{CDE023A4-6309-4B13-BD9B-8EE79E3F403E}"
EndProject
Project("{FAE04EC0-301F-11D3-BF4B-00C04F79EFBC}") = "BAS0250U00", "BASS.BAS0250U00\BAS0250U00.csproj", "{B1AC3433-7B3A-4DF8-843C-EFCF938228AC}"
EndProject
Project("{FAE04EC0-301F-11D3-BF4B-00C04F79EFBC}") = "BAS0251U00", "BASS.BAS0251U00\BAS0251U00.csproj", "{87BFF9C9-1550-40C6-A6F4-A7456DCFE1A3}"
EndProject
Project("{FAE04EC0-301F-11D3-BF4B-00C04F79EFBC}") = "BAS0260U00", "BASS.BAS0260U00\BAS0260U00.csproj", "{9E863444-6041-41C3-94FA-E5C3C2975DCB}"
EndProject
Project("{FAE04EC0-301F-11D3-BF4B-00C04F79EFBC}") = "BAS0270U00", "BASS.BAS0270U00\BAS0270U00.csproj", "{15E64998-6E5E-4328-A7EC-D6AB3D9E1FBA}"
EndProject
Project("{FAE04EC0-301F-11D3-BF4B-00C04F79EFBC}") = "BASS.BAS0310P01", "BASS.BAS0310P01\BASS.BAS0310P01\BASS.BAS0310P01.csproj", "{B222D496-85A3-4446-BC61-956241C36CAD}"
EndProject
Project("{FAE04EC0-301F-11D3-BF4B-00C04F79EFBC}") = "BASS.BAS0319U00", "BASS.BAS0319U00\BASS.BAS0319U00.csproj", "{095F5FE4-211D-4386-B972-A6AB5628BCCC}"
EndProject
Project("{FAE04EC0-301F-11D3-BF4B-00C04F79EFBC}") = "BASS.BAS0324U00", "BASS.BAS0324U00\BASS.BAS0324U00.csproj", "{719A4163-E2D8-4184-9BEC-1801642FDE97}"
EndProject
Project("{FAE04EC0-301F-11D3-BF4B-00C04F79EFBC}") = "BASS.BAS0355U00", "BASS.BAS0355U00\BASS.BAS0355U00\BASS.BAS0355U00.csproj", "{2A18E4A0-827D-409D-9497-CBDB5F5CA196}"
EndProject
Project("{FAE04EC0-301F-11D3-BF4B-00C04F79EFBC}") = "EMR0001Q01", "BASS.EMR0001Q01\EMR0001Q01.csproj", "{1B8060F9-5375-4A73-9679-2111517ED15D}"
EndProject
Project("{FAE04EC0-301F-11D3-BF4B-00C04F79EFBC}") = "IFS0001U00", "BASS.IFS0001U00\IFS0001U00.csproj", "{BE9F5829-C28C-4CE2-8288-19EB9BDEBD09}"
EndProject
Project("{FAE04EC0-301F-11D3-BF4B-00C04F79EFBC}") = "IFS0003U00", "BASS.IFS0003U00\IFS0003U00.csproj", "{54FF9570-5DDF-493D-B74C-0E960D6A6F51}"
EndProject
Project("{FAE04EC0-301F-11D3-BF4B-00C04F79EFBC}") = "IFS0003U01", "BASS.IFS0003U01\IFS0003U01.csproj", "{7D5B87DC-3DC2-488B-88CE-445C9FB1CF14}"
EndProject
Project("{FAE04EC0-301F-11D3-BF4B-00C04F79EFBC}") = "IFS0003U02", "BASS.IFS0003U02\IFS0003U02.csproj", "{2B9EEE00-CBA7-452C-BC53-E3DDCFE6933C}"
EndProject
Project("{FAE04EC0-301F-11D3-BF4B-00C04F79EFBC}") = "IFS0003U03", "BASS.IFS0003U03\IFS0003U03.csproj", "{7BB73AD8-2F44-4F65-8B15-33574AD6E9D4}"
EndProject
Project("{FAE04EC0-301F-11D3-BF4B-00C04F79EFBC}") = "BASS.IFS0004U01", "BASS.IFS0004U01\BASS.IFS0004U01.csproj", "{0D14B055-C5D9-4ED7-BB92-EA64A68D3380}"
EndProject
Project("{FAE04EC0-301F-11D3-BF4B-00C04F79EFBC}") = "BASS.ComBiz", "BASS.Lib\BASS.ComBiz\BASS.ComBiz.csproj", "{DCC4019D-FC9E-43B5-B1CB-615CEFE13D9A}"
	ProjectSection(ProjectDependencies) = postProject
		{ECAF7622-687B-4434-B2ED-7D5BB701C8FE} = {ECAF7622-687B-4434-B2ED-7D5BB701C8FE}
	EndProjectSection
EndProject
Project("{FAE04EC0-301F-11D3-BF4B-00C04F79EFBC}") = "BASS.ComFunc", "BASS.Lib\BASS.ComFunc\BASS.ComFunc.csproj", "{ECAF7622-687B-4434-B2ED-7D5BB701C8FE}"
EndProject
Project("{FAE04EC0-301F-11D3-BF4B-00C04F79EFBC}") = "OIF0001U00", "BASS.OIF0001U00_button\OIF0001U00.csproj", "{23DBE41C-8009-4D1B-B00D-61084B1E2894}"
EndProject
Project("{FAE04EC0-301F-11D3-BF4B-00C04F79EFBC}") = "OIF0101U00", "BASS.OIF0101U00_button\OIF0101U00.csproj", "{60B88949-9EBB-4F5E-BEEF-6366DB93D015}"
EndProject
Project("{FAE04EC0-301F-11D3-BF4B-00C04F79EFBC}") = "OCSPEMRU00", "OCSPEMRU00\OCSPEMRU00.csproj", "{882FC9A3-B3CC-419D-9425-EB1C41133C94}"
EndProject
Project("{FAE04EC0-301F-11D3-BF4B-00C04F79EFBC}") = "BASS.BAS0110Q00", "BASS.BAS0110Q00\BASS.BAS0110Q00.csproj", "{4BFBBDF6-C6E5-4677-AC65-F1D61BEC5B4F}"
EndProject
Project("{FAE04EC0-301F-11D3-BF4B-00C04F79EFBC}") = "BAS0123Q00", "BASS.BAS0123Q00\BAS0123Q00.csproj", "{358CCC40-525E-4B6A-BD78-00FDF5C680C4}"
EndProject
Project("{FAE04EC0-301F-11D3-BF4B-00C04F79EFBC}") = "BASS.BAS0311Q01", "BASS.BAS0311Q01\BASS.BAS0311Q01.csproj", "{4D88FC1E-1DE0-48AA-9E48-3B4EB706AEBB}"
EndProject
Project("{FAE04EC0-301F-11D3-BF4B-00C04F79EFBC}") = "BAS0311U00", "BAS0311U00\BAS0311U00.csproj", "{8EF4FF37-ED31-4B3B-8DF1-365A4B100F15}"
EndProject
Project("{FAE04EC0-301F-11D3-BF4B-00C04F79EFBC}") = "BASS.BAS0111U00", "BASS.BAS0111U00\BASS.BAS0111U00.csproj", "{A64D7EE3-D08A-4713-A07A-CFFC7E948DAB}"
EndProject
Project("{FAE04EC0-301F-11D3-BF4B-00C04F79EFBC}") = "HOTCODEMASTER", "HOTCODEMASTER\HOTCODEMASTER.csproj", "{3292EBF4-9F4F-47EC-933E-C6FB813A24A3}"
EndProject
Project("{FAE04EC0-301F-11D3-BF4B-00C04F79EFBC}") = "BAS2015U00", "BAS2015U00\BAS2015U00.csproj", "{57168DC2-0F21-4FAA-B452-0A0257A81C01}"
EndProject
Project("{FAE04EC0-301F-11D3-BF4B-00C04F79EFBC}") = "BAS0260U01", "BAS0260U01\BAS0260U01.csproj", "{E80A8931-B0E7-452E-9F91-E5DC037A2140}"
EndProject
Global
	GlobalSection(SolutionConfigurationPlatforms) = preSolution
		Debug|Any CPU = Debug|Any CPU
		Debug|x86 = Debug|x86
		Release|Any CPU = Release|Any CPU
		Release|x86 = Release|x86
	EndGlobalSection
	GlobalSection(ProjectConfigurationPlatforms) = postSolution
		{2190A619-71FA-454E-80F4-F4FCD0C45E03}.Debug|Any CPU.ActiveCfg = Debug|Any CPU
		{2190A619-71FA-454E-80F4-F4FCD0C45E03}.Debug|Any CPU.Build.0 = Debug|Any CPU
		{2190A619-71FA-454E-80F4-F4FCD0C45E03}.Debug|x86.ActiveCfg = Debug|x86
		{2190A619-71FA-454E-80F4-F4FCD0C45E03}.Debug|x86.Build.0 = Debug|x86
		{2190A619-71FA-454E-80F4-F4FCD0C45E03}.Release|Any CPU.ActiveCfg = Release|Any CPU
		{2190A619-71FA-454E-80F4-F4FCD0C45E03}.Release|Any CPU.Build.0 = Release|Any CPU
		{2190A619-71FA-454E-80F4-F4FCD0C45E03}.Release|x86.ActiveCfg = Release|x86
		{2190A619-71FA-454E-80F4-F4FCD0C45E03}.Release|x86.Build.0 = Release|x86
		{C9441969-9F98-4AF7-9AAE-329CE5AFC14F}.Debug|Any CPU.ActiveCfg = Debug|Any CPU
		{C9441969-9F98-4AF7-9AAE-329CE5AFC14F}.Debug|Any CPU.Build.0 = Debug|Any CPU
		{C9441969-9F98-4AF7-9AAE-329CE5AFC14F}.Debug|x86.ActiveCfg = Debug|x86
		{C9441969-9F98-4AF7-9AAE-329CE5AFC14F}.Debug|x86.Build.0 = Debug|x86
		{C9441969-9F98-4AF7-9AAE-329CE5AFC14F}.Release|Any CPU.ActiveCfg = Release|Any CPU
		{C9441969-9F98-4AF7-9AAE-329CE5AFC14F}.Release|Any CPU.Build.0 = Release|Any CPU
		{C9441969-9F98-4AF7-9AAE-329CE5AFC14F}.Release|x86.ActiveCfg = Release|x86
		{C9441969-9F98-4AF7-9AAE-329CE5AFC14F}.Release|x86.Build.0 = Release|x86
		{2DEB8B48-B9CE-4025-8CC9-BB05E978B062}.Debug|Any CPU.ActiveCfg = Debug|Any CPU
		{2DEB8B48-B9CE-4025-8CC9-BB05E978B062}.Debug|Any CPU.Build.0 = Debug|Any CPU
		{2DEB8B48-B9CE-4025-8CC9-BB05E978B062}.Debug|x86.ActiveCfg = Debug|x86
		{2DEB8B48-B9CE-4025-8CC9-BB05E978B062}.Debug|x86.Build.0 = Debug|x86
		{2DEB8B48-B9CE-4025-8CC9-BB05E978B062}.Release|Any CPU.ActiveCfg = Release|Any CPU
		{2DEB8B48-B9CE-4025-8CC9-BB05E978B062}.Release|Any CPU.Build.0 = Release|Any CPU
		{2DEB8B48-B9CE-4025-8CC9-BB05E978B062}.Release|x86.ActiveCfg = Release|x86
		{2DEB8B48-B9CE-4025-8CC9-BB05E978B062}.Release|x86.Build.0 = Release|x86
		{7BE16B8F-1967-418A-A162-2199F6D76FA1}.Debug|Any CPU.ActiveCfg = Debug|Any CPU
		{7BE16B8F-1967-418A-A162-2199F6D76FA1}.Debug|Any CPU.Build.0 = Debug|Any CPU
		{7BE16B8F-1967-418A-A162-2199F6D76FA1}.Debug|x86.ActiveCfg = Debug|x86
		{7BE16B8F-1967-418A-A162-2199F6D76FA1}.Debug|x86.Build.0 = Debug|x86
		{7BE16B8F-1967-418A-A162-2199F6D76FA1}.Release|Any CPU.ActiveCfg = Release|Any CPU
		{7BE16B8F-1967-418A-A162-2199F6D76FA1}.Release|Any CPU.Build.0 = Release|Any CPU
		{7BE16B8F-1967-418A-A162-2199F6D76FA1}.Release|x86.ActiveCfg = Release|x86
		{7BE16B8F-1967-418A-A162-2199F6D76FA1}.Release|x86.Build.0 = Release|x86
		{51148449-D583-4726-A522-6DC33FFE8A68}.Debug|Any CPU.ActiveCfg = Debug|Any CPU
		{51148449-D583-4726-A522-6DC33FFE8A68}.Debug|Any CPU.Build.0 = Debug|Any CPU
		{51148449-D583-4726-A522-6DC33FFE8A68}.Debug|x86.ActiveCfg = Debug|x86
		{51148449-D583-4726-A522-6DC33FFE8A68}.Debug|x86.Build.0 = Debug|x86
		{51148449-D583-4726-A522-6DC33FFE8A68}.Release|Any CPU.ActiveCfg = Release|Any CPU
		{51148449-D583-4726-A522-6DC33FFE8A68}.Release|Any CPU.Build.0 = Release|Any CPU
		{51148449-D583-4726-A522-6DC33FFE8A68}.Release|x86.ActiveCfg = Release|x86
		{51148449-D583-4726-A522-6DC33FFE8A68}.Release|x86.Build.0 = Release|x86
		{310047B5-255E-4876-AD6D-9270760644C6}.Debug|Any CPU.ActiveCfg = Debug|Any CPU
		{310047B5-255E-4876-AD6D-9270760644C6}.Debug|Any CPU.Build.0 = Debug|Any CPU
		{310047B5-255E-4876-AD6D-9270760644C6}.Debug|x86.ActiveCfg = Debug|x86
		{310047B5-255E-4876-AD6D-9270760644C6}.Debug|x86.Build.0 = Debug|x86
		{310047B5-255E-4876-AD6D-9270760644C6}.Release|Any CPU.ActiveCfg = Release|Any CPU
		{310047B5-255E-4876-AD6D-9270760644C6}.Release|Any CPU.Build.0 = Release|Any CPU
		{310047B5-255E-4876-AD6D-9270760644C6}.Release|x86.ActiveCfg = Release|x86
		{310047B5-255E-4876-AD6D-9270760644C6}.Release|x86.Build.0 = Release|x86
		{CEAD21C2-6B23-410F-9404-0B5A287A0575}.Debug|Any CPU.ActiveCfg = Debug|Any CPU
		{CEAD21C2-6B23-410F-9404-0B5A287A0575}.Debug|Any CPU.Build.0 = Debug|Any CPU
		{CEAD21C2-6B23-410F-9404-0B5A287A0575}.Debug|x86.ActiveCfg = Debug|x86
		{CEAD21C2-6B23-410F-9404-0B5A287A0575}.Debug|x86.Build.0 = Debug|x86
		{CEAD21C2-6B23-410F-9404-0B5A287A0575}.Release|Any CPU.ActiveCfg = Release|Any CPU
		{CEAD21C2-6B23-410F-9404-0B5A287A0575}.Release|Any CPU.Build.0 = Release|Any CPU
		{CEAD21C2-6B23-410F-9404-0B5A287A0575}.Release|x86.ActiveCfg = Release|x86
		{CEAD21C2-6B23-410F-9404-0B5A287A0575}.Release|x86.Build.0 = Release|x86
		{02D3E0AE-4FFE-4F90-8B45-01D360AB6C87}.Debug|Any CPU.ActiveCfg = Debug|Any CPU
		{02D3E0AE-4FFE-4F90-8B45-01D360AB6C87}.Debug|Any CPU.Build.0 = Debug|Any CPU
		{02D3E0AE-4FFE-4F90-8B45-01D360AB6C87}.Debug|x86.ActiveCfg = Debug|x86
		{02D3E0AE-4FFE-4F90-8B45-01D360AB6C87}.Debug|x86.Build.0 = Debug|x86
		{02D3E0AE-4FFE-4F90-8B45-01D360AB6C87}.Release|Any CPU.ActiveCfg = Release|Any CPU
		{02D3E0AE-4FFE-4F90-8B45-01D360AB6C87}.Release|Any CPU.Build.0 = Release|Any CPU
		{02D3E0AE-4FFE-4F90-8B45-01D360AB6C87}.Release|x86.ActiveCfg = Release|x86
		{02D3E0AE-4FFE-4F90-8B45-01D360AB6C87}.Release|x86.Build.0 = Release|x86
		{2C824DAC-266C-4614-95CD-C48A845DC20B}.Debug|Any CPU.ActiveCfg = Debug|Any CPU
		{2C824DAC-266C-4614-95CD-C48A845DC20B}.Debug|Any CPU.Build.0 = Debug|Any CPU
		{2C824DAC-266C-4614-95CD-C48A845DC20B}.Debug|x86.ActiveCfg = Debug|x86
		{2C824DAC-266C-4614-95CD-C48A845DC20B}.Debug|x86.Build.0 = Debug|x86
		{2C824DAC-266C-4614-95CD-C48A845DC20B}.Release|Any CPU.ActiveCfg = Release|Any CPU
		{2C824DAC-266C-4614-95CD-C48A845DC20B}.Release|Any CPU.Build.0 = Release|Any CPU
		{2C824DAC-266C-4614-95CD-C48A845DC20B}.Release|x86.ActiveCfg = Release|x86
		{2C824DAC-266C-4614-95CD-C48A845DC20B}.Release|x86.Build.0 = Release|x86
		{0E05C1C1-149E-4D59-B470-73788301831D}.Debug|Any CPU.ActiveCfg = Debug|Any CPU
		{0E05C1C1-149E-4D59-B470-73788301831D}.Debug|Any CPU.Build.0 = Debug|Any CPU
		{0E05C1C1-149E-4D59-B470-73788301831D}.Debug|x86.ActiveCfg = Debug|x86
		{0E05C1C1-149E-4D59-B470-73788301831D}.Debug|x86.Build.0 = Debug|x86
		{0E05C1C1-149E-4D59-B470-73788301831D}.Release|Any CPU.ActiveCfg = Release|Any CPU
		{0E05C1C1-149E-4D59-B470-73788301831D}.Release|Any CPU.Build.0 = Release|Any CPU
		{0E05C1C1-149E-4D59-B470-73788301831D}.Release|x86.ActiveCfg = Release|x86
		{0E05C1C1-149E-4D59-B470-73788301831D}.Release|x86.Build.0 = Release|x86
		{8E52AC22-341C-491D-B571-090698565E3B}.Debug|Any CPU.ActiveCfg = Debug|Any CPU
		{8E52AC22-341C-491D-B571-090698565E3B}.Debug|Any CPU.Build.0 = Debug|Any CPU
		{8E52AC22-341C-491D-B571-090698565E3B}.Debug|x86.ActiveCfg = Debug|x86
		{8E52AC22-341C-491D-B571-090698565E3B}.Debug|x86.Build.0 = Debug|x86
		{8E52AC22-341C-491D-B571-090698565E3B}.Release|Any CPU.ActiveCfg = Release|Any CPU
		{8E52AC22-341C-491D-B571-090698565E3B}.Release|Any CPU.Build.0 = Release|Any CPU
		{8E52AC22-341C-491D-B571-090698565E3B}.Release|x86.ActiveCfg = Release|x86
		{8E52AC22-341C-491D-B571-090698565E3B}.Release|x86.Build.0 = Release|x86
		{FFD5FAF9-3CFD-4130-B7A2-0B67B311725C}.Debug|Any CPU.ActiveCfg = Debug|Any CPU
		{FFD5FAF9-3CFD-4130-B7A2-0B67B311725C}.Debug|Any CPU.Build.0 = Debug|Any CPU
		{FFD5FAF9-3CFD-4130-B7A2-0B67B311725C}.Debug|x86.ActiveCfg = Debug|x86
		{FFD5FAF9-3CFD-4130-B7A2-0B67B311725C}.Debug|x86.Build.0 = Debug|x86
		{FFD5FAF9-3CFD-4130-B7A2-0B67B311725C}.Release|Any CPU.ActiveCfg = Release|Any CPU
		{FFD5FAF9-3CFD-4130-B7A2-0B67B311725C}.Release|Any CPU.Build.0 = Release|Any CPU
		{FFD5FAF9-3CFD-4130-B7A2-0B67B311725C}.Release|x86.ActiveCfg = Release|x86
		{FFD5FAF9-3CFD-4130-B7A2-0B67B311725C}.Release|x86.Build.0 = Release|x86
		{CDE023A4-6309-4B13-BD9B-8EE79E3F403E}.Debug|Any CPU.ActiveCfg = Debug|Any CPU
		{CDE023A4-6309-4B13-BD9B-8EE79E3F403E}.Debug|Any CPU.Build.0 = Debug|Any CPU
		{CDE023A4-6309-4B13-BD9B-8EE79E3F403E}.Debug|x86.ActiveCfg = Debug|x86
		{CDE023A4-6309-4B13-BD9B-8EE79E3F403E}.Debug|x86.Build.0 = Debug|x86
		{CDE023A4-6309-4B13-BD9B-8EE79E3F403E}.Release|Any CPU.ActiveCfg = Release|Any CPU
		{CDE023A4-6309-4B13-BD9B-8EE79E3F403E}.Release|Any CPU.Build.0 = Release|Any CPU
		{CDE023A4-6309-4B13-BD9B-8EE79E3F403E}.Release|x86.ActiveCfg = Release|x86
		{CDE023A4-6309-4B13-BD9B-8EE79E3F403E}.Release|x86.Build.0 = Release|x86
		{B1AC3433-7B3A-4DF8-843C-EFCF938228AC}.Debug|Any CPU.ActiveCfg = Debug|Any CPU
		{B1AC3433-7B3A-4DF8-843C-EFCF938228AC}.Debug|Any CPU.Build.0 = Debug|Any CPU
		{B1AC3433-7B3A-4DF8-843C-EFCF938228AC}.Debug|x86.ActiveCfg = Debug|x86
		{B1AC3433-7B3A-4DF8-843C-EFCF938228AC}.Debug|x86.Build.0 = Debug|x86
		{B1AC3433-7B3A-4DF8-843C-EFCF938228AC}.Release|Any CPU.ActiveCfg = Release|Any CPU
		{B1AC3433-7B3A-4DF8-843C-EFCF938228AC}.Release|Any CPU.Build.0 = Release|Any CPU
		{B1AC3433-7B3A-4DF8-843C-EFCF938228AC}.Release|x86.ActiveCfg = Release|x86
		{B1AC3433-7B3A-4DF8-843C-EFCF938228AC}.Release|x86.Build.0 = Release|x86
		{87BFF9C9-1550-40C6-A6F4-A7456DCFE1A3}.Debug|Any CPU.ActiveCfg = Debug|Any CPU
		{87BFF9C9-1550-40C6-A6F4-A7456DCFE1A3}.Debug|Any CPU.Build.0 = Debug|Any CPU
		{87BFF9C9-1550-40C6-A6F4-A7456DCFE1A3}.Debug|x86.ActiveCfg = Debug|x86
		{87BFF9C9-1550-40C6-A6F4-A7456DCFE1A3}.Debug|x86.Build.0 = Debug|x86
		{87BFF9C9-1550-40C6-A6F4-A7456DCFE1A3}.Release|Any CPU.ActiveCfg = Release|Any CPU
		{87BFF9C9-1550-40C6-A6F4-A7456DCFE1A3}.Release|Any CPU.Build.0 = Release|Any CPU
		{87BFF9C9-1550-40C6-A6F4-A7456DCFE1A3}.Release|x86.ActiveCfg = Release|x86
		{87BFF9C9-1550-40C6-A6F4-A7456DCFE1A3}.Release|x86.Build.0 = Release|x86
		{9E863444-6041-41C3-94FA-E5C3C2975DCB}.Debug|Any CPU.ActiveCfg = Debug|Any CPU
		{9E863444-6041-41C3-94FA-E5C3C2975DCB}.Debug|Any CPU.Build.0 = Debug|Any CPU
		{9E863444-6041-41C3-94FA-E5C3C2975DCB}.Debug|x86.ActiveCfg = Debug|x86
		{9E863444-6041-41C3-94FA-E5C3C2975DCB}.Debug|x86.Build.0 = Debug|x86
		{9E863444-6041-41C3-94FA-E5C3C2975DCB}.Release|Any CPU.ActiveCfg = Release|Any CPU
		{9E863444-6041-41C3-94FA-E5C3C2975DCB}.Release|Any CPU.Build.0 = Release|Any CPU
		{9E863444-6041-41C3-94FA-E5C3C2975DCB}.Release|x86.ActiveCfg = Release|x86
		{9E863444-6041-41C3-94FA-E5C3C2975DCB}.Release|x86.Build.0 = Release|x86
		{15E64998-6E5E-4328-A7EC-D6AB3D9E1FBA}.Debug|Any CPU.ActiveCfg = Debug|Any CPU
		{15E64998-6E5E-4328-A7EC-D6AB3D9E1FBA}.Debug|Any CPU.Build.0 = Debug|Any CPU
		{15E64998-6E5E-4328-A7EC-D6AB3D9E1FBA}.Debug|x86.ActiveCfg = Debug|x86
		{15E64998-6E5E-4328-A7EC-D6AB3D9E1FBA}.Debug|x86.Build.0 = Debug|x86
		{15E64998-6E5E-4328-A7EC-D6AB3D9E1FBA}.Release|Any CPU.ActiveCfg = Release|Any CPU
		{15E64998-6E5E-4328-A7EC-D6AB3D9E1FBA}.Release|Any CPU.Build.0 = Release|Any CPU
		{15E64998-6E5E-4328-A7EC-D6AB3D9E1FBA}.Release|x86.ActiveCfg = Release|x86
		{15E64998-6E5E-4328-A7EC-D6AB3D9E1FBA}.Release|x86.Build.0 = Release|x86
		{B222D496-85A3-4446-BC61-956241C36CAD}.Debug|Any CPU.ActiveCfg = Debug|Any CPU
		{B222D496-85A3-4446-BC61-956241C36CAD}.Debug|Any CPU.Build.0 = Debug|Any CPU
		{B222D496-85A3-4446-BC61-956241C36CAD}.Debug|x86.ActiveCfg = Debug|x86
		{B222D496-85A3-4446-BC61-956241C36CAD}.Debug|x86.Build.0 = Debug|x86
		{B222D496-85A3-4446-BC61-956241C36CAD}.Release|Any CPU.ActiveCfg = Release|Any CPU
		{B222D496-85A3-4446-BC61-956241C36CAD}.Release|Any CPU.Build.0 = Release|Any CPU
		{B222D496-85A3-4446-BC61-956241C36CAD}.Release|x86.ActiveCfg = Release|x86
		{B222D496-85A3-4446-BC61-956241C36CAD}.Release|x86.Build.0 = Release|x86
		{095F5FE4-211D-4386-B972-A6AB5628BCCC}.Debug|Any CPU.ActiveCfg = Debug|Any CPU
		{095F5FE4-211D-4386-B972-A6AB5628BCCC}.Debug|Any CPU.Build.0 = Debug|Any CPU
		{095F5FE4-211D-4386-B972-A6AB5628BCCC}.Debug|x86.ActiveCfg = Debug|x86
		{095F5FE4-211D-4386-B972-A6AB5628BCCC}.Debug|x86.Build.0 = Debug|x86
		{095F5FE4-211D-4386-B972-A6AB5628BCCC}.Release|Any CPU.ActiveCfg = Release|Any CPU
		{095F5FE4-211D-4386-B972-A6AB5628BCCC}.Release|Any CPU.Build.0 = Release|Any CPU
		{095F5FE4-211D-4386-B972-A6AB5628BCCC}.Release|x86.ActiveCfg = Release|x86
		{095F5FE4-211D-4386-B972-A6AB5628BCCC}.Release|x86.Build.0 = Release|x86
		{719A4163-E2D8-4184-9BEC-1801642FDE97}.Debug|Any CPU.ActiveCfg = Debug|Any CPU
		{719A4163-E2D8-4184-9BEC-1801642FDE97}.Debug|Any CPU.Build.0 = Debug|Any CPU
		{719A4163-E2D8-4184-9BEC-1801642FDE97}.Debug|x86.ActiveCfg = Debug|x86
		{719A4163-E2D8-4184-9BEC-1801642FDE97}.Debug|x86.Build.0 = Debug|x86
		{719A4163-E2D8-4184-9BEC-1801642FDE97}.Release|Any CPU.ActiveCfg = Release|Any CPU
		{719A4163-E2D8-4184-9BEC-1801642FDE97}.Release|Any CPU.Build.0 = Release|Any CPU
		{719A4163-E2D8-4184-9BEC-1801642FDE97}.Release|x86.ActiveCfg = Release|x86
		{719A4163-E2D8-4184-9BEC-1801642FDE97}.Release|x86.Build.0 = Release|x86
		{2A18E4A0-827D-409D-9497-CBDB5F5CA196}.Debug|Any CPU.ActiveCfg = Debug|Any CPU
		{2A18E4A0-827D-409D-9497-CBDB5F5CA196}.Debug|Any CPU.Build.0 = Debug|Any CPU
		{2A18E4A0-827D-409D-9497-CBDB5F5CA196}.Debug|x86.ActiveCfg = Debug|x86
		{2A18E4A0-827D-409D-9497-CBDB5F5CA196}.Debug|x86.Build.0 = Debug|x86
		{2A18E4A0-827D-409D-9497-CBDB5F5CA196}.Release|Any CPU.ActiveCfg = Release|Any CPU
		{2A18E4A0-827D-409D-9497-CBDB5F5CA196}.Release|Any CPU.Build.0 = Release|Any CPU
		{2A18E4A0-827D-409D-9497-CBDB5F5CA196}.Release|x86.ActiveCfg = Release|x86
		{2A18E4A0-827D-409D-9497-CBDB5F5CA196}.Release|x86.Build.0 = Release|x86
		{1B8060F9-5375-4A73-9679-2111517ED15D}.Debug|Any CPU.ActiveCfg = Debug|Any CPU
		{1B8060F9-5375-4A73-9679-2111517ED15D}.Debug|Any CPU.Build.0 = Debug|Any CPU
		{1B8060F9-5375-4A73-9679-2111517ED15D}.Debug|x86.ActiveCfg = Debug|x86
		{1B8060F9-5375-4A73-9679-2111517ED15D}.Debug|x86.Build.0 = Debug|x86
		{1B8060F9-5375-4A73-9679-2111517ED15D}.Release|Any CPU.ActiveCfg = Release|Any CPU
		{1B8060F9-5375-4A73-9679-2111517ED15D}.Release|Any CPU.Build.0 = Release|Any CPU
		{1B8060F9-5375-4A73-9679-2111517ED15D}.Release|x86.ActiveCfg = Release|x86
		{1B8060F9-5375-4A73-9679-2111517ED15D}.Release|x86.Build.0 = Release|x86
		{BE9F5829-C28C-4CE2-8288-19EB9BDEBD09}.Debug|Any CPU.ActiveCfg = Debug|Any CPU
		{BE9F5829-C28C-4CE2-8288-19EB9BDEBD09}.Debug|Any CPU.Build.0 = Debug|Any CPU
		{BE9F5829-C28C-4CE2-8288-19EB9BDEBD09}.Debug|x86.ActiveCfg = Debug|x86
		{BE9F5829-C28C-4CE2-8288-19EB9BDEBD09}.Debug|x86.Build.0 = Debug|x86
		{BE9F5829-C28C-4CE2-8288-19EB9BDEBD09}.Release|Any CPU.ActiveCfg = Release|Any CPU
		{BE9F5829-C28C-4CE2-8288-19EB9BDEBD09}.Release|Any CPU.Build.0 = Release|Any CPU
		{BE9F5829-C28C-4CE2-8288-19EB9BDEBD09}.Release|x86.ActiveCfg = Release|x86
		{BE9F5829-C28C-4CE2-8288-19EB9BDEBD09}.Release|x86.Build.0 = Release|x86
		{54FF9570-5DDF-493D-B74C-0E960D6A6F51}.Debug|Any CPU.ActiveCfg = Debug|Any CPU
		{54FF9570-5DDF-493D-B74C-0E960D6A6F51}.Debug|Any CPU.Build.0 = Debug|Any CPU
		{54FF9570-5DDF-493D-B74C-0E960D6A6F51}.Debug|x86.ActiveCfg = Debug|x86
		{54FF9570-5DDF-493D-B74C-0E960D6A6F51}.Debug|x86.Build.0 = Debug|x86
		{54FF9570-5DDF-493D-B74C-0E960D6A6F51}.Release|Any CPU.ActiveCfg = Release|Any CPU
		{54FF9570-5DDF-493D-B74C-0E960D6A6F51}.Release|Any CPU.Build.0 = Release|Any CPU
		{54FF9570-5DDF-493D-B74C-0E960D6A6F51}.Release|x86.ActiveCfg = Release|x86
		{54FF9570-5DDF-493D-B74C-0E960D6A6F51}.Release|x86.Build.0 = Release|x86
		{7D5B87DC-3DC2-488B-88CE-445C9FB1CF14}.Debug|Any CPU.ActiveCfg = Debug|Any CPU
		{7D5B87DC-3DC2-488B-88CE-445C9FB1CF14}.Debug|Any CPU.Build.0 = Debug|Any CPU
		{7D5B87DC-3DC2-488B-88CE-445C9FB1CF14}.Debug|x86.ActiveCfg = Debug|x86
		{7D5B87DC-3DC2-488B-88CE-445C9FB1CF14}.Debug|x86.Build.0 = Debug|x86
		{7D5B87DC-3DC2-488B-88CE-445C9FB1CF14}.Release|Any CPU.ActiveCfg = Release|Any CPU
		{7D5B87DC-3DC2-488B-88CE-445C9FB1CF14}.Release|Any CPU.Build.0 = Release|Any CPU
		{7D5B87DC-3DC2-488B-88CE-445C9FB1CF14}.Release|x86.ActiveCfg = Release|x86
		{7D5B87DC-3DC2-488B-88CE-445C9FB1CF14}.Release|x86.Build.0 = Release|x86
		{2B9EEE00-CBA7-452C-BC53-E3DDCFE6933C}.Debug|Any CPU.ActiveCfg = Debug|Any CPU
		{2B9EEE00-CBA7-452C-BC53-E3DDCFE6933C}.Debug|Any CPU.Build.0 = Debug|Any CPU
		{2B9EEE00-CBA7-452C-BC53-E3DDCFE6933C}.Debug|x86.ActiveCfg = Debug|x86
		{2B9EEE00-CBA7-452C-BC53-E3DDCFE6933C}.Debug|x86.Build.0 = Debug|x86
		{2B9EEE00-CBA7-452C-BC53-E3DDCFE6933C}.Release|Any CPU.ActiveCfg = Release|Any CPU
		{2B9EEE00-CBA7-452C-BC53-E3DDCFE6933C}.Release|Any CPU.Build.0 = Release|Any CPU
		{2B9EEE00-CBA7-452C-BC53-E3DDCFE6933C}.Release|x86.ActiveCfg = Release|x86
		{2B9EEE00-CBA7-452C-BC53-E3DDCFE6933C}.Release|x86.Build.0 = Release|x86
		{7BB73AD8-2F44-4F65-8B15-33574AD6E9D4}.Debug|Any CPU.ActiveCfg = Debug|Any CPU
		{7BB73AD8-2F44-4F65-8B15-33574AD6E9D4}.Debug|Any CPU.Build.0 = Debug|Any CPU
		{7BB73AD8-2F44-4F65-8B15-33574AD6E9D4}.Debug|x86.ActiveCfg = Debug|x86
		{7BB73AD8-2F44-4F65-8B15-33574AD6E9D4}.Debug|x86.Build.0 = Debug|x86
		{7BB73AD8-2F44-4F65-8B15-33574AD6E9D4}.Release|Any CPU.ActiveCfg = Release|Any CPU
		{7BB73AD8-2F44-4F65-8B15-33574AD6E9D4}.Release|Any CPU.Build.0 = Release|Any CPU
		{7BB73AD8-2F44-4F65-8B15-33574AD6E9D4}.Release|x86.ActiveCfg = Release|x86
		{7BB73AD8-2F44-4F65-8B15-33574AD6E9D4}.Release|x86.Build.0 = Release|x86
		{0D14B055-C5D9-4ED7-BB92-EA64A68D3380}.Debug|Any CPU.ActiveCfg = Debug|Any CPU
		{0D14B055-C5D9-4ED7-BB92-EA64A68D3380}.Debug|Any CPU.Build.0 = Debug|Any CPU
		{0D14B055-C5D9-4ED7-BB92-EA64A68D3380}.Debug|x86.ActiveCfg = Debug|x86
		{0D14B055-C5D9-4ED7-BB92-EA64A68D3380}.Debug|x86.Build.0 = Debug|x86
		{0D14B055-C5D9-4ED7-BB92-EA64A68D3380}.Release|Any CPU.ActiveCfg = Release|Any CPU
		{0D14B055-C5D9-4ED7-BB92-EA64A68D3380}.Release|Any CPU.Build.0 = Release|Any CPU
		{0D14B055-C5D9-4ED7-BB92-EA64A68D3380}.Release|x86.ActiveCfg = Release|x86
		{0D14B055-C5D9-4ED7-BB92-EA64A68D3380}.Release|x86.Build.0 = Release|x86
		{DCC4019D-FC9E-43B5-B1CB-615CEFE13D9A}.Debug|Any CPU.ActiveCfg = Debug|Any CPU
		{DCC4019D-FC9E-43B5-B1CB-615CEFE13D9A}.Debug|Any CPU.Build.0 = Debug|Any CPU
		{DCC4019D-FC9E-43B5-B1CB-615CEFE13D9A}.Debug|x86.ActiveCfg = Debug|x86
		{DCC4019D-FC9E-43B5-B1CB-615CEFE13D9A}.Debug|x86.Build.0 = Debug|x86
		{DCC4019D-FC9E-43B5-B1CB-615CEFE13D9A}.Release|Any CPU.ActiveCfg = Release|Any CPU
		{DCC4019D-FC9E-43B5-B1CB-615CEFE13D9A}.Release|Any CPU.Build.0 = Release|Any CPU
		{DCC4019D-FC9E-43B5-B1CB-615CEFE13D9A}.Release|x86.ActiveCfg = Release|x86
		{DCC4019D-FC9E-43B5-B1CB-615CEFE13D9A}.Release|x86.Build.0 = Release|x86
		{ECAF7622-687B-4434-B2ED-7D5BB701C8FE}.Debug|Any CPU.ActiveCfg = Debug|Any CPU
		{ECAF7622-687B-4434-B2ED-7D5BB701C8FE}.Debug|Any CPU.Build.0 = Debug|Any CPU
		{ECAF7622-687B-4434-B2ED-7D5BB701C8FE}.Debug|x86.ActiveCfg = Debug|x86
		{ECAF7622-687B-4434-B2ED-7D5BB701C8FE}.Debug|x86.Build.0 = Debug|x86
		{ECAF7622-687B-4434-B2ED-7D5BB701C8FE}.Release|Any CPU.ActiveCfg = Release|Any CPU
		{ECAF7622-687B-4434-B2ED-7D5BB701C8FE}.Release|Any CPU.Build.0 = Release|Any CPU
		{ECAF7622-687B-4434-B2ED-7D5BB701C8FE}.Release|x86.ActiveCfg = Release|x86
		{ECAF7622-687B-4434-B2ED-7D5BB701C8FE}.Release|x86.Build.0 = Release|x86
		{23DBE41C-8009-4D1B-B00D-61084B1E2894}.Debug|Any CPU.ActiveCfg = Debug|Any CPU
		{23DBE41C-8009-4D1B-B00D-61084B1E2894}.Debug|Any CPU.Build.0 = Debug|Any CPU
		{23DBE41C-8009-4D1B-B00D-61084B1E2894}.Debug|x86.ActiveCfg = Debug|x86
		{23DBE41C-8009-4D1B-B00D-61084B1E2894}.Debug|x86.Build.0 = Debug|x86
		{23DBE41C-8009-4D1B-B00D-61084B1E2894}.Release|Any CPU.ActiveCfg = Release|Any CPU
		{23DBE41C-8009-4D1B-B00D-61084B1E2894}.Release|Any CPU.Build.0 = Release|Any CPU
		{23DBE41C-8009-4D1B-B00D-61084B1E2894}.Release|x86.ActiveCfg = Release|x86
		{23DBE41C-8009-4D1B-B00D-61084B1E2894}.Release|x86.Build.0 = Release|x86
		{60B88949-9EBB-4F5E-BEEF-6366DB93D015}.Debug|Any CPU.ActiveCfg = Debug|Any CPU
		{60B88949-9EBB-4F5E-BEEF-6366DB93D015}.Debug|Any CPU.Build.0 = Debug|Any CPU
		{60B88949-9EBB-4F5E-BEEF-6366DB93D015}.Debug|x86.ActiveCfg = Debug|x86
		{60B88949-9EBB-4F5E-BEEF-6366DB93D015}.Debug|x86.Build.0 = Debug|x86
		{60B88949-9EBB-4F5E-BEEF-6366DB93D015}.Release|Any CPU.ActiveCfg = Release|Any CPU
		{60B88949-9EBB-4F5E-BEEF-6366DB93D015}.Release|Any CPU.Build.0 = Release|Any CPU
		{60B88949-9EBB-4F5E-BEEF-6366DB93D015}.Release|x86.ActiveCfg = Release|x86
		{60B88949-9EBB-4F5E-BEEF-6366DB93D015}.Release|x86.Build.0 = Release|x86
		{882FC9A3-B3CC-419D-9425-EB1C41133C94}.Debug|Any CPU.ActiveCfg = Debug|Any CPU
		{882FC9A3-B3CC-419D-9425-EB1C41133C94}.Debug|Any CPU.Build.0 = Debug|Any CPU
		{882FC9A3-B3CC-419D-9425-EB1C41133C94}.Debug|x86.ActiveCfg = Debug|x86
		{882FC9A3-B3CC-419D-9425-EB1C41133C94}.Debug|x86.Build.0 = Debug|x86
		{882FC9A3-B3CC-419D-9425-EB1C41133C94}.Release|Any CPU.ActiveCfg = Release|Any CPU
		{882FC9A3-B3CC-419D-9425-EB1C41133C94}.Release|Any CPU.Build.0 = Release|Any CPU
		{882FC9A3-B3CC-419D-9425-EB1C41133C94}.Release|x86.ActiveCfg = Release|x86
		{882FC9A3-B3CC-419D-9425-EB1C41133C94}.Release|x86.Build.0 = Release|x86
		{4BFBBDF6-C6E5-4677-AC65-F1D61BEC5B4F}.Debug|Any CPU.ActiveCfg = Debug|Any CPU
		{4BFBBDF6-C6E5-4677-AC65-F1D61BEC5B4F}.Debug|Any CPU.Build.0 = Debug|Any CPU
		{4BFBBDF6-C6E5-4677-AC65-F1D61BEC5B4F}.Debug|x86.ActiveCfg = Debug|x86
		{4BFBBDF6-C6E5-4677-AC65-F1D61BEC5B4F}.Debug|x86.Build.0 = Debug|x86
		{4BFBBDF6-C6E5-4677-AC65-F1D61BEC5B4F}.Release|Any CPU.ActiveCfg = Release|Any CPU
		{4BFBBDF6-C6E5-4677-AC65-F1D61BEC5B4F}.Release|Any CPU.Build.0 = Release|Any CPU
		{4BFBBDF6-C6E5-4677-AC65-F1D61BEC5B4F}.Release|x86.ActiveCfg = Release|x86
		{4BFBBDF6-C6E5-4677-AC65-F1D61BEC5B4F}.Release|x86.Build.0 = Release|x86
		{358CCC40-525E-4B6A-BD78-00FDF5C680C4}.Debug|Any CPU.ActiveCfg = Debug|Any CPU
		{358CCC40-525E-4B6A-BD78-00FDF5C680C4}.Debug|Any CPU.Build.0 = Debug|Any CPU
		{358CCC40-525E-4B6A-BD78-00FDF5C680C4}.Debug|x86.ActiveCfg = Debug|x86
		{358CCC40-525E-4B6A-BD78-00FDF5C680C4}.Debug|x86.Build.0 = Debug|x86
		{358CCC40-525E-4B6A-BD78-00FDF5C680C4}.Release|Any CPU.ActiveCfg = Release|Any CPU
		{358CCC40-525E-4B6A-BD78-00FDF5C680C4}.Release|Any CPU.Build.0 = Release|Any CPU
		{358CCC40-525E-4B6A-BD78-00FDF5C680C4}.Release|x86.ActiveCfg = Release|x86
		{358CCC40-525E-4B6A-BD78-00FDF5C680C4}.Release|x86.Build.0 = Release|x86
		{4D88FC1E-1DE0-48AA-9E48-3B4EB706AEBB}.Debug|Any CPU.ActiveCfg = Debug|Any CPU
		{4D88FC1E-1DE0-48AA-9E48-3B4EB706AEBB}.Debug|Any CPU.Build.0 = Debug|Any CPU
		{4D88FC1E-1DE0-48AA-9E48-3B4EB706AEBB}.Debug|x86.ActiveCfg = Debug|x86
		{4D88FC1E-1DE0-48AA-9E48-3B4EB706AEBB}.Debug|x86.Build.0 = Debug|x86
		{4D88FC1E-1DE0-48AA-9E48-3B4EB706AEBB}.Release|Any CPU.ActiveCfg = Release|Any CPU
		{4D88FC1E-1DE0-48AA-9E48-3B4EB706AEBB}.Release|Any CPU.Build.0 = Release|Any CPU
		{4D88FC1E-1DE0-48AA-9E48-3B4EB706AEBB}.Release|x86.ActiveCfg = Release|x86
		{4D88FC1E-1DE0-48AA-9E48-3B4EB706AEBB}.Release|x86.Build.0 = Release|x86
		{8EF4FF37-ED31-4B3B-8DF1-365A4B100F15}.Debug|Any CPU.ActiveCfg = Debug|Any CPU
		{8EF4FF37-ED31-4B3B-8DF1-365A4B100F15}.Debug|Any CPU.Build.0 = Debug|Any CPU
		{8EF4FF37-ED31-4B3B-8DF1-365A4B100F15}.Debug|x86.ActiveCfg = Debug|x86
		{8EF4FF37-ED31-4B3B-8DF1-365A4B100F15}.Debug|x86.Build.0 = Debug|x86
		{8EF4FF37-ED31-4B3B-8DF1-365A4B100F15}.Release|Any CPU.ActiveCfg = Release|Any CPU
		{8EF4FF37-ED31-4B3B-8DF1-365A4B100F15}.Release|Any CPU.Build.0 = Release|Any CPU
		{8EF4FF37-ED31-4B3B-8DF1-365A4B100F15}.Release|x86.ActiveCfg = Release|x86
		{8EF4FF37-ED31-4B3B-8DF1-365A4B100F15}.Release|x86.Build.0 = Release|x86
		{A64D7EE3-D08A-4713-A07A-CFFC7E948DAB}.Debug|Any CPU.ActiveCfg = Debug|Any CPU
		{A64D7EE3-D08A-4713-A07A-CFFC7E948DAB}.Debug|Any CPU.Build.0 = Debug|Any CPU
		{A64D7EE3-D08A-4713-A07A-CFFC7E948DAB}.Debug|x86.ActiveCfg = Debug|x86
		{A64D7EE3-D08A-4713-A07A-CFFC7E948DAB}.Debug|x86.Build.0 = Debug|x86
		{A64D7EE3-D08A-4713-A07A-CFFC7E948DAB}.Release|Any CPU.ActiveCfg = Release|Any CPU
		{A64D7EE3-D08A-4713-A07A-CFFC7E948DAB}.Release|Any CPU.Build.0 = Release|Any CPU
		{A64D7EE3-D08A-4713-A07A-CFFC7E948DAB}.Release|x86.ActiveCfg = Release|x86
		{A64D7EE3-D08A-4713-A07A-CFFC7E948DAB}.Release|x86.Build.0 = Release|x86
		{3292EBF4-9F4F-47EC-933E-C6FB813A24A3}.Debug|Any CPU.ActiveCfg = Debug|Any CPU
		{3292EBF4-9F4F-47EC-933E-C6FB813A24A3}.Debug|Any CPU.Build.0 = Debug|Any CPU
		{3292EBF4-9F4F-47EC-933E-C6FB813A24A3}.Debug|x86.ActiveCfg = Debug|x86
		{3292EBF4-9F4F-47EC-933E-C6FB813A24A3}.Debug|x86.Build.0 = Debug|x86
		{3292EBF4-9F4F-47EC-933E-C6FB813A24A3}.Release|Any CPU.ActiveCfg = Release|Any CPU
		{3292EBF4-9F4F-47EC-933E-C6FB813A24A3}.Release|Any CPU.Build.0 = Release|Any CPU
		{3292EBF4-9F4F-47EC-933E-C6FB813A24A3}.Release|x86.ActiveCfg = Release|x86
		{3292EBF4-9F4F-47EC-933E-C6FB813A24A3}.Release|x86.Build.0 = Release|x86
		{57168DC2-0F21-4FAA-B452-0A0257A81C01}.Debug|Any CPU.ActiveCfg = Debug|Any CPU
		{57168DC2-0F21-4FAA-B452-0A0257A81C01}.Debug|Any CPU.Build.0 = Debug|Any CPU
		{57168DC2-0F21-4FAA-B452-0A0257A81C01}.Debug|x86.ActiveCfg = Debug|x86
		{57168DC2-0F21-4FAA-B452-0A0257A81C01}.Debug|x86.Build.0 = Debug|x86
		{57168DC2-0F21-4FAA-B452-0A0257A81C01}.Release|Any CPU.ActiveCfg = Release|Any CPU
		{57168DC2-0F21-4FAA-B452-0A0257A81C01}.Release|Any CPU.Build.0 = Release|Any CPU
		{57168DC2-0F21-4FAA-B452-0A0257A81C01}.Release|x86.ActiveCfg = Release|x86
		{57168DC2-0F21-4FAA-B452-0A0257A81C01}.Release|x86.Build.0 = Release|x86
		{E80A8931-B0E7-452E-9F91-E5DC037A2140}.Debug|Any CPU.ActiveCfg = Debug|Any CPU
		{E80A8931-B0E7-452E-9F91-E5DC037A2140}.Debug|Any CPU.Build.0 = Debug|Any CPU
		{E80A8931-B0E7-452E-9F91-E5DC037A2140}.Debug|x86.ActiveCfg = Debug|x86
		{E80A8931-B0E7-452E-9F91-E5DC037A2140}.Debug|x86.Build.0 = Debug|x86
		{E80A8931-B0E7-452E-9F91-E5DC037A2140}.Release|Any CPU.ActiveCfg = Release|Any CPU
		{E80A8931-B0E7-452E-9F91-E5DC037A2140}.Release|Any CPU.Build.0 = Release|Any CPU
		{E80A8931-B0E7-452E-9F91-E5DC037A2140}.Release|x86.ActiveCfg = Release|x86
		{E80A8931-B0E7-452E-9F91-E5DC037A2140}.Release|x86.Build.0 = Release|x86
	EndGlobalSection
	GlobalSection(SolutionProperties) = preSolution
		HideSolutionNode = FALSE
	EndGlobalSection
	GlobalSection(ExtensibilityGlobals) = postSolution
		VisualSVNWorkingCopyRoot = .
	EndGlobalSection
EndGlobal
