
Microsoft Visual Studio Solution File, Format Version 12.00
# Visual Studio 2012
Project("{FAE04EC0-301F-11D3-BF4B-00C04F79EFBC}") = "DOC0101R00", "DOC0101R00\DOC0101R00.csproj", "{14E76C93-816C-4464-866B-5681213ACCC9}"
EndProject
Project("{FAE04EC0-301F-11D3-BF4B-00C04F79EFBC}") = "DOC0101U00", "DOC0101U00\DOC0101U00.csproj", "{49EE7CB8-C0AA-421A-8B0A-3AF822AEAFBE}"
EndProject
Project("{FAE04EC0-301F-11D3-BF4B-00C04F79EFBC}") = "DOCS.DOC2001U00", "DOCS.DOC2001U00\DOCS.DOC2001U00.csproj", "{AB4E857F-0497-4BAC-A31E-36EC53BA0246}"
EndProject
Global
	GlobalSection(SolutionConfigurationPlatforms) = preSolution
		Debug|Any CPU = Debug|Any CPU
		Debug|x86 = Debug|x86
		Release|Any CPU = Release|Any CPU
		Release|x86 = Release|x86
	EndGlobalSection
	GlobalSection(ProjectConfigurationPlatforms) = postSolution
		{14E76C93-816C-4464-866B-5681213ACCC9}.Debug|Any CPU.ActiveCfg = Debug|Any CPU
		{14E76C93-816C-4464-866B-5681213ACCC9}.Debug|Any CPU.Build.0 = Debug|Any CPU
		{14E76C93-816C-4464-866B-5681213ACCC9}.Debug|x86.ActiveCfg = Debug|x86
		{14E76C93-816C-4464-866B-5681213ACCC9}.Debug|x86.Build.0 = Debug|x86
		{14E76C93-816C-4464-866B-5681213ACCC9}.Release|Any CPU.ActiveCfg = Release|Any CPU
		{14E76C93-816C-4464-866B-5681213ACCC9}.Release|Any CPU.Build.0 = Release|Any CPU
		{14E76C93-816C-4464-866B-5681213ACCC9}.Release|x86.ActiveCfg = Release|x86
		{14E76C93-816C-4464-866B-5681213ACCC9}.Release|x86.Build.0 = Release|x86
		{49EE7CB8-C0AA-421A-8B0A-3AF822AEAFBE}.Debug|Any CPU.ActiveCfg = Debug|Any CPU
		{49EE7CB8-C0AA-421A-8B0A-3AF822AEAFBE}.Debug|Any CPU.Build.0 = Debug|Any CPU
		{49EE7CB8-C0AA-421A-8B0A-3AF822AEAFBE}.Debug|x86.ActiveCfg = Debug|x86
		{49EE7CB8-C0AA-421A-8B0A-3AF822AEAFBE}.Debug|x86.Build.0 = Debug|x86
		{49EE7CB8-C0AA-421A-8B0A-3AF822AEAFBE}.Release|Any CPU.ActiveCfg = Release|Any CPU
		{49EE7CB8-C0AA-421A-8B0A-3AF822AEAFBE}.Release|Any CPU.Build.0 = Release|Any CPU
		{49EE7CB8-C0AA-421A-8B0A-3AF822AEAFBE}.Release|x86.ActiveCfg = Release|x86
		{49EE7CB8-C0AA-421A-8B0A-3AF822AEAFBE}.Release|x86.Build.0 = Release|x86
		{AB4E857F-0497-4BAC-A31E-36EC53BA0246}.Debug|Any CPU.ActiveCfg = Debug|Any CPU
		{AB4E857F-0497-4BAC-A31E-36EC53BA0246}.Debug|Any CPU.Build.0 = Debug|Any CPU
		{AB4E857F-0497-4BAC-A31E-36EC53BA0246}.Debug|x86.ActiveCfg = Debug|x86
		{AB4E857F-0497-4BAC-A31E-36EC53BA0246}.Debug|x86.Build.0 = Debug|x86
		{AB4E857F-0497-4BAC-A31E-36EC53BA0246}.Release|Any CPU.ActiveCfg = Release|Any CPU
		{AB4E857F-0497-4BAC-A31E-36EC53BA0246}.Release|Any CPU.Build.0 = Release|Any CPU
		{AB4E857F-0497-4BAC-A31E-36EC53BA0246}.Release|x86.ActiveCfg = Release|x86
		{AB4E857F-0497-4BAC-A31E-36EC53BA0246}.Release|x86.Build.0 = Release|x86
	EndGlobalSection
	GlobalSection(SolutionProperties) = preSolution
		HideSolutionNode = FALSE
	EndGlobalSection
	GlobalSection(ExtensibilityGlobals) = postSolution
		VisualSVNWorkingCopyRoot = .
	EndGlobalSection
EndGlobal
