
Microsoft Visual Studio Solution File, Format Version 12.00
# Visual Studio 2012
Project("{FAE04EC0-301F-11D3-BF4B-00C04F79EFBC}") = "XRT0000Q00", "XRT0000Q00\XRT0000Q00\XRT0000Q00.csproj", "{5E977D46-4F28-4E4B-836C-24D1AB740578}"
EndProject
Project("{FAE04EC0-301F-11D3-BF4B-00C04F79EFBC}") = "XRT0001U00", "XRT0001U00\XRT0001U00.csproj", "{60B3A8AC-0EEC-4D96-802E-2CD07118A52E}"
EndProject
Project("{FAE04EC0-301F-11D3-BF4B-00C04F79EFBC}") = "XRT0101U00", "XRT0101U00\XRT0101U00.csproj", "{5358C9FD-DC07-476E-84D8-0C45CB1C783A}"
EndProject
Project("{FAE04EC0-301F-11D3-BF4B-00C04F79EFBC}") = "XRT0101U01", "XRT0101U01\XRT0101U01.csproj", "{1F0D68DE-01F1-453C-95F9-3306E7910D5A}"
EndProject
Project("{FAE04EC0-301F-11D3-BF4B-00C04F79EFBC}") = "XRT0122Q00", "XRT0122Q00\XRT0122U00\XRT0122Q00.csproj", "{6F6F6E5F-1B0E-43C7-A417-E0BF54E6557B}"
EndProject
Project("{FAE04EC0-301F-11D3-BF4B-00C04F79EFBC}") = "XRT0122U00", "XRT0122U00\XRT0122U00\XRT0122U00.csproj", "{93F25EC0-DA8C-4446-882D-B36C91386244}"
EndProject
Project("{FAE04EC0-301F-11D3-BF4B-00C04F79EFBC}") = "XRT0123U00", "XRT0123U00\XRT0123U00.csproj", "{89E51E14-58E4-4032-89F3-41AD915CACDA}"
EndProject
Project("{FAE04EC0-301F-11D3-BF4B-00C04F79EFBC}") = "XRT0201U00", "XRT0201U00\XRT0201U00.csproj", "{E157A68E-6D34-410B-BC00-D3458E489A77}"
EndProject
Project("{FAE04EC0-301F-11D3-BF4B-00C04F79EFBC}") = "XRTS.XRT1002U00", "XRT1002U00\XRTS.XRT1002U00.csproj", "{624723BA-95D6-4820-ABFB-6ADF57AE86C2}"
EndProject
Project("{FAE04EC0-301F-11D3-BF4B-00C04F79EFBC}") = "XRT7001Q01", "XRT7001Q01\XRT7001Q01.csproj", "{2FF22D43-7779-44F1-8922-8ED5C5ACD83B}"
EndProject
Project("{FAE04EC0-301F-11D3-BF4B-00C04F79EFBC}") = "XRT9001R01", "XRT9001R01\XRT9001R01.csproj", "{E6978C55-0C2D-4C28-AF83-503A569C55FD}"
EndProject
Project("{FAE04EC0-301F-11D3-BF4B-00C04F79EFBC}") = "XRT9001R02", "XRT9001R02\XRT9001R02.csproj", "{07018235-BEAA-460B-AC7D-151ECED58D1B}"
EndProject
Project("{FAE04EC0-301F-11D3-BF4B-00C04F79EFBC}") = "XRT9001R03", "XRT9001R03\XRT9001R03.csproj", "{839F95E2-54FF-4AC6-888E-2E60FA935E5A}"
EndProject
Project("{FAE04EC0-301F-11D3-BF4B-00C04F79EFBC}") = "XRT9001R04", "XRT9001R04\XRT9001R04.csproj", "{921D841C-E73E-4697-AFF6-A6FB8D784948}"
EndProject
Global
	GlobalSection(SolutionConfigurationPlatforms) = preSolution
		Debug|Any CPU = Debug|Any CPU
		Debug|x86 = Debug|x86
		Release|Any CPU = Release|Any CPU
		Release|x86 = Release|x86
	EndGlobalSection
	GlobalSection(ProjectConfigurationPlatforms) = postSolution
		{5E977D46-4F28-4E4B-836C-24D1AB740578}.Debug|Any CPU.ActiveCfg = Debug|Any CPU
		{5E977D46-4F28-4E4B-836C-24D1AB740578}.Debug|Any CPU.Build.0 = Debug|Any CPU
		{5E977D46-4F28-4E4B-836C-24D1AB740578}.Debug|x86.ActiveCfg = Debug|x86
		{5E977D46-4F28-4E4B-836C-24D1AB740578}.Debug|x86.Build.0 = Debug|x86
		{5E977D46-4F28-4E4B-836C-24D1AB740578}.Release|Any CPU.ActiveCfg = Release|Any CPU
		{5E977D46-4F28-4E4B-836C-24D1AB740578}.Release|Any CPU.Build.0 = Release|Any CPU
		{5E977D46-4F28-4E4B-836C-24D1AB740578}.Release|x86.ActiveCfg = Release|x86
		{5E977D46-4F28-4E4B-836C-24D1AB740578}.Release|x86.Build.0 = Release|x86
		{60B3A8AC-0EEC-4D96-802E-2CD07118A52E}.Debug|Any CPU.ActiveCfg = Debug|Any CPU
		{60B3A8AC-0EEC-4D96-802E-2CD07118A52E}.Debug|Any CPU.Build.0 = Debug|Any CPU
		{60B3A8AC-0EEC-4D96-802E-2CD07118A52E}.Debug|x86.ActiveCfg = Debug|x86
		{60B3A8AC-0EEC-4D96-802E-2CD07118A52E}.Debug|x86.Build.0 = Debug|x86
		{60B3A8AC-0EEC-4D96-802E-2CD07118A52E}.Release|Any CPU.ActiveCfg = Release|Any CPU
		{60B3A8AC-0EEC-4D96-802E-2CD07118A52E}.Release|Any CPU.Build.0 = Release|Any CPU
		{60B3A8AC-0EEC-4D96-802E-2CD07118A52E}.Release|x86.ActiveCfg = Release|x86
		{60B3A8AC-0EEC-4D96-802E-2CD07118A52E}.Release|x86.Build.0 = Release|x86
		{5358C9FD-DC07-476E-84D8-0C45CB1C783A}.Debug|Any CPU.ActiveCfg = Debug|Any CPU
		{5358C9FD-DC07-476E-84D8-0C45CB1C783A}.Debug|Any CPU.Build.0 = Debug|Any CPU
		{5358C9FD-DC07-476E-84D8-0C45CB1C783A}.Debug|x86.ActiveCfg = Debug|x86
		{5358C9FD-DC07-476E-84D8-0C45CB1C783A}.Debug|x86.Build.0 = Debug|x86
		{5358C9FD-DC07-476E-84D8-0C45CB1C783A}.Release|Any CPU.ActiveCfg = Release|Any CPU
		{5358C9FD-DC07-476E-84D8-0C45CB1C783A}.Release|Any CPU.Build.0 = Release|Any CPU
		{5358C9FD-DC07-476E-84D8-0C45CB1C783A}.Release|x86.ActiveCfg = Release|x86
		{5358C9FD-DC07-476E-84D8-0C45CB1C783A}.Release|x86.Build.0 = Release|x86
		{1F0D68DE-01F1-453C-95F9-3306E7910D5A}.Debug|Any CPU.ActiveCfg = Debug|Any CPU
		{1F0D68DE-01F1-453C-95F9-3306E7910D5A}.Debug|Any CPU.Build.0 = Debug|Any CPU
		{1F0D68DE-01F1-453C-95F9-3306E7910D5A}.Debug|x86.ActiveCfg = Debug|x86
		{1F0D68DE-01F1-453C-95F9-3306E7910D5A}.Debug|x86.Build.0 = Debug|x86
		{1F0D68DE-01F1-453C-95F9-3306E7910D5A}.Release|Any CPU.ActiveCfg = Release|Any CPU
		{1F0D68DE-01F1-453C-95F9-3306E7910D5A}.Release|Any CPU.Build.0 = Release|Any CPU
		{1F0D68DE-01F1-453C-95F9-3306E7910D5A}.Release|x86.ActiveCfg = Release|x86
		{1F0D68DE-01F1-453C-95F9-3306E7910D5A}.Release|x86.Build.0 = Release|x86
		{6F6F6E5F-1B0E-43C7-A417-E0BF54E6557B}.Debug|Any CPU.ActiveCfg = Debug|Any CPU
		{6F6F6E5F-1B0E-43C7-A417-E0BF54E6557B}.Debug|Any CPU.Build.0 = Debug|Any CPU
		{6F6F6E5F-1B0E-43C7-A417-E0BF54E6557B}.Debug|x86.ActiveCfg = Debug|x86
		{6F6F6E5F-1B0E-43C7-A417-E0BF54E6557B}.Debug|x86.Build.0 = Debug|x86
		{6F6F6E5F-1B0E-43C7-A417-E0BF54E6557B}.Release|Any CPU.ActiveCfg = Release|Any CPU
		{6F6F6E5F-1B0E-43C7-A417-E0BF54E6557B}.Release|Any CPU.Build.0 = Release|Any CPU
		{6F6F6E5F-1B0E-43C7-A417-E0BF54E6557B}.Release|x86.ActiveCfg = Release|x86
		{6F6F6E5F-1B0E-43C7-A417-E0BF54E6557B}.Release|x86.Build.0 = Release|x86
		{93F25EC0-DA8C-4446-882D-B36C91386244}.Debug|Any CPU.ActiveCfg = Debug|Any CPU
		{93F25EC0-DA8C-4446-882D-B36C91386244}.Debug|Any CPU.Build.0 = Debug|Any CPU
		{93F25EC0-DA8C-4446-882D-B36C91386244}.Debug|x86.ActiveCfg = Debug|x86
		{93F25EC0-DA8C-4446-882D-B36C91386244}.Debug|x86.Build.0 = Debug|x86
		{93F25EC0-DA8C-4446-882D-B36C91386244}.Release|Any CPU.ActiveCfg = Release|Any CPU
		{93F25EC0-DA8C-4446-882D-B36C91386244}.Release|Any CPU.Build.0 = Release|Any CPU
		{93F25EC0-DA8C-4446-882D-B36C91386244}.Release|x86.ActiveCfg = Release|x86
		{93F25EC0-DA8C-4446-882D-B36C91386244}.Release|x86.Build.0 = Release|x86
		{89E51E14-58E4-4032-89F3-41AD915CACDA}.Debug|Any CPU.ActiveCfg = Debug|Any CPU
		{89E51E14-58E4-4032-89F3-41AD915CACDA}.Debug|Any CPU.Build.0 = Debug|Any CPU
		{89E51E14-58E4-4032-89F3-41AD915CACDA}.Debug|x86.ActiveCfg = Debug|x86
		{89E51E14-58E4-4032-89F3-41AD915CACDA}.Debug|x86.Build.0 = Debug|x86
		{89E51E14-58E4-4032-89F3-41AD915CACDA}.Release|Any CPU.ActiveCfg = Release|Any CPU
		{89E51E14-58E4-4032-89F3-41AD915CACDA}.Release|Any CPU.Build.0 = Release|Any CPU
		{89E51E14-58E4-4032-89F3-41AD915CACDA}.Release|x86.ActiveCfg = Release|x86
		{89E51E14-58E4-4032-89F3-41AD915CACDA}.Release|x86.Build.0 = Release|x86
		{E157A68E-6D34-410B-BC00-D3458E489A77}.Debug|Any CPU.ActiveCfg = Debug|Any CPU
		{E157A68E-6D34-410B-BC00-D3458E489A77}.Debug|Any CPU.Build.0 = Debug|Any CPU
		{E157A68E-6D34-410B-BC00-D3458E489A77}.Debug|x86.ActiveCfg = Debug|x86
		{E157A68E-6D34-410B-BC00-D3458E489A77}.Debug|x86.Build.0 = Debug|x86
		{E157A68E-6D34-410B-BC00-D3458E489A77}.Release|Any CPU.ActiveCfg = Release|Any CPU
		{E157A68E-6D34-410B-BC00-D3458E489A77}.Release|Any CPU.Build.0 = Release|Any CPU
		{E157A68E-6D34-410B-BC00-D3458E489A77}.Release|x86.ActiveCfg = Release|x86
		{E157A68E-6D34-410B-BC00-D3458E489A77}.Release|x86.Build.0 = Release|x86
		{624723BA-95D6-4820-ABFB-6ADF57AE86C2}.Debug|Any CPU.ActiveCfg = Debug|Any CPU
		{624723BA-95D6-4820-ABFB-6ADF57AE86C2}.Debug|Any CPU.Build.0 = Debug|Any CPU
		{624723BA-95D6-4820-ABFB-6ADF57AE86C2}.Debug|x86.ActiveCfg = Debug|x86
		{624723BA-95D6-4820-ABFB-6ADF57AE86C2}.Debug|x86.Build.0 = Debug|x86
		{624723BA-95D6-4820-ABFB-6ADF57AE86C2}.Release|Any CPU.ActiveCfg = Release|Any CPU
		{624723BA-95D6-4820-ABFB-6ADF57AE86C2}.Release|Any CPU.Build.0 = Release|Any CPU
		{624723BA-95D6-4820-ABFB-6ADF57AE86C2}.Release|x86.ActiveCfg = Release|x86
		{624723BA-95D6-4820-ABFB-6ADF57AE86C2}.Release|x86.Build.0 = Release|x86
		{2FF22D43-7779-44F1-8922-8ED5C5ACD83B}.Debug|Any CPU.ActiveCfg = Debug|Any CPU
		{2FF22D43-7779-44F1-8922-8ED5C5ACD83B}.Debug|Any CPU.Build.0 = Debug|Any CPU
		{2FF22D43-7779-44F1-8922-8ED5C5ACD83B}.Debug|x86.ActiveCfg = Debug|x86
		{2FF22D43-7779-44F1-8922-8ED5C5ACD83B}.Debug|x86.Build.0 = Debug|x86
		{2FF22D43-7779-44F1-8922-8ED5C5ACD83B}.Release|Any CPU.ActiveCfg = Release|Any CPU
		{2FF22D43-7779-44F1-8922-8ED5C5ACD83B}.Release|Any CPU.Build.0 = Release|Any CPU
		{2FF22D43-7779-44F1-8922-8ED5C5ACD83B}.Release|x86.ActiveCfg = Release|x86
		{2FF22D43-7779-44F1-8922-8ED5C5ACD83B}.Release|x86.Build.0 = Release|x86
		{E6978C55-0C2D-4C28-AF83-503A569C55FD}.Debug|Any CPU.ActiveCfg = Debug|Any CPU
		{E6978C55-0C2D-4C28-AF83-503A569C55FD}.Debug|Any CPU.Build.0 = Debug|Any CPU
		{E6978C55-0C2D-4C28-AF83-503A569C55FD}.Debug|x86.ActiveCfg = Debug|x86
		{E6978C55-0C2D-4C28-AF83-503A569C55FD}.Debug|x86.Build.0 = Debug|x86
		{E6978C55-0C2D-4C28-AF83-503A569C55FD}.Release|Any CPU.ActiveCfg = Release|Any CPU
		{E6978C55-0C2D-4C28-AF83-503A569C55FD}.Release|Any CPU.Build.0 = Release|Any CPU
		{E6978C55-0C2D-4C28-AF83-503A569C55FD}.Release|x86.ActiveCfg = Release|x86
		{E6978C55-0C2D-4C28-AF83-503A569C55FD}.Release|x86.Build.0 = Release|x86
		{07018235-BEAA-460B-AC7D-151ECED58D1B}.Debug|Any CPU.ActiveCfg = Debug|Any CPU
		{07018235-BEAA-460B-AC7D-151ECED58D1B}.Debug|Any CPU.Build.0 = Debug|Any CPU
		{07018235-BEAA-460B-AC7D-151ECED58D1B}.Debug|x86.ActiveCfg = Debug|x86
		{07018235-BEAA-460B-AC7D-151ECED58D1B}.Debug|x86.Build.0 = Debug|x86
		{07018235-BEAA-460B-AC7D-151ECED58D1B}.Release|Any CPU.ActiveCfg = Release|Any CPU
		{07018235-BEAA-460B-AC7D-151ECED58D1B}.Release|Any CPU.Build.0 = Release|Any CPU
		{07018235-BEAA-460B-AC7D-151ECED58D1B}.Release|x86.ActiveCfg = Release|x86
		{07018235-BEAA-460B-AC7D-151ECED58D1B}.Release|x86.Build.0 = Release|x86
		{839F95E2-54FF-4AC6-888E-2E60FA935E5A}.Debug|Any CPU.ActiveCfg = Debug|Any CPU
		{839F95E2-54FF-4AC6-888E-2E60FA935E5A}.Debug|Any CPU.Build.0 = Debug|Any CPU
		{839F95E2-54FF-4AC6-888E-2E60FA935E5A}.Debug|x86.ActiveCfg = Debug|x86
		{839F95E2-54FF-4AC6-888E-2E60FA935E5A}.Debug|x86.Build.0 = Debug|x86
		{839F95E2-54FF-4AC6-888E-2E60FA935E5A}.Release|Any CPU.ActiveCfg = Release|Any CPU
		{839F95E2-54FF-4AC6-888E-2E60FA935E5A}.Release|Any CPU.Build.0 = Release|Any CPU
		{839F95E2-54FF-4AC6-888E-2E60FA935E5A}.Release|x86.ActiveCfg = Release|x86
		{839F95E2-54FF-4AC6-888E-2E60FA935E5A}.Release|x86.Build.0 = Release|x86
		{921D841C-E73E-4697-AFF6-A6FB8D784948}.Debug|Any CPU.ActiveCfg = Debug|Any CPU
		{921D841C-E73E-4697-AFF6-A6FB8D784948}.Debug|Any CPU.Build.0 = Debug|Any CPU
		{921D841C-E73E-4697-AFF6-A6FB8D784948}.Debug|x86.ActiveCfg = Debug|x86
		{921D841C-E73E-4697-AFF6-A6FB8D784948}.Debug|x86.Build.0 = Debug|x86
		{921D841C-E73E-4697-AFF6-A6FB8D784948}.Release|Any CPU.ActiveCfg = Release|Any CPU
		{921D841C-E73E-4697-AFF6-A6FB8D784948}.Release|Any CPU.Build.0 = Release|Any CPU
		{921D841C-E73E-4697-AFF6-A6FB8D784948}.Release|x86.ActiveCfg = Release|x86
		{921D841C-E73E-4697-AFF6-A6FB8D784948}.Release|x86.Build.0 = Release|x86
	EndGlobalSection
	GlobalSection(SolutionProperties) = preSolution
		HideSolutionNode = FALSE
	EndGlobalSection
	GlobalSection(ExtensibilityGlobals) = postSolution
		VisualSVNWorkingCopyRoot = .
	EndGlobalSection
EndGlobal
