Microsoft Visual Studio Solution File, Format Version 9.00
# Visual Studio 2005
Project("{FAE04EC0-301F-11D3-BF4B-00C04F79EFBC}") = "INVS.INV6000U00", "INVS.INV6000U00.csproj", "{583D62A2-0EA0-43C6-8CC5-53B1B8B132BF}"
EndProject
Global
	GlobalSection(SolutionConfigurationPlatforms) = preSolution
		Debug|Any CPU = Debug|Any CPU
		Release|Any CPU = Release|Any CPU
	EndGlobalSection
	GlobalSection(ProjectConfigurationPlatforms) = postSolution
		{583D62A2-0EA0-43C6-8CC5-53B1B8B132BF}.Debug|Any CPU.ActiveCfg = Debug|x86
		{583D62A2-0EA0-43C6-8CC5-53B1B8B132BF}.Debug|Any CPU.Build.0 = Debug|x86
		{583D62A2-0EA0-43C6-8CC5-53B1B8B132BF}.Release|Any CPU.ActiveCfg = Release|Any CPU
		{583D62A2-0EA0-43C6-8CC5-53B1B8B132BF}.Release|Any CPU.Build.0 = Release|Any CPU
	EndGlobalSection
	GlobalSection(SolutionProperties) = preSolution
		HideSolutionNode = FALSE
	EndGlobalSection
EndGlobal
