
Microsoft Visual Studio Solution File, Format Version 12.00
# Visual Studio 2013
VisualStudioVersion = 12.0.30110.0
MinimumVisualStudioVersion = 10.0.40219.1
Project("{FAE04EC0-301F-11D3-BF4B-00C04F79EFBC}") = "OCSA.OCS0103U10", "ALL_ORDERS\OCSA.OCS0103U10\OCSA.OCS0103U10.csproj", "{B5CC340E-4DAF-4165-8E41-95CB652DF2FD}"
EndProject
Project("{FAE04EC0-301F-11D3-BF4B-00C04F79EFBC}") = "OCSA.OCS0103U11", "ALL_ORDERS\OCSA.OCS0103U11\OCSA.OCS0103U11.csproj", "{10AEF545-690D-4DBA-9319-A6902F5B9980}"
EndProject
Project("{FAE04EC0-301F-11D3-BF4B-00C04F79EFBC}") = "OCSA.OCS0103U12", "ALL_ORDERS\OCSA.OCS0103U12\OCSA.OCS0103U12.csproj", "{B7A3A0B2-397A-4E0D-B4A3-31F1B19681DD}"
EndProject
Project("{FAE04EC0-301F-11D3-BF4B-00C04F79EFBC}") = "OCSA.OCS0103U14", "ALL_ORDERS\OCSA.OCS0103U14\OCSA.OCS0103U14.csproj", "{C417FC3A-0263-422B-8AC1-9B88D872EACC}"
EndProject
Project("{FAE04EC0-301F-11D3-BF4B-00C04F79EFBC}") = "OCSA.OCS0103U15", "ALL_ORDERS\OCSA.OCS0103U15\OCSA.OCS0103U15.csproj", "{E1998F60-B04A-4B26-8D81-693BB296DBD8}"
EndProject
Project("{FAE04EC0-301F-11D3-BF4B-00C04F79EFBC}") = "OCSA.OCS0103U16", "ALL_ORDERS\OCSA.OCS0103U16\OCSA.OCS0103U16.csproj", "{43873534-62DA-413C-9502-00938BECBE0A}"
EndProject
Project("{FAE04EC0-301F-11D3-BF4B-00C04F79EFBC}") = "OCSA.OCS0103U17", "ALL_ORDERS\OCSA.OCS0103U17\OCSA.OCS0103U17.csproj", "{67904509-23C5-47D7-8052-29F7DB6BDDA8}"
EndProject
Project("{FAE04EC0-301F-11D3-BF4B-00C04F79EFBC}") = "OCSA.OCS0103U18", "ALL_ORDERS\OCSA.OCS0103U18\OCSA.OCS0103U18.csproj", "{B79F6E0F-566E-4065-AAF4-03E885D8DBD5}"
EndProject
Project("{FAE04EC0-301F-11D3-BF4B-00C04F79EFBC}") = "OCSA.OCS0103U19", "ALL_ORDERS\OCSA.OCS0103U19\OCSA.OCS0103U19.csproj", "{43C5949A-9E0B-4BF7-9D84-7F1D55E013DC}"
EndProject
Project("{FAE04EC0-301F-11D3-BF4B-00C04F79EFBC}") = "OCSA.DATAMODIFY", "DATAMODIFY\OCSA.DATAMODIFY.csproj", "{A3149975-25EA-41C8-AA90-DF7B519832B3}"
EndProject
Project("{FAE04EC0-301F-11D3-BF4B-00C04F79EFBC}") = "DOC4003U00", "DOC4003U00\DOC4003U00.csproj", "{58B12D8A-669B-40AE-8172-7F16CBF1909D}"
EndProject
Project("{FAE04EC0-301F-11D3-BF4B-00C04F79EFBC}") = "OCS0101U00", "OCS0101U00\OCS0101U00\OCS0101U00.csproj", "{45BFD1E9-B92E-43AA-BEF5-5FCBA553CE2C}"
EndProject
Project("{FAE04EC0-301F-11D3-BF4B-00C04F79EFBC}") = "OCS0103Q00", "OCS0103Q00\OCS0103Q00.csproj", "{370091B7-9FDD-4F9F-B300-EAE15C10BFFF}"
EndProject
Project("{FAE04EC0-301F-11D3-BF4B-00C04F79EFBC}") = "OCS0103Q01", "OCS0103Q01\OCS0103Q01.csproj", "{20D3CEE5-11D3-40B0-9485-A4B12665894D}"
EndProject
Project("{FAE04EC0-301F-11D3-BF4B-00C04F79EFBC}") = "OCS0103Q10", "OCS0103Q10\OCS0103Q10.csproj", "{4CB40FD3-1B4A-4E74-82E3-EC847E4DC600}"
EndProject
Project("{FAE04EC0-301F-11D3-BF4B-00C04F79EFBC}") = "OCS0103Q11", "OCS0103Q11\OCS0103Q11.csproj", "{8BCE036C-ECF7-4AB0-818A-7248ADD7DDBB}"
EndProject
Project("{FAE04EC0-301F-11D3-BF4B-00C04F79EFBC}") = "OCS0103Q12", "OCS0103Q12\OCS0103Q12.csproj", "{2CCE591D-5F34-4693-8B0F-02AE2F9D1877}"
EndProject
Project("{FAE04EC0-301F-11D3-BF4B-00C04F79EFBC}") = "OCS0103Q15", "OCS0103Q15\OCS0103Q15.csproj", "{2BEC34FE-44EA-4989-89AD-7AF6B842F47D}"
EndProject
Project("{FAE04EC0-301F-11D3-BF4B-00C04F79EFBC}") = "OCS0103Q16", "OCS0103Q16\OCS0103Q16.csproj", "{C6A510A1-D449-48AC-96E2-F61517E7E5BB}"
EndProject
Project("{FAE04EC0-301F-11D3-BF4B-00C04F79EFBC}") = "OCS0108U00", "OCS0108U00\OCS0108U00.csproj", "{20C3055E-8A30-44D3-92E8-B5BE36B6015D}"
EndProject
Project("{FAE04EC0-301F-11D3-BF4B-00C04F79EFBC}") = "OCS0113U00", "OCS0113U00\OCS0113U00.csproj", "{F5FFB12A-6EDE-4644-8BAB-6E345082E584}"
EndProject
Project("{FAE04EC0-301F-11D3-BF4B-00C04F79EFBC}") = "OCS0116U00", "OCS0116U00\OCS0116U00.csproj", "{E0F742A2-3026-4A18-B665-6B42EBC3D87A}"
EndProject
Project("{FAE04EC0-301F-11D3-BF4B-00C04F79EFBC}") = "OCS0118U00", "OCS0118U00\OCS0118U00.csproj", "{D17B7D3A-DA69-45B4-AE14-389787B6344D}"
EndProject
Project("{FAE04EC0-301F-11D3-BF4B-00C04F79EFBC}") = "OCS0122U00", "OCS0122U00\OCS0122U00.csproj", "{71310EF9-4494-4C84-92CC-AB2732405FC5}"
EndProject
Project("{FAE04EC0-301F-11D3-BF4B-00C04F79EFBC}") = "OCS0131U00", "OCS0131U00\OCS0131U00.csproj", "{0D14B055-C5D9-4ED7-BB92-EA64A68D3380}"
EndProject
Project("{FAE04EC0-301F-11D3-BF4B-00C04F79EFBC}") = "OCS0131U01", "OCS0131U01\OCS0131U01.csproj", "{59A717F9-D133-437D-82C1-CBD528B4EBB5}"
EndProject
Project("{FAE04EC0-301F-11D3-BF4B-00C04F79EFBC}") = "OCS0133U00", "OCS0133U00\OCS0133U00.csproj", "{429C23F2-355B-4E17-8FB7-1F9425C41A4A}"
EndProject
Project("{FAE04EC0-301F-11D3-BF4B-00C04F79EFBC}") = "OCS0201U00", "OCS0201U00\OCS0201U00.csproj", "{8EC79E36-FA42-40B3-BE42-73BBF697F28D}"
EndProject
Project("{FAE04EC0-301F-11D3-BF4B-00C04F79EFBC}") = "OCS0203U00", "OCS0203U00\OCS0203U00.csproj", "{75922EC2-6B7C-4914-BB27-63FB3ECE54B2}"
EndProject
Project("{FAE04EC0-301F-11D3-BF4B-00C04F79EFBC}") = "OCS0204Q00", "OCS0204Q00\OCS0204Q00.csproj", "{D3C3C0DF-0067-4034-B9A9-A2E8BC7218C0}"
EndProject
Project("{FAE04EC0-301F-11D3-BF4B-00C04F79EFBC}") = "OCS0204U00", "OCS0204U00\OCS0204U00.csproj", "{84FF957B-7D97-4BB9-AE31-038B173D1D51}"
EndProject
Project("{FAE04EC0-301F-11D3-BF4B-00C04F79EFBC}") = "OCS0206U00", "OCS0206U00\OCS0206U00.csproj", "{E5514261-790A-433B-83CB-C53D0457FC6B}"
EndProject
Project("{FAE04EC0-301F-11D3-BF4B-00C04F79EFBC}") = "OCS0208Q00", "OCS0208Q00\OCS0208Q00.csproj", "{3500EC97-6F53-4F4E-8B5E-A380180E514F}"
EndProject
Project("{FAE04EC0-301F-11D3-BF4B-00C04F79EFBC}") = "OCS0208Q01", "OCS0208Q01\OCS0208Q01.csproj", "{FC19E09F-A45A-47B0-B292-EC9E16CF36CE}"
EndProject
Project("{FAE04EC0-301F-11D3-BF4B-00C04F79EFBC}") = "OCS0208U00", "OCS0208U00\OCS0208U00.csproj", "{9B68F40C-CFD4-4BFC-93F0-9341E6A3409E}"
EndProject
Project("{FAE04EC0-301F-11D3-BF4B-00C04F79EFBC}") = "OCS0221Q01", "OCS0221Q01\OCS0221Q01.csproj", "{D427135D-0DE2-45AC-B5EE-944468574890}"
EndProject
Project("{FAE04EC0-301F-11D3-BF4B-00C04F79EFBC}") = "OCS0221U00", "OCS0221U00\OCS0221U00.csproj", "{E45CFDD7-C888-4E4F-970B-158CFD48546E}"
EndProject
Project("{FAE04EC0-301F-11D3-BF4B-00C04F79EFBC}") = "OCS0223U00", "OCS0223U00\OCS0223U00.csproj", "{26B0B2EE-9431-404B-B3BD-BCDC49B4628C}"
EndProject
Project("{FAE04EC0-301F-11D3-BF4B-00C04F79EFBC}") = "OCSA.OCS0270Q00", "OCS0270Q00\OCSA.OCS0270Q00.csproj", "{BA050F7B-7EA8-4CDD-822E-636B19706A1F}"
EndProject
Project("{FAE04EC0-301F-11D3-BF4B-00C04F79EFBC}") = "OCS0301Q00", "OCS0301Q00\OCS0301Q00.csproj", "{683435E9-CF78-4828-905D-A6FCA51A6AC4}"
EndProject
Project("{FAE04EC0-301F-11D3-BF4B-00C04F79EFBC}") = "OCS0301Q01", "OCS0301Q01\OCS0301Q01.csproj", "{EFF2F1D8-256B-4C90-BAC4-86928EE875C4}"
EndProject
Project("{FAE04EC0-301F-11D3-BF4B-00C04F79EFBC}") = "OCS0301Q09", "OCS0301Q09\OCS0301Q09.csproj", "{AB6A78C7-D2BD-45B0-87E9-E6C1EF37373D}"
EndProject
Project("{FAE04EC0-301F-11D3-BF4B-00C04F79EFBC}") = "OCS0304Q00", "OCS0304Q00\OCS0304Q00.csproj", "{F2BB5572-5571-4A91-B0D1-9A1544B007D9}"
EndProject
Project("{FAE04EC0-301F-11D3-BF4B-00C04F79EFBC}") = "OCS0304U00", "OCS0304U00\OCS0304U00.csproj", "{24D23750-20D0-41ED-9A80-5E148CE180AE}"
EndProject
Project("{FAE04EC0-301F-11D3-BF4B-00C04F79EFBC}") = "OCS0311Q00", "OCS0311Q00\OCS0311Q00.csproj", "{40ABE714-2BD6-4F8F-A36B-DF0385471265}"
EndProject
Project("{FAE04EC0-301F-11D3-BF4B-00C04F79EFBC}") = "OCS0311U00", "OCS0311U00\OCS0311U00.csproj", "{5358C9FD-DC07-476E-84D8-0C45CB1C783A}"
EndProject
Project("{FAE04EC0-301F-11D3-BF4B-00C04F79EFBC}") = "OCS0323Q00", "OCS0323Q00\OCS0323Q00.csproj", "{990ECEF7-B8AC-4EBF-AE0B-729C3A4F3EBB}"
EndProject
Project("{FAE04EC0-301F-11D3-BF4B-00C04F79EFBC}") = "OCS0503Q00", "OCS0503Q00\OCS0503Q00.csproj", "{B150AA72-A123-4AD0-B4D0-9352CD1473AF}"
EndProject
Project("{FAE04EC0-301F-11D3-BF4B-00C04F79EFBC}") = "OCS0503Q01", "OCS0503Q01\OCS0503Q01.csproj", "{AF72B3B5-E3BF-4F9A-A92A-23080CE1B690}"
EndProject
Project("{FAE04EC0-301F-11D3-BF4B-00C04F79EFBC}") = "OCS0503U00", "OCS0503U00\OCS0503U00.csproj", "{9967930D-8276-445F-A50B-6E732EF9337D}"
EndProject
Project("{FAE04EC0-301F-11D3-BF4B-00C04F79EFBC}") = "OCS0503U01", "OCS0503U01\OCS0503U01.csproj", "{C57540BF-F171-4181-AA2D-2CFA1DF0A8EE}"
EndProject
Project("{FAE04EC0-301F-11D3-BF4B-00C04F79EFBC}") = "OCS0801U00", "OCS0801U00\OCS0801U00.csproj", "{09B42308-4405-430B-AA6E-1C306424EA62}"
EndProject
Project("{FAE04EC0-301F-11D3-BF4B-00C04F79EFBC}") = "OCS0803U00", "OCS0803U00\OCS0803U00.csproj", "{A7C8A386-FB10-484D-B97D-914C7CFD5894}"
EndProject
Project("{FAE04EC0-301F-11D3-BF4B-00C04F79EFBC}") = "OCSA.Lib.Images", "OCSA.Lib.Images\OCSA.Lib.Images.csproj", "{3B720E19-FF99-4F1B-A1F5-104DECAF86F9}"
EndProject
Project("{FAE04EC0-301F-11D3-BF4B-00C04F79EFBC}") = "OCSA.OCS0100U00", "OCSA.OCS0100U00\OCSA.OCS0100U00.csproj", "{628809E8-5B95-497A-B41F-5FD036079AB8}"
EndProject
Project("{FAE04EC0-301F-11D3-BF4B-00C04F79EFBC}") = "OCSA.OCS0103U00", "OCSA.OCS0103U00\OCSA.OCS0103U00.csproj", "{7B6F4571-AD82-4514-BFFE-2A72B0B12116}"
EndProject
Project("{FAE04EC0-301F-11D3-BF4B-00C04F79EFBC}") = "OCSA.OCS0150U00", "OCSA.OCS0150U00\OCSA.OCS0150U00.csproj", "{35BCE41E-C998-4EF1-823D-D9BEAAC76759}"
EndProject
Project("{FAE04EC0-301F-11D3-BF4B-00C04F79EFBC}") = "OCSA.OCS0304Q00", "OCSA.OCS0304Q00\OCSA.OCS0304Q00.csproj", "{0520B807-D0BB-4BE2-BC70-FDAAF663E3D2}"
EndProject
Project("{FAE04EC0-301F-11D3-BF4B-00C04F79EFBC}") = "OCSA.OCSAPPROVE", "OCSA.OCSAPPROVE\OCSA.OCSAPPROVE\OCSA.OCSAPPROVE.csproj", "{049EC96B-24DB-44B4-8E37-8E266D12729C}"
EndProject
Project("{FAE04EC0-301F-11D3-BF4B-00C04F79EFBC}") = "OCSA.OCS0103U13", "ALL_ORDERS\OCSA.OCS0103U13\OCSA.OCS0103U13.csproj", "{608B04A5-EEC9-4892-88B5-38DA19FBAE11}"
EndProject
Project("{FAE04EC0-301F-11D3-BF4B-00C04F79EFBC}") = "OCSA.OCS0301U00", "OCSA.OCS0301U00\OCSA.OCS0301U00\OCSA.OCS0301U00.csproj", "{3D18E631-FDB3-402E-9679-552448F1AC3B}"
EndProject
Project("{FAE04EC0-301F-11D3-BF4B-00C04F79EFBC}") = "OCS3003Q10", "OCSA.OCS3003Q10\OCS3003Q10.csproj", "{DA18518F-5AE5-4CC2-B600-C7B6EB9337BA}"
EndProject
Project("{FAE04EC0-301F-11D3-BF4B-00C04F79EFBC}") = "GridOrders", "GridOrders\GridOrders.csproj", "{6C17C17F-5AA7-4F87-884C-41D793EFD54F}"
EndProject
Global
	GlobalSection(SolutionConfigurationPlatforms) = preSolution
		Debug|Any CPU = Debug|Any CPU
		Debug|x86 = Debug|x86
		Release|Any CPU = Release|Any CPU
		Release|x86 = Release|x86
	EndGlobalSection
	GlobalSection(ProjectConfigurationPlatforms) = postSolution
		{B5CC340E-4DAF-4165-8E41-95CB652DF2FD}.Debug|Any CPU.ActiveCfg = Debug|Any CPU
		{B5CC340E-4DAF-4165-8E41-95CB652DF2FD}.Debug|Any CPU.Build.0 = Debug|Any CPU
		{B5CC340E-4DAF-4165-8E41-95CB652DF2FD}.Debug|x86.ActiveCfg = Debug|x86
		{B5CC340E-4DAF-4165-8E41-95CB652DF2FD}.Debug|x86.Build.0 = Debug|x86
		{B5CC340E-4DAF-4165-8E41-95CB652DF2FD}.Release|Any CPU.ActiveCfg = Release|Any CPU
		{B5CC340E-4DAF-4165-8E41-95CB652DF2FD}.Release|Any CPU.Build.0 = Release|Any CPU
		{B5CC340E-4DAF-4165-8E41-95CB652DF2FD}.Release|x86.ActiveCfg = Release|x86
		{B5CC340E-4DAF-4165-8E41-95CB652DF2FD}.Release|x86.Build.0 = Release|x86
		{10AEF545-690D-4DBA-9319-A6902F5B9980}.Debug|Any CPU.ActiveCfg = Debug|Any CPU
		{10AEF545-690D-4DBA-9319-A6902F5B9980}.Debug|Any CPU.Build.0 = Debug|Any CPU
		{10AEF545-690D-4DBA-9319-A6902F5B9980}.Debug|x86.ActiveCfg = Debug|x86
		{10AEF545-690D-4DBA-9319-A6902F5B9980}.Debug|x86.Build.0 = Debug|x86
		{10AEF545-690D-4DBA-9319-A6902F5B9980}.Release|Any CPU.ActiveCfg = Release|Any CPU
		{10AEF545-690D-4DBA-9319-A6902F5B9980}.Release|Any CPU.Build.0 = Release|Any CPU
		{10AEF545-690D-4DBA-9319-A6902F5B9980}.Release|x86.ActiveCfg = Release|x86
		{10AEF545-690D-4DBA-9319-A6902F5B9980}.Release|x86.Build.0 = Release|x86
		{B7A3A0B2-397A-4E0D-B4A3-31F1B19681DD}.Debug|Any CPU.ActiveCfg = Debug|Any CPU
		{B7A3A0B2-397A-4E0D-B4A3-31F1B19681DD}.Debug|Any CPU.Build.0 = Debug|Any CPU
		{B7A3A0B2-397A-4E0D-B4A3-31F1B19681DD}.Debug|x86.ActiveCfg = Debug|x86
		{B7A3A0B2-397A-4E0D-B4A3-31F1B19681DD}.Debug|x86.Build.0 = Debug|x86
		{B7A3A0B2-397A-4E0D-B4A3-31F1B19681DD}.Release|Any CPU.ActiveCfg = Release|Any CPU
		{B7A3A0B2-397A-4E0D-B4A3-31F1B19681DD}.Release|Any CPU.Build.0 = Release|Any CPU
		{B7A3A0B2-397A-4E0D-B4A3-31F1B19681DD}.Release|x86.ActiveCfg = Release|x86
		{B7A3A0B2-397A-4E0D-B4A3-31F1B19681DD}.Release|x86.Build.0 = Release|x86
		{C417FC3A-0263-422B-8AC1-9B88D872EACC}.Debug|Any CPU.ActiveCfg = Debug|Any CPU
		{C417FC3A-0263-422B-8AC1-9B88D872EACC}.Debug|Any CPU.Build.0 = Debug|Any CPU
		{C417FC3A-0263-422B-8AC1-9B88D872EACC}.Debug|x86.ActiveCfg = Debug|x86
		{C417FC3A-0263-422B-8AC1-9B88D872EACC}.Debug|x86.Build.0 = Debug|x86
		{C417FC3A-0263-422B-8AC1-9B88D872EACC}.Release|Any CPU.ActiveCfg = Release|Any CPU
		{C417FC3A-0263-422B-8AC1-9B88D872EACC}.Release|Any CPU.Build.0 = Release|Any CPU
		{C417FC3A-0263-422B-8AC1-9B88D872EACC}.Release|x86.ActiveCfg = Release|x86
		{C417FC3A-0263-422B-8AC1-9B88D872EACC}.Release|x86.Build.0 = Release|x86
		{E1998F60-B04A-4B26-8D81-693BB296DBD8}.Debug|Any CPU.ActiveCfg = Debug|Any CPU
		{E1998F60-B04A-4B26-8D81-693BB296DBD8}.Debug|Any CPU.Build.0 = Debug|Any CPU
		{E1998F60-B04A-4B26-8D81-693BB296DBD8}.Debug|x86.ActiveCfg = Debug|x86
		{E1998F60-B04A-4B26-8D81-693BB296DBD8}.Debug|x86.Build.0 = Debug|x86
		{E1998F60-B04A-4B26-8D81-693BB296DBD8}.Release|Any CPU.ActiveCfg = Release|Any CPU
		{E1998F60-B04A-4B26-8D81-693BB296DBD8}.Release|Any CPU.Build.0 = Release|Any CPU
		{E1998F60-B04A-4B26-8D81-693BB296DBD8}.Release|x86.ActiveCfg = Release|x86
		{E1998F60-B04A-4B26-8D81-693BB296DBD8}.Release|x86.Build.0 = Release|x86
		{43873534-62DA-413C-9502-00938BECBE0A}.Debug|Any CPU.ActiveCfg = Debug|Any CPU
		{43873534-62DA-413C-9502-00938BECBE0A}.Debug|Any CPU.Build.0 = Debug|Any CPU
		{43873534-62DA-413C-9502-00938BECBE0A}.Debug|x86.ActiveCfg = Debug|x86
		{43873534-62DA-413C-9502-00938BECBE0A}.Debug|x86.Build.0 = Debug|x86
		{43873534-62DA-413C-9502-00938BECBE0A}.Release|Any CPU.ActiveCfg = Release|Any CPU
		{43873534-62DA-413C-9502-00938BECBE0A}.Release|Any CPU.Build.0 = Release|Any CPU
		{43873534-62DA-413C-9502-00938BECBE0A}.Release|x86.ActiveCfg = Release|x86
		{43873534-62DA-413C-9502-00938BECBE0A}.Release|x86.Build.0 = Release|x86
		{67904509-23C5-47D7-8052-29F7DB6BDDA8}.Debug|Any CPU.ActiveCfg = Debug|Any CPU
		{67904509-23C5-47D7-8052-29F7DB6BDDA8}.Debug|Any CPU.Build.0 = Debug|Any CPU
		{67904509-23C5-47D7-8052-29F7DB6BDDA8}.Debug|x86.ActiveCfg = Debug|x86
		{67904509-23C5-47D7-8052-29F7DB6BDDA8}.Debug|x86.Build.0 = Debug|x86
		{67904509-23C5-47D7-8052-29F7DB6BDDA8}.Release|Any CPU.ActiveCfg = Release|Any CPU
		{67904509-23C5-47D7-8052-29F7DB6BDDA8}.Release|Any CPU.Build.0 = Release|Any CPU
		{67904509-23C5-47D7-8052-29F7DB6BDDA8}.Release|x86.ActiveCfg = Release|x86
		{67904509-23C5-47D7-8052-29F7DB6BDDA8}.Release|x86.Build.0 = Release|x86
		{B79F6E0F-566E-4065-AAF4-03E885D8DBD5}.Debug|Any CPU.ActiveCfg = Debug|Any CPU
		{B79F6E0F-566E-4065-AAF4-03E885D8DBD5}.Debug|Any CPU.Build.0 = Debug|Any CPU
		{B79F6E0F-566E-4065-AAF4-03E885D8DBD5}.Debug|x86.ActiveCfg = Debug|x86
		{B79F6E0F-566E-4065-AAF4-03E885D8DBD5}.Debug|x86.Build.0 = Debug|x86
		{B79F6E0F-566E-4065-AAF4-03E885D8DBD5}.Release|Any CPU.ActiveCfg = Release|Any CPU
		{B79F6E0F-566E-4065-AAF4-03E885D8DBD5}.Release|Any CPU.Build.0 = Release|Any CPU
		{B79F6E0F-566E-4065-AAF4-03E885D8DBD5}.Release|x86.ActiveCfg = Release|x86
		{B79F6E0F-566E-4065-AAF4-03E885D8DBD5}.Release|x86.Build.0 = Release|x86
		{43C5949A-9E0B-4BF7-9D84-7F1D55E013DC}.Debug|Any CPU.ActiveCfg = Debug|Any CPU
		{43C5949A-9E0B-4BF7-9D84-7F1D55E013DC}.Debug|Any CPU.Build.0 = Debug|Any CPU
		{43C5949A-9E0B-4BF7-9D84-7F1D55E013DC}.Debug|x86.ActiveCfg = Debug|x86
		{43C5949A-9E0B-4BF7-9D84-7F1D55E013DC}.Debug|x86.Build.0 = Debug|x86
		{43C5949A-9E0B-4BF7-9D84-7F1D55E013DC}.Release|Any CPU.ActiveCfg = Release|Any CPU
		{43C5949A-9E0B-4BF7-9D84-7F1D55E013DC}.Release|Any CPU.Build.0 = Release|Any CPU
		{43C5949A-9E0B-4BF7-9D84-7F1D55E013DC}.Release|x86.ActiveCfg = Release|x86
		{43C5949A-9E0B-4BF7-9D84-7F1D55E013DC}.Release|x86.Build.0 = Release|x86
		{A3149975-25EA-41C8-AA90-DF7B519832B3}.Debug|Any CPU.ActiveCfg = Debug|Any CPU
		{A3149975-25EA-41C8-AA90-DF7B519832B3}.Debug|Any CPU.Build.0 = Debug|Any CPU
		{A3149975-25EA-41C8-AA90-DF7B519832B3}.Debug|x86.ActiveCfg = Debug|x86
		{A3149975-25EA-41C8-AA90-DF7B519832B3}.Debug|x86.Build.0 = Debug|x86
		{A3149975-25EA-41C8-AA90-DF7B519832B3}.Release|Any CPU.ActiveCfg = Release|Any CPU
		{A3149975-25EA-41C8-AA90-DF7B519832B3}.Release|Any CPU.Build.0 = Release|Any CPU
		{A3149975-25EA-41C8-AA90-DF7B519832B3}.Release|x86.ActiveCfg = Release|x86
		{A3149975-25EA-41C8-AA90-DF7B519832B3}.Release|x86.Build.0 = Release|x86
		{58B12D8A-669B-40AE-8172-7F16CBF1909D}.Debug|Any CPU.ActiveCfg = Debug|Any CPU
		{58B12D8A-669B-40AE-8172-7F16CBF1909D}.Debug|Any CPU.Build.0 = Debug|Any CPU
		{58B12D8A-669B-40AE-8172-7F16CBF1909D}.Debug|x86.ActiveCfg = Debug|x86
		{58B12D8A-669B-40AE-8172-7F16CBF1909D}.Debug|x86.Build.0 = Debug|x86
		{58B12D8A-669B-40AE-8172-7F16CBF1909D}.Release|Any CPU.ActiveCfg = Release|Any CPU
		{58B12D8A-669B-40AE-8172-7F16CBF1909D}.Release|Any CPU.Build.0 = Release|Any CPU
		{58B12D8A-669B-40AE-8172-7F16CBF1909D}.Release|x86.ActiveCfg = Release|x86
		{58B12D8A-669B-40AE-8172-7F16CBF1909D}.Release|x86.Build.0 = Release|x86
		{45BFD1E9-B92E-43AA-BEF5-5FCBA553CE2C}.Debug|Any CPU.ActiveCfg = Debug|Any CPU
		{45BFD1E9-B92E-43AA-BEF5-5FCBA553CE2C}.Debug|Any CPU.Build.0 = Debug|Any CPU
		{45BFD1E9-B92E-43AA-BEF5-5FCBA553CE2C}.Debug|x86.ActiveCfg = Debug|x86
		{45BFD1E9-B92E-43AA-BEF5-5FCBA553CE2C}.Debug|x86.Build.0 = Debug|x86
		{45BFD1E9-B92E-43AA-BEF5-5FCBA553CE2C}.Release|Any CPU.ActiveCfg = Release|Any CPU
		{45BFD1E9-B92E-43AA-BEF5-5FCBA553CE2C}.Release|Any CPU.Build.0 = Release|Any CPU
		{45BFD1E9-B92E-43AA-BEF5-5FCBA553CE2C}.Release|x86.ActiveCfg = Release|x86
		{45BFD1E9-B92E-43AA-BEF5-5FCBA553CE2C}.Release|x86.Build.0 = Release|x86
		{370091B7-9FDD-4F9F-B300-EAE15C10BFFF}.Debug|Any CPU.ActiveCfg = Debug|Any CPU
		{370091B7-9FDD-4F9F-B300-EAE15C10BFFF}.Debug|Any CPU.Build.0 = Debug|Any CPU
		{370091B7-9FDD-4F9F-B300-EAE15C10BFFF}.Debug|x86.ActiveCfg = Debug|x86
		{370091B7-9FDD-4F9F-B300-EAE15C10BFFF}.Debug|x86.Build.0 = Debug|x86
		{370091B7-9FDD-4F9F-B300-EAE15C10BFFF}.Release|Any CPU.ActiveCfg = Release|Any CPU
		{370091B7-9FDD-4F9F-B300-EAE15C10BFFF}.Release|Any CPU.Build.0 = Release|Any CPU
		{370091B7-9FDD-4F9F-B300-EAE15C10BFFF}.Release|x86.ActiveCfg = Release|x86
		{370091B7-9FDD-4F9F-B300-EAE15C10BFFF}.Release|x86.Build.0 = Release|x86
		{20D3CEE5-11D3-40B0-9485-A4B12665894D}.Debug|Any CPU.ActiveCfg = Debug|Any CPU
		{20D3CEE5-11D3-40B0-9485-A4B12665894D}.Debug|Any CPU.Build.0 = Debug|Any CPU
		{20D3CEE5-11D3-40B0-9485-A4B12665894D}.Debug|x86.ActiveCfg = Debug|x86
		{20D3CEE5-11D3-40B0-9485-A4B12665894D}.Debug|x86.Build.0 = Debug|x86
		{20D3CEE5-11D3-40B0-9485-A4B12665894D}.Release|Any CPU.ActiveCfg = Release|Any CPU
		{20D3CEE5-11D3-40B0-9485-A4B12665894D}.Release|Any CPU.Build.0 = Release|Any CPU
		{20D3CEE5-11D3-40B0-9485-A4B12665894D}.Release|x86.ActiveCfg = Release|x86
		{20D3CEE5-11D3-40B0-9485-A4B12665894D}.Release|x86.Build.0 = Release|x86
		{4CB40FD3-1B4A-4E74-82E3-EC847E4DC600}.Debug|Any CPU.ActiveCfg = Debug|Any CPU
		{4CB40FD3-1B4A-4E74-82E3-EC847E4DC600}.Debug|Any CPU.Build.0 = Debug|Any CPU
		{4CB40FD3-1B4A-4E74-82E3-EC847E4DC600}.Debug|x86.ActiveCfg = Debug|x86
		{4CB40FD3-1B4A-4E74-82E3-EC847E4DC600}.Debug|x86.Build.0 = Debug|x86
		{4CB40FD3-1B4A-4E74-82E3-EC847E4DC600}.Release|Any CPU.ActiveCfg = Release|Any CPU
		{4CB40FD3-1B4A-4E74-82E3-EC847E4DC600}.Release|Any CPU.Build.0 = Release|Any CPU
		{4CB40FD3-1B4A-4E74-82E3-EC847E4DC600}.Release|x86.ActiveCfg = Release|x86
		{4CB40FD3-1B4A-4E74-82E3-EC847E4DC600}.Release|x86.Build.0 = Release|x86
		{8BCE036C-ECF7-4AB0-818A-7248ADD7DDBB}.Debug|Any CPU.ActiveCfg = Debug|Any CPU
		{8BCE036C-ECF7-4AB0-818A-7248ADD7DDBB}.Debug|Any CPU.Build.0 = Debug|Any CPU
		{8BCE036C-ECF7-4AB0-818A-7248ADD7DDBB}.Debug|x86.ActiveCfg = Debug|x86
		{8BCE036C-ECF7-4AB0-818A-7248ADD7DDBB}.Debug|x86.Build.0 = Debug|x86
		{8BCE036C-ECF7-4AB0-818A-7248ADD7DDBB}.Release|Any CPU.ActiveCfg = Release|Any CPU
		{8BCE036C-ECF7-4AB0-818A-7248ADD7DDBB}.Release|Any CPU.Build.0 = Release|Any CPU
		{8BCE036C-ECF7-4AB0-818A-7248ADD7DDBB}.Release|x86.ActiveCfg = Release|x86
		{8BCE036C-ECF7-4AB0-818A-7248ADD7DDBB}.Release|x86.Build.0 = Release|x86
		{2CCE591D-5F34-4693-8B0F-02AE2F9D1877}.Debug|Any CPU.ActiveCfg = Debug|Any CPU
		{2CCE591D-5F34-4693-8B0F-02AE2F9D1877}.Debug|Any CPU.Build.0 = Debug|Any CPU
		{2CCE591D-5F34-4693-8B0F-02AE2F9D1877}.Debug|x86.ActiveCfg = Debug|x86
		{2CCE591D-5F34-4693-8B0F-02AE2F9D1877}.Debug|x86.Build.0 = Debug|x86
		{2CCE591D-5F34-4693-8B0F-02AE2F9D1877}.Release|Any CPU.ActiveCfg = Release|Any CPU
		{2CCE591D-5F34-4693-8B0F-02AE2F9D1877}.Release|Any CPU.Build.0 = Release|Any CPU
		{2CCE591D-5F34-4693-8B0F-02AE2F9D1877}.Release|x86.ActiveCfg = Release|x86
		{2CCE591D-5F34-4693-8B0F-02AE2F9D1877}.Release|x86.Build.0 = Release|x86
		{2BEC34FE-44EA-4989-89AD-7AF6B842F47D}.Debug|Any CPU.ActiveCfg = Debug|Any CPU
		{2BEC34FE-44EA-4989-89AD-7AF6B842F47D}.Debug|Any CPU.Build.0 = Debug|Any CPU
		{2BEC34FE-44EA-4989-89AD-7AF6B842F47D}.Debug|x86.ActiveCfg = Debug|x86
		{2BEC34FE-44EA-4989-89AD-7AF6B842F47D}.Debug|x86.Build.0 = Debug|x86
		{2BEC34FE-44EA-4989-89AD-7AF6B842F47D}.Release|Any CPU.ActiveCfg = Release|Any CPU
		{2BEC34FE-44EA-4989-89AD-7AF6B842F47D}.Release|Any CPU.Build.0 = Release|Any CPU
		{2BEC34FE-44EA-4989-89AD-7AF6B842F47D}.Release|x86.ActiveCfg = Release|x86
		{2BEC34FE-44EA-4989-89AD-7AF6B842F47D}.Release|x86.Build.0 = Release|x86
		{C6A510A1-D449-48AC-96E2-F61517E7E5BB}.Debug|Any CPU.ActiveCfg = Debug|Any CPU
		{C6A510A1-D449-48AC-96E2-F61517E7E5BB}.Debug|Any CPU.Build.0 = Debug|Any CPU
		{C6A510A1-D449-48AC-96E2-F61517E7E5BB}.Debug|x86.ActiveCfg = Debug|x86
		{C6A510A1-D449-48AC-96E2-F61517E7E5BB}.Debug|x86.Build.0 = Debug|x86
		{C6A510A1-D449-48AC-96E2-F61517E7E5BB}.Release|Any CPU.ActiveCfg = Release|Any CPU
		{C6A510A1-D449-48AC-96E2-F61517E7E5BB}.Release|Any CPU.Build.0 = Release|Any CPU
		{C6A510A1-D449-48AC-96E2-F61517E7E5BB}.Release|x86.ActiveCfg = Release|x86
		{C6A510A1-D449-48AC-96E2-F61517E7E5BB}.Release|x86.Build.0 = Release|x86
		{20C3055E-8A30-44D3-92E8-B5BE36B6015D}.Debug|Any CPU.ActiveCfg = Debug|Any CPU
		{20C3055E-8A30-44D3-92E8-B5BE36B6015D}.Debug|Any CPU.Build.0 = Debug|Any CPU
		{20C3055E-8A30-44D3-92E8-B5BE36B6015D}.Debug|x86.ActiveCfg = Debug|x86
		{20C3055E-8A30-44D3-92E8-B5BE36B6015D}.Debug|x86.Build.0 = Debug|x86
		{20C3055E-8A30-44D3-92E8-B5BE36B6015D}.Release|Any CPU.ActiveCfg = Release|Any CPU
		{20C3055E-8A30-44D3-92E8-B5BE36B6015D}.Release|Any CPU.Build.0 = Release|Any CPU
		{20C3055E-8A30-44D3-92E8-B5BE36B6015D}.Release|x86.ActiveCfg = Release|x86
		{20C3055E-8A30-44D3-92E8-B5BE36B6015D}.Release|x86.Build.0 = Release|x86
		{F5FFB12A-6EDE-4644-8BAB-6E345082E584}.Debug|Any CPU.ActiveCfg = Debug|Any CPU
		{F5FFB12A-6EDE-4644-8BAB-6E345082E584}.Debug|Any CPU.Build.0 = Debug|Any CPU
		{F5FFB12A-6EDE-4644-8BAB-6E345082E584}.Debug|x86.ActiveCfg = Debug|x86
		{F5FFB12A-6EDE-4644-8BAB-6E345082E584}.Debug|x86.Build.0 = Debug|x86
		{F5FFB12A-6EDE-4644-8BAB-6E345082E584}.Release|Any CPU.ActiveCfg = Release|Any CPU
		{F5FFB12A-6EDE-4644-8BAB-6E345082E584}.Release|Any CPU.Build.0 = Release|Any CPU
		{F5FFB12A-6EDE-4644-8BAB-6E345082E584}.Release|x86.ActiveCfg = Release|x86
		{F5FFB12A-6EDE-4644-8BAB-6E345082E584}.Release|x86.Build.0 = Release|x86
		{E0F742A2-3026-4A18-B665-6B42EBC3D87A}.Debug|Any CPU.ActiveCfg = Debug|Any CPU
		{E0F742A2-3026-4A18-B665-6B42EBC3D87A}.Debug|Any CPU.Build.0 = Debug|Any CPU
		{E0F742A2-3026-4A18-B665-6B42EBC3D87A}.Debug|x86.ActiveCfg = Debug|x86
		{E0F742A2-3026-4A18-B665-6B42EBC3D87A}.Debug|x86.Build.0 = Debug|x86
		{E0F742A2-3026-4A18-B665-6B42EBC3D87A}.Release|Any CPU.ActiveCfg = Release|Any CPU
		{E0F742A2-3026-4A18-B665-6B42EBC3D87A}.Release|Any CPU.Build.0 = Release|Any CPU
		{E0F742A2-3026-4A18-B665-6B42EBC3D87A}.Release|x86.ActiveCfg = Release|x86
		{E0F742A2-3026-4A18-B665-6B42EBC3D87A}.Release|x86.Build.0 = Release|x86
		{D17B7D3A-DA69-45B4-AE14-389787B6344D}.Debug|Any CPU.ActiveCfg = Debug|Any CPU
		{D17B7D3A-DA69-45B4-AE14-389787B6344D}.Debug|Any CPU.Build.0 = Debug|Any CPU
		{D17B7D3A-DA69-45B4-AE14-389787B6344D}.Debug|x86.ActiveCfg = Debug|x86
		{D17B7D3A-DA69-45B4-AE14-389787B6344D}.Debug|x86.Build.0 = Debug|x86
		{D17B7D3A-DA69-45B4-AE14-389787B6344D}.Release|Any CPU.ActiveCfg = Release|Any CPU
		{D17B7D3A-DA69-45B4-AE14-389787B6344D}.Release|Any CPU.Build.0 = Release|Any CPU
		{D17B7D3A-DA69-45B4-AE14-389787B6344D}.Release|x86.ActiveCfg = Release|x86
		{D17B7D3A-DA69-45B4-AE14-389787B6344D}.Release|x86.Build.0 = Release|x86
		{71310EF9-4494-4C84-92CC-AB2732405FC5}.Debug|Any CPU.ActiveCfg = Debug|Any CPU
		{71310EF9-4494-4C84-92CC-AB2732405FC5}.Debug|Any CPU.Build.0 = Debug|Any CPU
		{71310EF9-4494-4C84-92CC-AB2732405FC5}.Debug|x86.ActiveCfg = Debug|x86
		{71310EF9-4494-4C84-92CC-AB2732405FC5}.Debug|x86.Build.0 = Debug|x86
		{71310EF9-4494-4C84-92CC-AB2732405FC5}.Release|Any CPU.ActiveCfg = Release|Any CPU
		{71310EF9-4494-4C84-92CC-AB2732405FC5}.Release|Any CPU.Build.0 = Release|Any CPU
		{71310EF9-4494-4C84-92CC-AB2732405FC5}.Release|x86.ActiveCfg = Release|x86
		{71310EF9-4494-4C84-92CC-AB2732405FC5}.Release|x86.Build.0 = Release|x86
		{0D14B055-C5D9-4ED7-BB92-EA64A68D3380}.Debug|Any CPU.ActiveCfg = Debug|Any CPU
		{0D14B055-C5D9-4ED7-BB92-EA64A68D3380}.Debug|Any CPU.Build.0 = Debug|Any CPU
		{0D14B055-C5D9-4ED7-BB92-EA64A68D3380}.Debug|x86.ActiveCfg = Debug|x86
		{0D14B055-C5D9-4ED7-BB92-EA64A68D3380}.Debug|x86.Build.0 = Debug|x86
		{0D14B055-C5D9-4ED7-BB92-EA64A68D3380}.Release|Any CPU.ActiveCfg = Release|Any CPU
		{0D14B055-C5D9-4ED7-BB92-EA64A68D3380}.Release|Any CPU.Build.0 = Release|Any CPU
		{0D14B055-C5D9-4ED7-BB92-EA64A68D3380}.Release|x86.ActiveCfg = Release|x86
		{0D14B055-C5D9-4ED7-BB92-EA64A68D3380}.Release|x86.Build.0 = Release|x86
		{59A717F9-D133-437D-82C1-CBD528B4EBB5}.Debug|Any CPU.ActiveCfg = Debug|Any CPU
		{59A717F9-D133-437D-82C1-CBD528B4EBB5}.Debug|Any CPU.Build.0 = Debug|Any CPU
		{59A717F9-D133-437D-82C1-CBD528B4EBB5}.Debug|x86.ActiveCfg = Debug|x86
		{59A717F9-D133-437D-82C1-CBD528B4EBB5}.Debug|x86.Build.0 = Debug|x86
		{59A717F9-D133-437D-82C1-CBD528B4EBB5}.Release|Any CPU.ActiveCfg = Release|Any CPU
		{59A717F9-D133-437D-82C1-CBD528B4EBB5}.Release|Any CPU.Build.0 = Release|Any CPU
		{59A717F9-D133-437D-82C1-CBD528B4EBB5}.Release|x86.ActiveCfg = Release|x86
		{59A717F9-D133-437D-82C1-CBD528B4EBB5}.Release|x86.Build.0 = Release|x86
		{429C23F2-355B-4E17-8FB7-1F9425C41A4A}.Debug|Any CPU.ActiveCfg = Debug|Any CPU
		{429C23F2-355B-4E17-8FB7-1F9425C41A4A}.Debug|Any CPU.Build.0 = Debug|Any CPU
		{429C23F2-355B-4E17-8FB7-1F9425C41A4A}.Debug|x86.ActiveCfg = Debug|x86
		{429C23F2-355B-4E17-8FB7-1F9425C41A4A}.Debug|x86.Build.0 = Debug|x86
		{429C23F2-355B-4E17-8FB7-1F9425C41A4A}.Release|Any CPU.ActiveCfg = Release|Any CPU
		{429C23F2-355B-4E17-8FB7-1F9425C41A4A}.Release|Any CPU.Build.0 = Release|Any CPU
		{429C23F2-355B-4E17-8FB7-1F9425C41A4A}.Release|x86.ActiveCfg = Release|x86
		{429C23F2-355B-4E17-8FB7-1F9425C41A4A}.Release|x86.Build.0 = Release|x86
		{8EC79E36-FA42-40B3-BE42-73BBF697F28D}.Debug|Any CPU.ActiveCfg = Debug|Any CPU
		{8EC79E36-FA42-40B3-BE42-73BBF697F28D}.Debug|Any CPU.Build.0 = Debug|Any CPU
		{8EC79E36-FA42-40B3-BE42-73BBF697F28D}.Debug|x86.ActiveCfg = Debug|x86
		{8EC79E36-FA42-40B3-BE42-73BBF697F28D}.Debug|x86.Build.0 = Debug|x86
		{8EC79E36-FA42-40B3-BE42-73BBF697F28D}.Release|Any CPU.ActiveCfg = Release|Any CPU
		{8EC79E36-FA42-40B3-BE42-73BBF697F28D}.Release|Any CPU.Build.0 = Release|Any CPU
		{8EC79E36-FA42-40B3-BE42-73BBF697F28D}.Release|x86.ActiveCfg = Release|x86
		{8EC79E36-FA42-40B3-BE42-73BBF697F28D}.Release|x86.Build.0 = Release|x86
		{75922EC2-6B7C-4914-BB27-63FB3ECE54B2}.Debug|Any CPU.ActiveCfg = Debug|Any CPU
		{75922EC2-6B7C-4914-BB27-63FB3ECE54B2}.Debug|Any CPU.Build.0 = Debug|Any CPU
		{75922EC2-6B7C-4914-BB27-63FB3ECE54B2}.Debug|x86.ActiveCfg = Debug|x86
		{75922EC2-6B7C-4914-BB27-63FB3ECE54B2}.Debug|x86.Build.0 = Debug|x86
		{75922EC2-6B7C-4914-BB27-63FB3ECE54B2}.Release|Any CPU.ActiveCfg = Release|Any CPU
		{75922EC2-6B7C-4914-BB27-63FB3ECE54B2}.Release|Any CPU.Build.0 = Release|Any CPU
		{75922EC2-6B7C-4914-BB27-63FB3ECE54B2}.Release|x86.ActiveCfg = Release|x86
		{75922EC2-6B7C-4914-BB27-63FB3ECE54B2}.Release|x86.Build.0 = Release|x86
		{D3C3C0DF-0067-4034-B9A9-A2E8BC7218C0}.Debug|Any CPU.ActiveCfg = Debug|Any CPU
		{D3C3C0DF-0067-4034-B9A9-A2E8BC7218C0}.Debug|Any CPU.Build.0 = Debug|Any CPU
		{D3C3C0DF-0067-4034-B9A9-A2E8BC7218C0}.Debug|x86.ActiveCfg = Debug|x86
		{D3C3C0DF-0067-4034-B9A9-A2E8BC7218C0}.Debug|x86.Build.0 = Debug|x86
		{D3C3C0DF-0067-4034-B9A9-A2E8BC7218C0}.Release|Any CPU.ActiveCfg = Release|Any CPU
		{D3C3C0DF-0067-4034-B9A9-A2E8BC7218C0}.Release|Any CPU.Build.0 = Release|Any CPU
		{D3C3C0DF-0067-4034-B9A9-A2E8BC7218C0}.Release|x86.ActiveCfg = Release|x86
		{D3C3C0DF-0067-4034-B9A9-A2E8BC7218C0}.Release|x86.Build.0 = Release|x86
		{84FF957B-7D97-4BB9-AE31-038B173D1D51}.Debug|Any CPU.ActiveCfg = Debug|Any CPU
		{84FF957B-7D97-4BB9-AE31-038B173D1D51}.Debug|Any CPU.Build.0 = Debug|Any CPU
		{84FF957B-7D97-4BB9-AE31-038B173D1D51}.Debug|x86.ActiveCfg = Debug|x86
		{84FF957B-7D97-4BB9-AE31-038B173D1D51}.Debug|x86.Build.0 = Debug|x86
		{84FF957B-7D97-4BB9-AE31-038B173D1D51}.Release|Any CPU.ActiveCfg = Release|Any CPU
		{84FF957B-7D97-4BB9-AE31-038B173D1D51}.Release|Any CPU.Build.0 = Release|Any CPU
		{84FF957B-7D97-4BB9-AE31-038B173D1D51}.Release|x86.ActiveCfg = Release|x86
		{84FF957B-7D97-4BB9-AE31-038B173D1D51}.Release|x86.Build.0 = Release|x86
		{E5514261-790A-433B-83CB-C53D0457FC6B}.Debug|Any CPU.ActiveCfg = Debug|Any CPU
		{E5514261-790A-433B-83CB-C53D0457FC6B}.Debug|Any CPU.Build.0 = Debug|Any CPU
		{E5514261-790A-433B-83CB-C53D0457FC6B}.Debug|x86.ActiveCfg = Debug|x86
		{E5514261-790A-433B-83CB-C53D0457FC6B}.Debug|x86.Build.0 = Debug|x86
		{E5514261-790A-433B-83CB-C53D0457FC6B}.Release|Any CPU.ActiveCfg = Release|Any CPU
		{E5514261-790A-433B-83CB-C53D0457FC6B}.Release|Any CPU.Build.0 = Release|Any CPU
		{E5514261-790A-433B-83CB-C53D0457FC6B}.Release|x86.ActiveCfg = Release|x86
		{E5514261-790A-433B-83CB-C53D0457FC6B}.Release|x86.Build.0 = Release|x86
		{3500EC97-6F53-4F4E-8B5E-A380180E514F}.Debug|Any CPU.ActiveCfg = Debug|Any CPU
		{3500EC97-6F53-4F4E-8B5E-A380180E514F}.Debug|Any CPU.Build.0 = Debug|Any CPU
		{3500EC97-6F53-4F4E-8B5E-A380180E514F}.Debug|x86.ActiveCfg = Debug|x86
		{3500EC97-6F53-4F4E-8B5E-A380180E514F}.Debug|x86.Build.0 = Debug|x86
		{3500EC97-6F53-4F4E-8B5E-A380180E514F}.Release|Any CPU.ActiveCfg = Release|Any CPU
		{3500EC97-6F53-4F4E-8B5E-A380180E514F}.Release|Any CPU.Build.0 = Release|Any CPU
		{3500EC97-6F53-4F4E-8B5E-A380180E514F}.Release|x86.ActiveCfg = Release|x86
		{3500EC97-6F53-4F4E-8B5E-A380180E514F}.Release|x86.Build.0 = Release|x86
		{FC19E09F-A45A-47B0-B292-EC9E16CF36CE}.Debug|Any CPU.ActiveCfg = Debug|Any CPU
		{FC19E09F-A45A-47B0-B292-EC9E16CF36CE}.Debug|Any CPU.Build.0 = Debug|Any CPU
		{FC19E09F-A45A-47B0-B292-EC9E16CF36CE}.Debug|x86.ActiveCfg = Debug|x86
		{FC19E09F-A45A-47B0-B292-EC9E16CF36CE}.Debug|x86.Build.0 = Debug|x86
		{FC19E09F-A45A-47B0-B292-EC9E16CF36CE}.Release|Any CPU.ActiveCfg = Release|Any CPU
		{FC19E09F-A45A-47B0-B292-EC9E16CF36CE}.Release|Any CPU.Build.0 = Release|Any CPU
		{FC19E09F-A45A-47B0-B292-EC9E16CF36CE}.Release|x86.ActiveCfg = Release|x86
		{FC19E09F-A45A-47B0-B292-EC9E16CF36CE}.Release|x86.Build.0 = Release|x86
		{9B68F40C-CFD4-4BFC-93F0-9341E6A3409E}.Debug|Any CPU.ActiveCfg = Debug|Any CPU
		{9B68F40C-CFD4-4BFC-93F0-9341E6A3409E}.Debug|Any CPU.Build.0 = Debug|Any CPU
		{9B68F40C-CFD4-4BFC-93F0-9341E6A3409E}.Debug|x86.ActiveCfg = Debug|x86
		{9B68F40C-CFD4-4BFC-93F0-9341E6A3409E}.Debug|x86.Build.0 = Debug|x86
		{9B68F40C-CFD4-4BFC-93F0-9341E6A3409E}.Release|Any CPU.ActiveCfg = Release|Any CPU
		{9B68F40C-CFD4-4BFC-93F0-9341E6A3409E}.Release|Any CPU.Build.0 = Release|Any CPU
		{9B68F40C-CFD4-4BFC-93F0-9341E6A3409E}.Release|x86.ActiveCfg = Release|x86
		{9B68F40C-CFD4-4BFC-93F0-9341E6A3409E}.Release|x86.Build.0 = Release|x86
		{D427135D-0DE2-45AC-B5EE-944468574890}.Debug|Any CPU.ActiveCfg = Debug|Any CPU
		{D427135D-0DE2-45AC-B5EE-944468574890}.Debug|Any CPU.Build.0 = Debug|Any CPU
		{D427135D-0DE2-45AC-B5EE-944468574890}.Debug|x86.ActiveCfg = Debug|x86
		{D427135D-0DE2-45AC-B5EE-944468574890}.Debug|x86.Build.0 = Debug|x86
		{D427135D-0DE2-45AC-B5EE-944468574890}.Release|Any CPU.ActiveCfg = Release|Any CPU
		{D427135D-0DE2-45AC-B5EE-944468574890}.Release|Any CPU.Build.0 = Release|Any CPU
		{D427135D-0DE2-45AC-B5EE-944468574890}.Release|x86.ActiveCfg = Release|x86
		{D427135D-0DE2-45AC-B5EE-944468574890}.Release|x86.Build.0 = Release|x86
		{E45CFDD7-C888-4E4F-970B-158CFD48546E}.Debug|Any CPU.ActiveCfg = Debug|Any CPU
		{E45CFDD7-C888-4E4F-970B-158CFD48546E}.Debug|Any CPU.Build.0 = Debug|Any CPU
		{E45CFDD7-C888-4E4F-970B-158CFD48546E}.Debug|x86.ActiveCfg = Debug|x86
		{E45CFDD7-C888-4E4F-970B-158CFD48546E}.Debug|x86.Build.0 = Debug|x86
		{E45CFDD7-C888-4E4F-970B-158CFD48546E}.Release|Any CPU.ActiveCfg = Release|Any CPU
		{E45CFDD7-C888-4E4F-970B-158CFD48546E}.Release|Any CPU.Build.0 = Release|Any CPU
		{E45CFDD7-C888-4E4F-970B-158CFD48546E}.Release|x86.ActiveCfg = Release|x86
		{E45CFDD7-C888-4E4F-970B-158CFD48546E}.Release|x86.Build.0 = Release|x86
		{26B0B2EE-9431-404B-B3BD-BCDC49B4628C}.Debug|Any CPU.ActiveCfg = Debug|Any CPU
		{26B0B2EE-9431-404B-B3BD-BCDC49B4628C}.Debug|Any CPU.Build.0 = Debug|Any CPU
		{26B0B2EE-9431-404B-B3BD-BCDC49B4628C}.Debug|x86.ActiveCfg = Debug|x86
		{26B0B2EE-9431-404B-B3BD-BCDC49B4628C}.Debug|x86.Build.0 = Debug|x86
		{26B0B2EE-9431-404B-B3BD-BCDC49B4628C}.Release|Any CPU.ActiveCfg = Release|Any CPU
		{26B0B2EE-9431-404B-B3BD-BCDC49B4628C}.Release|Any CPU.Build.0 = Release|Any CPU
		{26B0B2EE-9431-404B-B3BD-BCDC49B4628C}.Release|x86.ActiveCfg = Release|x86
		{26B0B2EE-9431-404B-B3BD-BCDC49B4628C}.Release|x86.Build.0 = Release|x86
		{BA050F7B-7EA8-4CDD-822E-636B19706A1F}.Debug|Any CPU.ActiveCfg = Debug|Any CPU
		{BA050F7B-7EA8-4CDD-822E-636B19706A1F}.Debug|Any CPU.Build.0 = Debug|Any CPU
		{BA050F7B-7EA8-4CDD-822E-636B19706A1F}.Debug|x86.ActiveCfg = Debug|x86
		{BA050F7B-7EA8-4CDD-822E-636B19706A1F}.Debug|x86.Build.0 = Debug|x86
		{BA050F7B-7EA8-4CDD-822E-636B19706A1F}.Release|Any CPU.ActiveCfg = Release|Any CPU
		{BA050F7B-7EA8-4CDD-822E-636B19706A1F}.Release|Any CPU.Build.0 = Release|Any CPU
		{BA050F7B-7EA8-4CDD-822E-636B19706A1F}.Release|x86.ActiveCfg = Release|x86
		{BA050F7B-7EA8-4CDD-822E-636B19706A1F}.Release|x86.Build.0 = Release|x86
		{683435E9-CF78-4828-905D-A6FCA51A6AC4}.Debug|Any CPU.ActiveCfg = Debug|Any CPU
		{683435E9-CF78-4828-905D-A6FCA51A6AC4}.Debug|Any CPU.Build.0 = Debug|Any CPU
		{683435E9-CF78-4828-905D-A6FCA51A6AC4}.Debug|x86.ActiveCfg = Debug|x86
		{683435E9-CF78-4828-905D-A6FCA51A6AC4}.Debug|x86.Build.0 = Debug|x86
		{683435E9-CF78-4828-905D-A6FCA51A6AC4}.Release|Any CPU.ActiveCfg = Release|Any CPU
		{683435E9-CF78-4828-905D-A6FCA51A6AC4}.Release|Any CPU.Build.0 = Release|Any CPU
		{683435E9-CF78-4828-905D-A6FCA51A6AC4}.Release|x86.ActiveCfg = Release|x86
		{683435E9-CF78-4828-905D-A6FCA51A6AC4}.Release|x86.Build.0 = Release|x86
		{EFF2F1D8-256B-4C90-BAC4-86928EE875C4}.Debug|Any CPU.ActiveCfg = Debug|Any CPU
		{EFF2F1D8-256B-4C90-BAC4-86928EE875C4}.Debug|Any CPU.Build.0 = Debug|Any CPU
		{EFF2F1D8-256B-4C90-BAC4-86928EE875C4}.Debug|x86.ActiveCfg = Debug|x86
		{EFF2F1D8-256B-4C90-BAC4-86928EE875C4}.Debug|x86.Build.0 = Debug|x86
		{EFF2F1D8-256B-4C90-BAC4-86928EE875C4}.Release|Any CPU.ActiveCfg = Release|Any CPU
		{EFF2F1D8-256B-4C90-BAC4-86928EE875C4}.Release|Any CPU.Build.0 = Release|Any CPU
		{EFF2F1D8-256B-4C90-BAC4-86928EE875C4}.Release|x86.ActiveCfg = Release|x86
		{EFF2F1D8-256B-4C90-BAC4-86928EE875C4}.Release|x86.Build.0 = Release|x86
		{AB6A78C7-D2BD-45B0-87E9-E6C1EF37373D}.Debug|Any CPU.ActiveCfg = Debug|Any CPU
		{AB6A78C7-D2BD-45B0-87E9-E6C1EF37373D}.Debug|Any CPU.Build.0 = Debug|Any CPU
		{AB6A78C7-D2BD-45B0-87E9-E6C1EF37373D}.Debug|x86.ActiveCfg = Debug|x86
		{AB6A78C7-D2BD-45B0-87E9-E6C1EF37373D}.Debug|x86.Build.0 = Debug|x86
		{AB6A78C7-D2BD-45B0-87E9-E6C1EF37373D}.Release|Any CPU.ActiveCfg = Release|Any CPU
		{AB6A78C7-D2BD-45B0-87E9-E6C1EF37373D}.Release|Any CPU.Build.0 = Release|Any CPU
		{AB6A78C7-D2BD-45B0-87E9-E6C1EF37373D}.Release|x86.ActiveCfg = Release|x86
		{AB6A78C7-D2BD-45B0-87E9-E6C1EF37373D}.Release|x86.Build.0 = Release|x86
		{F2BB5572-5571-4A91-B0D1-9A1544B007D9}.Debug|Any CPU.ActiveCfg = Debug|Any CPU
		{F2BB5572-5571-4A91-B0D1-9A1544B007D9}.Debug|Any CPU.Build.0 = Debug|Any CPU
		{F2BB5572-5571-4A91-B0D1-9A1544B007D9}.Debug|x86.ActiveCfg = Debug|x86
		{F2BB5572-5571-4A91-B0D1-9A1544B007D9}.Debug|x86.Build.0 = Debug|x86
		{F2BB5572-5571-4A91-B0D1-9A1544B007D9}.Release|Any CPU.ActiveCfg = Release|Any CPU
		{F2BB5572-5571-4A91-B0D1-9A1544B007D9}.Release|Any CPU.Build.0 = Release|Any CPU
		{F2BB5572-5571-4A91-B0D1-9A1544B007D9}.Release|x86.ActiveCfg = Release|x86
		{F2BB5572-5571-4A91-B0D1-9A1544B007D9}.Release|x86.Build.0 = Release|x86
		{24D23750-20D0-41ED-9A80-5E148CE180AE}.Debug|Any CPU.ActiveCfg = Debug|Any CPU
		{24D23750-20D0-41ED-9A80-5E148CE180AE}.Debug|Any CPU.Build.0 = Debug|Any CPU
		{24D23750-20D0-41ED-9A80-5E148CE180AE}.Debug|x86.ActiveCfg = Debug|x86
		{24D23750-20D0-41ED-9A80-5E148CE180AE}.Debug|x86.Build.0 = Debug|x86
		{24D23750-20D0-41ED-9A80-5E148CE180AE}.Release|Any CPU.ActiveCfg = Release|Any CPU
		{24D23750-20D0-41ED-9A80-5E148CE180AE}.Release|Any CPU.Build.0 = Release|Any CPU
		{24D23750-20D0-41ED-9A80-5E148CE180AE}.Release|x86.ActiveCfg = Release|x86
		{24D23750-20D0-41ED-9A80-5E148CE180AE}.Release|x86.Build.0 = Release|x86
		{40ABE714-2BD6-4F8F-A36B-DF0385471265}.Debug|Any CPU.ActiveCfg = Debug|Any CPU
		{40ABE714-2BD6-4F8F-A36B-DF0385471265}.Debug|Any CPU.Build.0 = Debug|Any CPU
		{40ABE714-2BD6-4F8F-A36B-DF0385471265}.Debug|x86.ActiveCfg = Debug|x86
		{40ABE714-2BD6-4F8F-A36B-DF0385471265}.Debug|x86.Build.0 = Debug|x86
		{40ABE714-2BD6-4F8F-A36B-DF0385471265}.Release|Any CPU.ActiveCfg = Release|Any CPU
		{40ABE714-2BD6-4F8F-A36B-DF0385471265}.Release|Any CPU.Build.0 = Release|Any CPU
		{40ABE714-2BD6-4F8F-A36B-DF0385471265}.Release|x86.ActiveCfg = Release|x86
		{40ABE714-2BD6-4F8F-A36B-DF0385471265}.Release|x86.Build.0 = Release|x86
		{5358C9FD-DC07-476E-84D8-0C45CB1C783A}.Debug|Any CPU.ActiveCfg = Debug|Any CPU
		{5358C9FD-DC07-476E-84D8-0C45CB1C783A}.Debug|Any CPU.Build.0 = Debug|Any CPU
		{5358C9FD-DC07-476E-84D8-0C45CB1C783A}.Debug|x86.ActiveCfg = Debug|x86
		{5358C9FD-DC07-476E-84D8-0C45CB1C783A}.Debug|x86.Build.0 = Debug|x86
		{5358C9FD-DC07-476E-84D8-0C45CB1C783A}.Release|Any CPU.ActiveCfg = Release|Any CPU
		{5358C9FD-DC07-476E-84D8-0C45CB1C783A}.Release|Any CPU.Build.0 = Release|Any CPU
		{5358C9FD-DC07-476E-84D8-0C45CB1C783A}.Release|x86.ActiveCfg = Release|x86
		{5358C9FD-DC07-476E-84D8-0C45CB1C783A}.Release|x86.Build.0 = Release|x86
		{990ECEF7-B8AC-4EBF-AE0B-729C3A4F3EBB}.Debug|Any CPU.ActiveCfg = Debug|Any CPU
		{990ECEF7-B8AC-4EBF-AE0B-729C3A4F3EBB}.Debug|Any CPU.Build.0 = Debug|Any CPU
		{990ECEF7-B8AC-4EBF-AE0B-729C3A4F3EBB}.Debug|x86.ActiveCfg = Debug|x86
		{990ECEF7-B8AC-4EBF-AE0B-729C3A4F3EBB}.Debug|x86.Build.0 = Debug|x86
		{990ECEF7-B8AC-4EBF-AE0B-729C3A4F3EBB}.Release|Any CPU.ActiveCfg = Release|Any CPU
		{990ECEF7-B8AC-4EBF-AE0B-729C3A4F3EBB}.Release|Any CPU.Build.0 = Release|Any CPU
		{990ECEF7-B8AC-4EBF-AE0B-729C3A4F3EBB}.Release|x86.ActiveCfg = Release|x86
		{990ECEF7-B8AC-4EBF-AE0B-729C3A4F3EBB}.Release|x86.Build.0 = Release|x86
		{B150AA72-A123-4AD0-B4D0-9352CD1473AF}.Debug|Any CPU.ActiveCfg = Debug|Any CPU
		{B150AA72-A123-4AD0-B4D0-9352CD1473AF}.Debug|Any CPU.Build.0 = Debug|Any CPU
		{B150AA72-A123-4AD0-B4D0-9352CD1473AF}.Debug|x86.ActiveCfg = Debug|x86
		{B150AA72-A123-4AD0-B4D0-9352CD1473AF}.Debug|x86.Build.0 = Debug|x86
		{B150AA72-A123-4AD0-B4D0-9352CD1473AF}.Release|Any CPU.ActiveCfg = Release|Any CPU
		{B150AA72-A123-4AD0-B4D0-9352CD1473AF}.Release|Any CPU.Build.0 = Release|Any CPU
		{B150AA72-A123-4AD0-B4D0-9352CD1473AF}.Release|x86.ActiveCfg = Release|x86
		{B150AA72-A123-4AD0-B4D0-9352CD1473AF}.Release|x86.Build.0 = Release|x86
		{AF72B3B5-E3BF-4F9A-A92A-23080CE1B690}.Debug|Any CPU.ActiveCfg = Debug|Any CPU
		{AF72B3B5-E3BF-4F9A-A92A-23080CE1B690}.Debug|Any CPU.Build.0 = Debug|Any CPU
		{AF72B3B5-E3BF-4F9A-A92A-23080CE1B690}.Debug|x86.ActiveCfg = Debug|x86
		{AF72B3B5-E3BF-4F9A-A92A-23080CE1B690}.Debug|x86.Build.0 = Debug|x86
		{AF72B3B5-E3BF-4F9A-A92A-23080CE1B690}.Release|Any CPU.ActiveCfg = Release|Any CPU
		{AF72B3B5-E3BF-4F9A-A92A-23080CE1B690}.Release|Any CPU.Build.0 = Release|Any CPU
		{AF72B3B5-E3BF-4F9A-A92A-23080CE1B690}.Release|x86.ActiveCfg = Release|x86
		{AF72B3B5-E3BF-4F9A-A92A-23080CE1B690}.Release|x86.Build.0 = Release|x86
		{9967930D-8276-445F-A50B-6E732EF9337D}.Debug|Any CPU.ActiveCfg = Debug|Any CPU
		{9967930D-8276-445F-A50B-6E732EF9337D}.Debug|Any CPU.Build.0 = Debug|Any CPU
		{9967930D-8276-445F-A50B-6E732EF9337D}.Debug|x86.ActiveCfg = Debug|x86
		{9967930D-8276-445F-A50B-6E732EF9337D}.Debug|x86.Build.0 = Debug|x86
		{9967930D-8276-445F-A50B-6E732EF9337D}.Release|Any CPU.ActiveCfg = Release|Any CPU
		{9967930D-8276-445F-A50B-6E732EF9337D}.Release|Any CPU.Build.0 = Release|Any CPU
		{9967930D-8276-445F-A50B-6E732EF9337D}.Release|x86.ActiveCfg = Release|x86
		{9967930D-8276-445F-A50B-6E732EF9337D}.Release|x86.Build.0 = Release|x86
		{C57540BF-F171-4181-AA2D-2CFA1DF0A8EE}.Debug|Any CPU.ActiveCfg = Debug|Any CPU
		{C57540BF-F171-4181-AA2D-2CFA1DF0A8EE}.Debug|Any CPU.Build.0 = Debug|Any CPU
		{C57540BF-F171-4181-AA2D-2CFA1DF0A8EE}.Debug|x86.ActiveCfg = Debug|x86
		{C57540BF-F171-4181-AA2D-2CFA1DF0A8EE}.Debug|x86.Build.0 = Debug|x86
		{C57540BF-F171-4181-AA2D-2CFA1DF0A8EE}.Release|Any CPU.ActiveCfg = Release|Any CPU
		{C57540BF-F171-4181-AA2D-2CFA1DF0A8EE}.Release|Any CPU.Build.0 = Release|Any CPU
		{C57540BF-F171-4181-AA2D-2CFA1DF0A8EE}.Release|x86.ActiveCfg = Release|x86
		{C57540BF-F171-4181-AA2D-2CFA1DF0A8EE}.Release|x86.Build.0 = Release|x86
		{09B42308-4405-430B-AA6E-1C306424EA62}.Debug|Any CPU.ActiveCfg = Debug|Any CPU
		{09B42308-4405-430B-AA6E-1C306424EA62}.Debug|Any CPU.Build.0 = Debug|Any CPU
		{09B42308-4405-430B-AA6E-1C306424EA62}.Debug|x86.ActiveCfg = Debug|x86
		{09B42308-4405-430B-AA6E-1C306424EA62}.Debug|x86.Build.0 = Debug|x86
		{09B42308-4405-430B-AA6E-1C306424EA62}.Release|Any CPU.ActiveCfg = Release|Any CPU
		{09B42308-4405-430B-AA6E-1C306424EA62}.Release|Any CPU.Build.0 = Release|Any CPU
		{09B42308-4405-430B-AA6E-1C306424EA62}.Release|x86.ActiveCfg = Release|x86
		{09B42308-4405-430B-AA6E-1C306424EA62}.Release|x86.Build.0 = Release|x86
		{A7C8A386-FB10-484D-B97D-914C7CFD5894}.Debug|Any CPU.ActiveCfg = Debug|Any CPU
		{A7C8A386-FB10-484D-B97D-914C7CFD5894}.Debug|Any CPU.Build.0 = Debug|Any CPU
		{A7C8A386-FB10-484D-B97D-914C7CFD5894}.Debug|x86.ActiveCfg = Debug|x86
		{A7C8A386-FB10-484D-B97D-914C7CFD5894}.Debug|x86.Build.0 = Debug|x86
		{A7C8A386-FB10-484D-B97D-914C7CFD5894}.Release|Any CPU.ActiveCfg = Release|Any CPU
		{A7C8A386-FB10-484D-B97D-914C7CFD5894}.Release|Any CPU.Build.0 = Release|Any CPU
		{A7C8A386-FB10-484D-B97D-914C7CFD5894}.Release|x86.ActiveCfg = Release|x86
		{A7C8A386-FB10-484D-B97D-914C7CFD5894}.Release|x86.Build.0 = Release|x86
		{3B720E19-FF99-4F1B-A1F5-104DECAF86F9}.Debug|Any CPU.ActiveCfg = Debug|Any CPU
		{3B720E19-FF99-4F1B-A1F5-104DECAF86F9}.Debug|Any CPU.Build.0 = Debug|Any CPU
		{3B720E19-FF99-4F1B-A1F5-104DECAF86F9}.Debug|x86.ActiveCfg = Debug|x86
		{3B720E19-FF99-4F1B-A1F5-104DECAF86F9}.Debug|x86.Build.0 = Debug|x86
		{3B720E19-FF99-4F1B-A1F5-104DECAF86F9}.Release|Any CPU.ActiveCfg = Release|Any CPU
		{3B720E19-FF99-4F1B-A1F5-104DECAF86F9}.Release|Any CPU.Build.0 = Release|Any CPU
		{3B720E19-FF99-4F1B-A1F5-104DECAF86F9}.Release|x86.ActiveCfg = Release|x86
		{3B720E19-FF99-4F1B-A1F5-104DECAF86F9}.Release|x86.Build.0 = Release|x86
		{628809E8-5B95-497A-B41F-5FD036079AB8}.Debug|Any CPU.ActiveCfg = Debug|Any CPU
		{628809E8-5B95-497A-B41F-5FD036079AB8}.Debug|Any CPU.Build.0 = Debug|Any CPU
		{628809E8-5B95-497A-B41F-5FD036079AB8}.Debug|x86.ActiveCfg = Debug|x86
		{628809E8-5B95-497A-B41F-5FD036079AB8}.Debug|x86.Build.0 = Debug|x86
		{628809E8-5B95-497A-B41F-5FD036079AB8}.Release|Any CPU.ActiveCfg = Release|Any CPU
		{628809E8-5B95-497A-B41F-5FD036079AB8}.Release|Any CPU.Build.0 = Release|Any CPU
		{628809E8-5B95-497A-B41F-5FD036079AB8}.Release|x86.ActiveCfg = Release|x86
		{628809E8-5B95-497A-B41F-5FD036079AB8}.Release|x86.Build.0 = Release|x86
		{7B6F4571-AD82-4514-BFFE-2A72B0B12116}.Debug|Any CPU.ActiveCfg = Debug|Any CPU
		{7B6F4571-AD82-4514-BFFE-2A72B0B12116}.Debug|Any CPU.Build.0 = Debug|Any CPU
		{7B6F4571-AD82-4514-BFFE-2A72B0B12116}.Debug|x86.ActiveCfg = Debug|x86
		{7B6F4571-AD82-4514-BFFE-2A72B0B12116}.Debug|x86.Build.0 = Debug|x86
		{7B6F4571-AD82-4514-BFFE-2A72B0B12116}.Release|Any CPU.ActiveCfg = Release|Any CPU
		{7B6F4571-AD82-4514-BFFE-2A72B0B12116}.Release|Any CPU.Build.0 = Release|Any CPU
		{7B6F4571-AD82-4514-BFFE-2A72B0B12116}.Release|x86.ActiveCfg = Release|x86
		{7B6F4571-AD82-4514-BFFE-2A72B0B12116}.Release|x86.Build.0 = Release|x86
		{35BCE41E-C998-4EF1-823D-D9BEAAC76759}.Debug|Any CPU.ActiveCfg = Debug|Any CPU
		{35BCE41E-C998-4EF1-823D-D9BEAAC76759}.Debug|Any CPU.Build.0 = Debug|Any CPU
		{35BCE41E-C998-4EF1-823D-D9BEAAC76759}.Debug|x86.ActiveCfg = Debug|x86
		{35BCE41E-C998-4EF1-823D-D9BEAAC76759}.Debug|x86.Build.0 = Debug|x86
		{35BCE41E-C998-4EF1-823D-D9BEAAC76759}.Release|Any CPU.ActiveCfg = Release|Any CPU
		{35BCE41E-C998-4EF1-823D-D9BEAAC76759}.Release|Any CPU.Build.0 = Release|Any CPU
		{35BCE41E-C998-4EF1-823D-D9BEAAC76759}.Release|x86.ActiveCfg = Release|x86
		{35BCE41E-C998-4EF1-823D-D9BEAAC76759}.Release|x86.Build.0 = Release|x86
		{0520B807-D0BB-4BE2-BC70-FDAAF663E3D2}.Debug|Any CPU.ActiveCfg = Debug|Any CPU
		{0520B807-D0BB-4BE2-BC70-FDAAF663E3D2}.Debug|Any CPU.Build.0 = Debug|Any CPU
		{0520B807-D0BB-4BE2-BC70-FDAAF663E3D2}.Debug|x86.ActiveCfg = Debug|x86
		{0520B807-D0BB-4BE2-BC70-FDAAF663E3D2}.Debug|x86.Build.0 = Debug|x86
		{0520B807-D0BB-4BE2-BC70-FDAAF663E3D2}.Release|Any CPU.ActiveCfg = Release|Any CPU
		{0520B807-D0BB-4BE2-BC70-FDAAF663E3D2}.Release|Any CPU.Build.0 = Release|Any CPU
		{0520B807-D0BB-4BE2-BC70-FDAAF663E3D2}.Release|x86.ActiveCfg = Release|x86
		{0520B807-D0BB-4BE2-BC70-FDAAF663E3D2}.Release|x86.Build.0 = Release|x86
		{049EC96B-24DB-44B4-8E37-8E266D12729C}.Debug|Any CPU.ActiveCfg = Debug|Any CPU
		{049EC96B-24DB-44B4-8E37-8E266D12729C}.Debug|Any CPU.Build.0 = Debug|Any CPU
		{049EC96B-24DB-44B4-8E37-8E266D12729C}.Debug|x86.ActiveCfg = Debug|x86
		{049EC96B-24DB-44B4-8E37-8E266D12729C}.Debug|x86.Build.0 = Debug|x86
		{049EC96B-24DB-44B4-8E37-8E266D12729C}.Release|Any CPU.ActiveCfg = Release|Any CPU
		{049EC96B-24DB-44B4-8E37-8E266D12729C}.Release|Any CPU.Build.0 = Release|Any CPU
		{049EC96B-24DB-44B4-8E37-8E266D12729C}.Release|x86.ActiveCfg = Release|x86
		{049EC96B-24DB-44B4-8E37-8E266D12729C}.Release|x86.Build.0 = Release|x86
		{608B04A5-EEC9-4892-88B5-38DA19FBAE11}.Debug|Any CPU.ActiveCfg = Debug|Any CPU
		{608B04A5-EEC9-4892-88B5-38DA19FBAE11}.Debug|Any CPU.Build.0 = Debug|Any CPU
		{608B04A5-EEC9-4892-88B5-38DA19FBAE11}.Debug|x86.ActiveCfg = Debug|x86
		{608B04A5-EEC9-4892-88B5-38DA19FBAE11}.Debug|x86.Build.0 = Debug|x86
		{608B04A5-EEC9-4892-88B5-38DA19FBAE11}.Release|Any CPU.ActiveCfg = Release|Any CPU
		{608B04A5-EEC9-4892-88B5-38DA19FBAE11}.Release|Any CPU.Build.0 = Release|Any CPU
		{608B04A5-EEC9-4892-88B5-38DA19FBAE11}.Release|x86.ActiveCfg = Release|x86
		{608B04A5-EEC9-4892-88B5-38DA19FBAE11}.Release|x86.Build.0 = Release|x86
		{3D18E631-FDB3-402E-9679-552448F1AC3B}.Debug|Any CPU.ActiveCfg = Debug|Any CPU
		{3D18E631-FDB3-402E-9679-552448F1AC3B}.Debug|Any CPU.Build.0 = Debug|Any CPU
		{3D18E631-FDB3-402E-9679-552448F1AC3B}.Debug|x86.ActiveCfg = Debug|x86
		{3D18E631-FDB3-402E-9679-552448F1AC3B}.Debug|x86.Build.0 = Debug|x86
		{3D18E631-FDB3-402E-9679-552448F1AC3B}.Release|Any CPU.ActiveCfg = Release|Any CPU
		{3D18E631-FDB3-402E-9679-552448F1AC3B}.Release|Any CPU.Build.0 = Release|Any CPU
		{3D18E631-FDB3-402E-9679-552448F1AC3B}.Release|x86.ActiveCfg = Release|x86
		{3D18E631-FDB3-402E-9679-552448F1AC3B}.Release|x86.Build.0 = Release|x86
		{DA18518F-5AE5-4CC2-B600-C7B6EB9337BA}.Debug|Any CPU.ActiveCfg = Debug|Any CPU
		{DA18518F-5AE5-4CC2-B600-C7B6EB9337BA}.Debug|Any CPU.Build.0 = Debug|Any CPU
		{DA18518F-5AE5-4CC2-B600-C7B6EB9337BA}.Debug|x86.ActiveCfg = Debug|x86
		{DA18518F-5AE5-4CC2-B600-C7B6EB9337BA}.Debug|x86.Build.0 = Debug|x86
		{DA18518F-5AE5-4CC2-B600-C7B6EB9337BA}.Release|Any CPU.ActiveCfg = Release|Any CPU
		{DA18518F-5AE5-4CC2-B600-C7B6EB9337BA}.Release|Any CPU.Build.0 = Release|Any CPU
		{DA18518F-5AE5-4CC2-B600-C7B6EB9337BA}.Release|x86.ActiveCfg = Release|x86
		{DA18518F-5AE5-4CC2-B600-C7B6EB9337BA}.Release|x86.Build.0 = Release|x86
		{6C17C17F-5AA7-4F87-884C-41D793EFD54F}.Debug|Any CPU.ActiveCfg = Debug|Any CPU
		{6C17C17F-5AA7-4F87-884C-41D793EFD54F}.Debug|Any CPU.Build.0 = Debug|Any CPU
		{6C17C17F-5AA7-4F87-884C-41D793EFD54F}.Debug|x86.ActiveCfg = Debug|Any CPU
		{6C17C17F-5AA7-4F87-884C-41D793EFD54F}.Release|Any CPU.ActiveCfg = Release|Any CPU
		{6C17C17F-5AA7-4F87-884C-41D793EFD54F}.Release|Any CPU.Build.0 = Release|Any CPU
		{6C17C17F-5AA7-4F87-884C-41D793EFD54F}.Release|x86.ActiveCfg = Release|Any CPU
	EndGlobalSection
	GlobalSection(SolutionProperties) = preSolution
		HideSolutionNode = FALSE
	EndGlobalSection
EndGlobal
