
Microsoft Visual Studio Solution File, Format Version 12.00
# Visual Studio 2012
Project("{FAE04EC0-301F-11D3-BF4B-00C04F79EFBC}") = "OCSO.OCS2015U00", "OCS2015U00\OCSO.OCS2015U00.csproj", "{1A916F57-D637-42EF-95BD-AFA5A9453402}"
	ProjectSection(ProjectDependencies) = postProject
		{82FCC5B3-30D9-4C44-BF79-F5683661264E} = {82FCC5B3-30D9-4C44-BF79-F5683661264E}
	EndProjectSection
EndProject
Project("{FAE04EC0-301F-11D3-BF4B-00C04F79EFBC}") = "EmrDocker", "OCS2015U11\EmrDocker.csproj", "{82FCC5B3-30D9-4C44-BF79-F5683661264E}"
EndProject
Project("{FAE04EC0-301F-11D3-BF4B-00C04F79EFBC}") = "OCS2015U30", "OCS2015U30\OCS2015U30.csproj", "{78DC9083-B956-411B-B779-D49CCF1A0C2D}"
	ProjectSection(ProjectDependencies) = postProject
		{82FCC5B3-30D9-4C44-BF79-F5683661264E} = {82FCC5B3-30D9-4C44-BF79-F5683661264E}
	EndProjectSection
EndProject
Project("{FAE04EC0-301F-11D3-BF4B-00C04F79EFBC}") = "OCS2015U31", "OCS2015U31\OCS2015U31.csproj", "{7F7A39B3-EFE3-4E04-92F7-34C684CE42AE}"
	ProjectSection(ProjectDependencies) = postProject
		{82FCC5B3-30D9-4C44-BF79-F5683661264E} = {82FCC5B3-30D9-4C44-BF79-F5683661264E}
	EndProjectSection
EndProject
Project("{FAE04EC0-301F-11D3-BF4B-00C04F79EFBC}") = "NUR2015U01", "NUR2015U01\NUR2015U01.csproj", "{5EF0D093-3D71-4397-AA51-8677E3C21072}"
	ProjectSection(ProjectDependencies) = postProject
		{82FCC5B3-30D9-4C44-BF79-F5683661264E} = {82FCC5B3-30D9-4C44-BF79-F5683661264E}
	EndProjectSection
EndProject
Global
	GlobalSection(SolutionConfigurationPlatforms) = preSolution
		Debug|Any CPU = Debug|Any CPU
		Debug|x86 = Debug|x86
		Release|Any CPU = Release|Any CPU
		Release|x86 = Release|x86
	EndGlobalSection
	GlobalSection(ProjectConfigurationPlatforms) = postSolution
		{1A916F57-D637-42EF-95BD-AFA5A9453402}.Debug|Any CPU.ActiveCfg = Debug|Any CPU
		{1A916F57-D637-42EF-95BD-AFA5A9453402}.Debug|Any CPU.Build.0 = Debug|Any CPU
		{1A916F57-D637-42EF-95BD-AFA5A9453402}.Debug|x86.ActiveCfg = Debug|x86
		{1A916F57-D637-42EF-95BD-AFA5A9453402}.Debug|x86.Build.0 = Debug|x86
		{1A916F57-D637-42EF-95BD-AFA5A9453402}.Release|Any CPU.ActiveCfg = Release|Any CPU
		{1A916F57-D637-42EF-95BD-AFA5A9453402}.Release|Any CPU.Build.0 = Release|Any CPU
		{1A916F57-D637-42EF-95BD-AFA5A9453402}.Release|x86.ActiveCfg = Release|x86
		{1A916F57-D637-42EF-95BD-AFA5A9453402}.Release|x86.Build.0 = Release|x86
		{82FCC5B3-30D9-4C44-BF79-F5683661264E}.Debug|Any CPU.ActiveCfg = Debug|Any CPU
		{82FCC5B3-30D9-4C44-BF79-F5683661264E}.Debug|Any CPU.Build.0 = Debug|Any CPU
		{82FCC5B3-30D9-4C44-BF79-F5683661264E}.Debug|x86.ActiveCfg = Debug|x86
		{82FCC5B3-30D9-4C44-BF79-F5683661264E}.Debug|x86.Build.0 = Debug|x86
		{82FCC5B3-30D9-4C44-BF79-F5683661264E}.Release|Any CPU.ActiveCfg = Release|Any CPU
		{82FCC5B3-30D9-4C44-BF79-F5683661264E}.Release|Any CPU.Build.0 = Release|Any CPU
		{82FCC5B3-30D9-4C44-BF79-F5683661264E}.Release|x86.ActiveCfg = Release|x86
		{82FCC5B3-30D9-4C44-BF79-F5683661264E}.Release|x86.Build.0 = Release|x86
		{78DC9083-B956-411B-B779-D49CCF1A0C2D}.Debug|Any CPU.ActiveCfg = Debug|Any CPU
		{78DC9083-B956-411B-B779-D49CCF1A0C2D}.Debug|Any CPU.Build.0 = Debug|Any CPU
		{78DC9083-B956-411B-B779-D49CCF1A0C2D}.Debug|x86.ActiveCfg = Debug|x86
		{78DC9083-B956-411B-B779-D49CCF1A0C2D}.Debug|x86.Build.0 = Debug|x86
		{78DC9083-B956-411B-B779-D49CCF1A0C2D}.Release|Any CPU.ActiveCfg = Release|Any CPU
		{78DC9083-B956-411B-B779-D49CCF1A0C2D}.Release|Any CPU.Build.0 = Release|Any CPU
		{78DC9083-B956-411B-B779-D49CCF1A0C2D}.Release|x86.ActiveCfg = Release|x86
		{78DC9083-B956-411B-B779-D49CCF1A0C2D}.Release|x86.Build.0 = Release|x86
		{7F7A39B3-EFE3-4E04-92F7-34C684CE42AE}.Debug|Any CPU.ActiveCfg = Debug|Any CPU
		{7F7A39B3-EFE3-4E04-92F7-34C684CE42AE}.Debug|Any CPU.Build.0 = Debug|Any CPU
		{7F7A39B3-EFE3-4E04-92F7-34C684CE42AE}.Debug|x86.ActiveCfg = Debug|x86
		{7F7A39B3-EFE3-4E04-92F7-34C684CE42AE}.Debug|x86.Build.0 = Debug|x86
		{7F7A39B3-EFE3-4E04-92F7-34C684CE42AE}.Release|Any CPU.ActiveCfg = Release|Any CPU
		{7F7A39B3-EFE3-4E04-92F7-34C684CE42AE}.Release|Any CPU.Build.0 = Release|Any CPU
		{7F7A39B3-EFE3-4E04-92F7-34C684CE42AE}.Release|x86.ActiveCfg = Release|x86
		{7F7A39B3-EFE3-4E04-92F7-34C684CE42AE}.Release|x86.Build.0 = Release|x86
		{5EF0D093-3D71-4397-AA51-8677E3C21072}.Debug|Any CPU.ActiveCfg = Debug|Any CPU
		{5EF0D093-3D71-4397-AA51-8677E3C21072}.Debug|Any CPU.Build.0 = Debug|Any CPU
		{5EF0D093-3D71-4397-AA51-8677E3C21072}.Debug|x86.ActiveCfg = Debug|x86
		{5EF0D093-3D71-4397-AA51-8677E3C21072}.Debug|x86.Build.0 = Debug|x86
		{5EF0D093-3D71-4397-AA51-8677E3C21072}.Release|Any CPU.ActiveCfg = Release|Any CPU
		{5EF0D093-3D71-4397-AA51-8677E3C21072}.Release|Any CPU.Build.0 = Release|Any CPU
		{5EF0D093-3D71-4397-AA51-8677E3C21072}.Release|x86.ActiveCfg = Release|x86
		{5EF0D093-3D71-4397-AA51-8677E3C21072}.Release|x86.Build.0 = Release|x86
	EndGlobalSection
	GlobalSection(SolutionProperties) = preSolution
		HideSolutionNode = FALSE
	EndGlobalSection
EndGlobal
