
Microsoft Visual Studio Solution File, Format Version 12.00
# Visual Studio 2012
Project("{FAE04EC0-301F-11D3-BF4B-00C04F79EFBC}") = "CPL0000Q01", "CPL0000Q01\CPL0000Q01.csproj", "{78B032DC-57C6-4063-99D8-B731675E5ED6}"
EndProject
Project("{FAE04EC0-301F-11D3-BF4B-00C04F79EFBC}") = "CPL0001U00", "CPL0001U00\CPL0001U00.csproj", "{E6D2F2F5-16B8-4374-AB94-0E7CD12CA820}"
EndProject
Project("{FAE04EC0-301F-11D3-BF4B-00C04F79EFBC}") = "CPL0101U00", "CPL0101U00\CPL0101U00\CPL0101U00.csproj", "{18DB58A7-FB5F-4734-A263-B824998988DE}"
EndProject
Project("{FAE04EC0-301F-11D3-BF4B-00C04F79EFBC}") = "CPL0104U00", "CPL0104U00\CPL0104U00\CPL0104U00.csproj", "{E157A68E-6D34-410B-BC00-D3458E489A77}"
EndProject
Project("{FAE04EC0-301F-11D3-BF4B-00C04F79EFBC}") = "CPL0105U00", "CPL0105U00\CPL0105U00.csproj", "{0B59DACC-F258-4378-9065-5D612B21033E}"
EndProject
Project("{FAE04EC0-301F-11D3-BF4B-00C04F79EFBC}") = "CPL0106U00", "CPL0106U00\CPL0106U00\CPL0106U00.csproj", "{C39122DB-FE54-4BCB-8E2C-CBF1CD95FF9B}"
EndProject
Project("{FAE04EC0-301F-11D3-BF4B-00C04F79EFBC}") = "CPL0108U00", "CPL0108U00\CPL0108U00.csproj", "{54FF9570-5DDF-493D-B74C-0E960D6A6F51}"
EndProject
Project("{FAE04EC0-301F-11D3-BF4B-00C04F79EFBC}") = "CPL0108U01", "CPL0108U01\CPL0108U01.csproj", "{C55189C2-A3C8-4B41-8D0C-84FCBA41D42E}"
EndProject
Project("{FAE04EC0-301F-11D3-BF4B-00C04F79EFBC}") = "CPL0111U00", "CPL0111U00\CPL0111U00\CPL0111U00.csproj", "{2AD74E59-CCD2-4662-89B6-FA5653942D89}"
EndProject
Project("{FAE04EC0-301F-11D3-BF4B-00C04F79EFBC}") = "CPL0155U00", "CPL0155U00\CPL0155U00.csproj", "{153D8CFE-B4BA-4318-8853-5AB5DBDFD100}"
EndProject
Project("{FAE04EC0-301F-11D3-BF4B-00C04F79EFBC}") = "CPL2010Q00", "CPL2010Q00\CPL2010Q00\CPL2010Q00.csproj", "{6CC6E235-C8EC-48F7-8C30-6FD849C567CD}"
EndProject
Project("{FAE04EC0-301F-11D3-BF4B-00C04F79EFBC}") = "CPL2010Q01", "CPL2010Q01\CPL2010Q01\CPL2010Q01.csproj", "{313583FD-37F0-4614-8F11-03B9ED142939}"
EndProject
Project("{FAE04EC0-301F-11D3-BF4B-00C04F79EFBC}") = "CPL2010Q02", "CPL2010Q02\CPL2010Q02\CPL2010Q02.csproj", "{72BCB9A1-8B44-445B-BC0D-0C35DAE59857}"
EndProject
Project("{FAE04EC0-301F-11D3-BF4B-00C04F79EFBC}") = "CPL2010Q05", "CPL2010Q05\CPL2010Q05.csproj", "{C4C64646-B03B-4A52-B1CD-2F184940D4D4}"
EndProject
Project("{FAE04EC0-301F-11D3-BF4B-00C04F79EFBC}") = "CPL2010Q06", "CPL2010Q06\CPL2010Q06\CPL2010Q06.csproj", "{C49C2321-7F8F-4C6F-9BEF-40A2A58B0FF8}"
EndProject
Project("{FAE04EC0-301F-11D3-BF4B-00C04F79EFBC}") = "CPL2010R00", "CPL2010R00\CPL2010R00.csproj", "{7D35ABDB-8DF7-4D12-BC29-F63CBA4FE5B4}"
EndProject
Project("{FAE04EC0-301F-11D3-BF4B-00C04F79EFBC}") = "CPL2010R01", "CPL2010R01\CPL2010R01\CPL2010R01.csproj", "{6608AFCD-3EDA-4825-83C7-BAD736AD84C4}"
EndProject
Project("{FAE04EC0-301F-11D3-BF4B-00C04F79EFBC}") = "CPL2010R02", "CPL2010R02\CPL2010R02.csproj", "{624723BA-95D6-4820-ABFB-6ADF57AE86C2}"
EndProject
Project("{FAE04EC0-301F-11D3-BF4B-00C04F79EFBC}") = "CPL2010U00", "CPL2010U00\CPL2010U00\CPL2010U00.csproj", "{C7824387-0C49-4B11-9EFE-D4C47011997D}"
EndProject
Project("{FAE04EC0-301F-11D3-BF4B-00C04F79EFBC}") = "CPL2010U01", "CPL2010U01\CPL2010U01\CPL2010U01.csproj", "{E9829757-051E-4F91-AEA0-465A05D7EA0E}"
EndProject
Project("{FAE04EC0-301F-11D3-BF4B-00C04F79EFBC}") = "CPL2010U02", "CPL2010U02\CPL2010U02\CPL2010U02.csproj", "{919310C6-F50D-4CAD-BABF-3CAAE27EB5B9}"
EndProject
Project("{FAE04EC0-301F-11D3-BF4B-00C04F79EFBC}") = "CPL3010U00", "CPL3010U00\CPL3010U00\CPL3010U00.csproj", "{65596AF9-D031-4B3C-A415-3590FE886EF3}"
EndProject
Project("{FAE04EC0-301F-11D3-BF4B-00C04F79EFBC}") = "CPL3010U01", "CPL3010U01\CPL3010U01\CPL3010U01.csproj", "{8F51DD51-8D91-4764-8C8B-34F27CB42F3F}"
EndProject
Project("{FAE04EC0-301F-11D3-BF4B-00C04F79EFBC}") = "CPL3020R00", "CPL3020R00\CPL3020R00.csproj", "{B9A9CE54-E8DA-4180-8973-933F53BAA9EC}"
EndProject
Project("{FAE04EC0-301F-11D3-BF4B-00C04F79EFBC}") = "CPL7001Q01", "CPL7001Q01\CPL7001Q01.csproj", "{2FF22D43-7779-44F1-8922-8ED5C5ACD83B}"
EndProject
Project("{FAE04EC0-301F-11D3-BF4B-00C04F79EFBC}") = "CPL7001Q02", "CPL7001Q02\CPL7001Q02.csproj", "{18F38827-1EF2-41F1-B342-F40F3CB92415}"
EndProject
Project("{FAE04EC0-301F-11D3-BF4B-00C04F79EFBC}") = "CPLBMLUPLOADER", "CPLBMLUPLOADER\CPLBMLUPLOADER\CPLBMLUPLOADER.csproj", "{20B54FEE-AE9D-410F-85BA-55F29BAF2ECD}"
EndProject
Project("{FAE04EC0-301F-11D3-BF4B-00C04F79EFBC}") = "CPLFINDLIB", "CPLFINDLIB\CPLFINDLIB\CPLFINDLIB.csproj", "{88C0DBF9-7270-4B17-A901-E699431A12AF}"
EndProject
Project("{FAE04EC0-301F-11D3-BF4B-00C04F79EFBC}") = "CPLS.Lib.Controls", "CPLS.Lib.Controls\CPLS.Lib.Controls.csproj", "{3B720E19-FF99-4F1B-A1F5-104DECAF86F9}"
EndProject
Project("{FAE04EC0-301F-11D3-BF4B-00C04F79EFBC}") = "CPLS.Lib.Images", "CPLS.Lib.Images\CPLS.Lib.Images.csproj", "{B574411B-C0B7-437D-A766-94B65AF0EC49}"
EndProject
Project("{FAE04EC0-301F-11D3-BF4B-00C04F79EFBC}") = "SCANUPLOADER", "CPLSCANUPLOADER\SCANUPLOADER.csproj", "{6D85065C-7821-4BCC-A811-69285A4D5EE9}"
EndProject
Project("{FAE04EC0-301F-11D3-BF4B-00C04F79EFBC}") = "SCANVIEWER", "SCANVIEWER\SCANVIEWER\SCANVIEWER.csproj", "{2E69B686-05C3-4BEA-8241-8C53679EBE0B}"
EndProject
Project("{FAE04EC0-301F-11D3-BF4B-00C04F79EFBC}") = "SystemDelegator", "SystemDelegate\SystemDelegator.csproj", "{352C28CB-924E-4982-88BF-A6E29688B97F}"
EndProject
Project("{FAE04EC0-301F-11D3-BF4B-00C04F79EFBC}") = "CPLMASTERUPLOADER", "CPLMASTERUPLOADER\CPLMASTERUPLOADER\CPLMASTERUPLOADER.csproj", "{9AF437EE-6780-4980-BF3D-0470C0885C72}"
EndProject
Project("{FAE04EC0-301F-11D3-BF4B-00C04F79EFBC}") = "CPL0000Q00", "CPL0000Q00\CPL0000Q00\CPL0000Q00.csproj", "{42FD7609-EF8C-49D4-97B0-5DF4AFEDA72A}"
EndProject
Project("{FAE04EC0-301F-11D3-BF4B-00C04F79EFBC}") = "CPL3020U00", "CPL3020U00\CPL3020U00.csproj", "{CEA8A5B2-36DA-46C7-B97A-7D562BCDCCCD}"
EndProject
Project("{FAE04EC0-301F-11D3-BF4B-00C04F79EFBC}") = "CPL3020U02", "CPL3020U02\CPL3020U02.csproj", "{ECAA03F8-0C35-4980-AEE0-E8EFEB21FBB2}"
EndProject
Global
	GlobalSection(SolutionConfigurationPlatforms) = preSolution
		Debug|Any CPU = Debug|Any CPU
		Debug|Itanium = Debug|Itanium
		Debug|x64 = Debug|x64
		Debug|x86 = Debug|x86
		Release|Any CPU = Release|Any CPU
		Release|Itanium = Release|Itanium
		Release|x64 = Release|x64
		Release|x86 = Release|x86
	EndGlobalSection
	GlobalSection(ProjectConfigurationPlatforms) = postSolution
		{78B032DC-57C6-4063-99D8-B731675E5ED6}.Debug|Any CPU.ActiveCfg = Debug|Any CPU
		{78B032DC-57C6-4063-99D8-B731675E5ED6}.Debug|Any CPU.Build.0 = Debug|Any CPU
		{78B032DC-57C6-4063-99D8-B731675E5ED6}.Debug|Itanium.ActiveCfg = Debug|Any CPU
		{78B032DC-57C6-4063-99D8-B731675E5ED6}.Debug|x64.ActiveCfg = Debug|x64
		{78B032DC-57C6-4063-99D8-B731675E5ED6}.Debug|x64.Build.0 = Debug|x64
		{78B032DC-57C6-4063-99D8-B731675E5ED6}.Debug|x86.ActiveCfg = Debug|x86
		{78B032DC-57C6-4063-99D8-B731675E5ED6}.Debug|x86.Build.0 = Debug|x86
		{78B032DC-57C6-4063-99D8-B731675E5ED6}.Release|Any CPU.ActiveCfg = Release|Any CPU
		{78B032DC-57C6-4063-99D8-B731675E5ED6}.Release|Any CPU.Build.0 = Release|Any CPU
		{78B032DC-57C6-4063-99D8-B731675E5ED6}.Release|Itanium.ActiveCfg = Release|Any CPU
		{78B032DC-57C6-4063-99D8-B731675E5ED6}.Release|x64.ActiveCfg = Release|x64
		{78B032DC-57C6-4063-99D8-B731675E5ED6}.Release|x64.Build.0 = Release|x64
		{78B032DC-57C6-4063-99D8-B731675E5ED6}.Release|x86.ActiveCfg = Release|x86
		{78B032DC-57C6-4063-99D8-B731675E5ED6}.Release|x86.Build.0 = Release|x86
		{E6D2F2F5-16B8-4374-AB94-0E7CD12CA820}.Debug|Any CPU.ActiveCfg = Debug|Any CPU
		{E6D2F2F5-16B8-4374-AB94-0E7CD12CA820}.Debug|Any CPU.Build.0 = Debug|Any CPU
		{E6D2F2F5-16B8-4374-AB94-0E7CD12CA820}.Debug|Itanium.ActiveCfg = Debug|Any CPU
		{E6D2F2F5-16B8-4374-AB94-0E7CD12CA820}.Debug|x64.ActiveCfg = Debug|x64
		{E6D2F2F5-16B8-4374-AB94-0E7CD12CA820}.Debug|x64.Build.0 = Debug|x64
		{E6D2F2F5-16B8-4374-AB94-0E7CD12CA820}.Debug|x86.ActiveCfg = Debug|x86
		{E6D2F2F5-16B8-4374-AB94-0E7CD12CA820}.Debug|x86.Build.0 = Debug|x86
		{E6D2F2F5-16B8-4374-AB94-0E7CD12CA820}.Release|Any CPU.ActiveCfg = Release|Any CPU
		{E6D2F2F5-16B8-4374-AB94-0E7CD12CA820}.Release|Any CPU.Build.0 = Release|Any CPU
		{E6D2F2F5-16B8-4374-AB94-0E7CD12CA820}.Release|Itanium.ActiveCfg = Release|Any CPU
		{E6D2F2F5-16B8-4374-AB94-0E7CD12CA820}.Release|x64.ActiveCfg = Release|x64
		{E6D2F2F5-16B8-4374-AB94-0E7CD12CA820}.Release|x64.Build.0 = Release|x64
		{E6D2F2F5-16B8-4374-AB94-0E7CD12CA820}.Release|x86.ActiveCfg = Release|x86
		{E6D2F2F5-16B8-4374-AB94-0E7CD12CA820}.Release|x86.Build.0 = Release|x86
		{18DB58A7-FB5F-4734-A263-B824998988DE}.Debug|Any CPU.ActiveCfg = Debug|Any CPU
		{18DB58A7-FB5F-4734-A263-B824998988DE}.Debug|Any CPU.Build.0 = Debug|Any CPU
		{18DB58A7-FB5F-4734-A263-B824998988DE}.Debug|Itanium.ActiveCfg = Debug|Any CPU
		{18DB58A7-FB5F-4734-A263-B824998988DE}.Debug|x64.ActiveCfg = Debug|x64
		{18DB58A7-FB5F-4734-A263-B824998988DE}.Debug|x64.Build.0 = Debug|x64
		{18DB58A7-FB5F-4734-A263-B824998988DE}.Debug|x86.ActiveCfg = Debug|x86
		{18DB58A7-FB5F-4734-A263-B824998988DE}.Debug|x86.Build.0 = Debug|x86
		{18DB58A7-FB5F-4734-A263-B824998988DE}.Release|Any CPU.ActiveCfg = Release|Any CPU
		{18DB58A7-FB5F-4734-A263-B824998988DE}.Release|Any CPU.Build.0 = Release|Any CPU
		{18DB58A7-FB5F-4734-A263-B824998988DE}.Release|Itanium.ActiveCfg = Release|Any CPU
		{18DB58A7-FB5F-4734-A263-B824998988DE}.Release|x64.ActiveCfg = Release|x64
		{18DB58A7-FB5F-4734-A263-B824998988DE}.Release|x64.Build.0 = Release|x64
		{18DB58A7-FB5F-4734-A263-B824998988DE}.Release|x86.ActiveCfg = Release|x86
		{18DB58A7-FB5F-4734-A263-B824998988DE}.Release|x86.Build.0 = Release|x86
		{E157A68E-6D34-410B-BC00-D3458E489A77}.Debug|Any CPU.ActiveCfg = Debug|Any CPU
		{E157A68E-6D34-410B-BC00-D3458E489A77}.Debug|Any CPU.Build.0 = Debug|Any CPU
		{E157A68E-6D34-410B-BC00-D3458E489A77}.Debug|Itanium.ActiveCfg = Debug|Any CPU
		{E157A68E-6D34-410B-BC00-D3458E489A77}.Debug|x64.ActiveCfg = Debug|x64
		{E157A68E-6D34-410B-BC00-D3458E489A77}.Debug|x64.Build.0 = Debug|x64
		{E157A68E-6D34-410B-BC00-D3458E489A77}.Debug|x86.ActiveCfg = Debug|x86
		{E157A68E-6D34-410B-BC00-D3458E489A77}.Debug|x86.Build.0 = Debug|x86
		{E157A68E-6D34-410B-BC00-D3458E489A77}.Release|Any CPU.ActiveCfg = Release|Any CPU
		{E157A68E-6D34-410B-BC00-D3458E489A77}.Release|Any CPU.Build.0 = Release|Any CPU
		{E157A68E-6D34-410B-BC00-D3458E489A77}.Release|Itanium.ActiveCfg = Release|Any CPU
		{E157A68E-6D34-410B-BC00-D3458E489A77}.Release|x64.ActiveCfg = Release|x64
		{E157A68E-6D34-410B-BC00-D3458E489A77}.Release|x64.Build.0 = Release|x64
		{E157A68E-6D34-410B-BC00-D3458E489A77}.Release|x86.ActiveCfg = Release|x86
		{E157A68E-6D34-410B-BC00-D3458E489A77}.Release|x86.Build.0 = Release|x86
		{0B59DACC-F258-4378-9065-5D612B21033E}.Debug|Any CPU.ActiveCfg = Debug|Any CPU
		{0B59DACC-F258-4378-9065-5D612B21033E}.Debug|Any CPU.Build.0 = Debug|Any CPU
		{0B59DACC-F258-4378-9065-5D612B21033E}.Debug|Itanium.ActiveCfg = Debug|Any CPU
		{0B59DACC-F258-4378-9065-5D612B21033E}.Debug|x64.ActiveCfg = Debug|x64
		{0B59DACC-F258-4378-9065-5D612B21033E}.Debug|x64.Build.0 = Debug|x64
		{0B59DACC-F258-4378-9065-5D612B21033E}.Debug|x86.ActiveCfg = Debug|x86
		{0B59DACC-F258-4378-9065-5D612B21033E}.Debug|x86.Build.0 = Debug|x86
		{0B59DACC-F258-4378-9065-5D612B21033E}.Release|Any CPU.ActiveCfg = Release|Any CPU
		{0B59DACC-F258-4378-9065-5D612B21033E}.Release|Any CPU.Build.0 = Release|Any CPU
		{0B59DACC-F258-4378-9065-5D612B21033E}.Release|Itanium.ActiveCfg = Release|Any CPU
		{0B59DACC-F258-4378-9065-5D612B21033E}.Release|x64.ActiveCfg = Release|x64
		{0B59DACC-F258-4378-9065-5D612B21033E}.Release|x64.Build.0 = Release|x64
		{0B59DACC-F258-4378-9065-5D612B21033E}.Release|x86.ActiveCfg = Release|x86
		{0B59DACC-F258-4378-9065-5D612B21033E}.Release|x86.Build.0 = Release|x86
		{C39122DB-FE54-4BCB-8E2C-CBF1CD95FF9B}.Debug|Any CPU.ActiveCfg = Debug|Any CPU
		{C39122DB-FE54-4BCB-8E2C-CBF1CD95FF9B}.Debug|Any CPU.Build.0 = Debug|Any CPU
		{C39122DB-FE54-4BCB-8E2C-CBF1CD95FF9B}.Debug|Itanium.ActiveCfg = Debug|Any CPU
		{C39122DB-FE54-4BCB-8E2C-CBF1CD95FF9B}.Debug|x64.ActiveCfg = Debug|x64
		{C39122DB-FE54-4BCB-8E2C-CBF1CD95FF9B}.Debug|x64.Build.0 = Debug|x64
		{C39122DB-FE54-4BCB-8E2C-CBF1CD95FF9B}.Debug|x86.ActiveCfg = Debug|x86
		{C39122DB-FE54-4BCB-8E2C-CBF1CD95FF9B}.Debug|x86.Build.0 = Debug|x86
		{C39122DB-FE54-4BCB-8E2C-CBF1CD95FF9B}.Release|Any CPU.ActiveCfg = Release|Any CPU
		{C39122DB-FE54-4BCB-8E2C-CBF1CD95FF9B}.Release|Any CPU.Build.0 = Release|Any CPU
		{C39122DB-FE54-4BCB-8E2C-CBF1CD95FF9B}.Release|Itanium.ActiveCfg = Release|Any CPU
		{C39122DB-FE54-4BCB-8E2C-CBF1CD95FF9B}.Release|x64.ActiveCfg = Release|x64
		{C39122DB-FE54-4BCB-8E2C-CBF1CD95FF9B}.Release|x64.Build.0 = Release|x64
		{C39122DB-FE54-4BCB-8E2C-CBF1CD95FF9B}.Release|x86.ActiveCfg = Release|x86
		{C39122DB-FE54-4BCB-8E2C-CBF1CD95FF9B}.Release|x86.Build.0 = Release|x86
		{54FF9570-5DDF-493D-B74C-0E960D6A6F51}.Debug|Any CPU.ActiveCfg = Debug|Any CPU
		{54FF9570-5DDF-493D-B74C-0E960D6A6F51}.Debug|Any CPU.Build.0 = Debug|Any CPU
		{54FF9570-5DDF-493D-B74C-0E960D6A6F51}.Debug|Itanium.ActiveCfg = Debug|Any CPU
		{54FF9570-5DDF-493D-B74C-0E960D6A6F51}.Debug|x64.ActiveCfg = Debug|x64
		{54FF9570-5DDF-493D-B74C-0E960D6A6F51}.Debug|x64.Build.0 = Debug|x64
		{54FF9570-5DDF-493D-B74C-0E960D6A6F51}.Debug|x86.ActiveCfg = Debug|x86
		{54FF9570-5DDF-493D-B74C-0E960D6A6F51}.Debug|x86.Build.0 = Debug|x86
		{54FF9570-5DDF-493D-B74C-0E960D6A6F51}.Release|Any CPU.ActiveCfg = Release|Any CPU
		{54FF9570-5DDF-493D-B74C-0E960D6A6F51}.Release|Any CPU.Build.0 = Release|Any CPU
		{54FF9570-5DDF-493D-B74C-0E960D6A6F51}.Release|Itanium.ActiveCfg = Release|Any CPU
		{54FF9570-5DDF-493D-B74C-0E960D6A6F51}.Release|x64.ActiveCfg = Release|x64
		{54FF9570-5DDF-493D-B74C-0E960D6A6F51}.Release|x64.Build.0 = Release|x64
		{54FF9570-5DDF-493D-B74C-0E960D6A6F51}.Release|x86.ActiveCfg = Release|x86
		{54FF9570-5DDF-493D-B74C-0E960D6A6F51}.Release|x86.Build.0 = Release|x86
		{C55189C2-A3C8-4B41-8D0C-84FCBA41D42E}.Debug|Any CPU.ActiveCfg = Debug|Any CPU
		{C55189C2-A3C8-4B41-8D0C-84FCBA41D42E}.Debug|Any CPU.Build.0 = Debug|Any CPU
		{C55189C2-A3C8-4B41-8D0C-84FCBA41D42E}.Debug|Itanium.ActiveCfg = Debug|Any CPU
		{C55189C2-A3C8-4B41-8D0C-84FCBA41D42E}.Debug|x64.ActiveCfg = Debug|x64
		{C55189C2-A3C8-4B41-8D0C-84FCBA41D42E}.Debug|x64.Build.0 = Debug|x64
		{C55189C2-A3C8-4B41-8D0C-84FCBA41D42E}.Debug|x86.ActiveCfg = Debug|x86
		{C55189C2-A3C8-4B41-8D0C-84FCBA41D42E}.Debug|x86.Build.0 = Debug|x86
		{C55189C2-A3C8-4B41-8D0C-84FCBA41D42E}.Release|Any CPU.ActiveCfg = Release|Any CPU
		{C55189C2-A3C8-4B41-8D0C-84FCBA41D42E}.Release|Any CPU.Build.0 = Release|Any CPU
		{C55189C2-A3C8-4B41-8D0C-84FCBA41D42E}.Release|Itanium.ActiveCfg = Release|Any CPU
		{C55189C2-A3C8-4B41-8D0C-84FCBA41D42E}.Release|x64.ActiveCfg = Release|x64
		{C55189C2-A3C8-4B41-8D0C-84FCBA41D42E}.Release|x64.Build.0 = Release|x64
		{C55189C2-A3C8-4B41-8D0C-84FCBA41D42E}.Release|x86.ActiveCfg = Release|x86
		{C55189C2-A3C8-4B41-8D0C-84FCBA41D42E}.Release|x86.Build.0 = Release|x86
		{2AD74E59-CCD2-4662-89B6-FA5653942D89}.Debug|Any CPU.ActiveCfg = Debug|Any CPU
		{2AD74E59-CCD2-4662-89B6-FA5653942D89}.Debug|Any CPU.Build.0 = Debug|Any CPU
		{2AD74E59-CCD2-4662-89B6-FA5653942D89}.Debug|Itanium.ActiveCfg = Debug|Any CPU
		{2AD74E59-CCD2-4662-89B6-FA5653942D89}.Debug|x64.ActiveCfg = Debug|x64
		{2AD74E59-CCD2-4662-89B6-FA5653942D89}.Debug|x64.Build.0 = Debug|x64
		{2AD74E59-CCD2-4662-89B6-FA5653942D89}.Debug|x86.ActiveCfg = Debug|x86
		{2AD74E59-CCD2-4662-89B6-FA5653942D89}.Debug|x86.Build.0 = Debug|x86
		{2AD74E59-CCD2-4662-89B6-FA5653942D89}.Release|Any CPU.ActiveCfg = Release|Any CPU
		{2AD74E59-CCD2-4662-89B6-FA5653942D89}.Release|Any CPU.Build.0 = Release|Any CPU
		{2AD74E59-CCD2-4662-89B6-FA5653942D89}.Release|Itanium.ActiveCfg = Release|Any CPU
		{2AD74E59-CCD2-4662-89B6-FA5653942D89}.Release|x64.ActiveCfg = Release|x64
		{2AD74E59-CCD2-4662-89B6-FA5653942D89}.Release|x64.Build.0 = Release|x64
		{2AD74E59-CCD2-4662-89B6-FA5653942D89}.Release|x86.ActiveCfg = Release|x86
		{2AD74E59-CCD2-4662-89B6-FA5653942D89}.Release|x86.Build.0 = Release|x86
		{153D8CFE-B4BA-4318-8853-5AB5DBDFD100}.Debug|Any CPU.ActiveCfg = Debug|Any CPU
		{153D8CFE-B4BA-4318-8853-5AB5DBDFD100}.Debug|Any CPU.Build.0 = Debug|Any CPU
		{153D8CFE-B4BA-4318-8853-5AB5DBDFD100}.Debug|Itanium.ActiveCfg = Debug|Any CPU
		{153D8CFE-B4BA-4318-8853-5AB5DBDFD100}.Debug|x64.ActiveCfg = Debug|x64
		{153D8CFE-B4BA-4318-8853-5AB5DBDFD100}.Debug|x64.Build.0 = Debug|x64
		{153D8CFE-B4BA-4318-8853-5AB5DBDFD100}.Debug|x86.ActiveCfg = Debug|x86
		{153D8CFE-B4BA-4318-8853-5AB5DBDFD100}.Debug|x86.Build.0 = Debug|x86
		{153D8CFE-B4BA-4318-8853-5AB5DBDFD100}.Release|Any CPU.ActiveCfg = Release|Any CPU
		{153D8CFE-B4BA-4318-8853-5AB5DBDFD100}.Release|Any CPU.Build.0 = Release|Any CPU
		{153D8CFE-B4BA-4318-8853-5AB5DBDFD100}.Release|Itanium.ActiveCfg = Release|Any CPU
		{153D8CFE-B4BA-4318-8853-5AB5DBDFD100}.Release|x64.ActiveCfg = Release|x64
		{153D8CFE-B4BA-4318-8853-5AB5DBDFD100}.Release|x64.Build.0 = Release|x64
		{153D8CFE-B4BA-4318-8853-5AB5DBDFD100}.Release|x86.ActiveCfg = Release|x86
		{153D8CFE-B4BA-4318-8853-5AB5DBDFD100}.Release|x86.Build.0 = Release|x86
		{6CC6E235-C8EC-48F7-8C30-6FD849C567CD}.Debug|Any CPU.ActiveCfg = Debug|Any CPU
		{6CC6E235-C8EC-48F7-8C30-6FD849C567CD}.Debug|Any CPU.Build.0 = Debug|Any CPU
		{6CC6E235-C8EC-48F7-8C30-6FD849C567CD}.Debug|Itanium.ActiveCfg = Debug|Any CPU
		{6CC6E235-C8EC-48F7-8C30-6FD849C567CD}.Debug|x64.ActiveCfg = Debug|x64
		{6CC6E235-C8EC-48F7-8C30-6FD849C567CD}.Debug|x64.Build.0 = Debug|x64
		{6CC6E235-C8EC-48F7-8C30-6FD849C567CD}.Debug|x86.ActiveCfg = Debug|x86
		{6CC6E235-C8EC-48F7-8C30-6FD849C567CD}.Debug|x86.Build.0 = Debug|x86
		{6CC6E235-C8EC-48F7-8C30-6FD849C567CD}.Release|Any CPU.ActiveCfg = Release|Any CPU
		{6CC6E235-C8EC-48F7-8C30-6FD849C567CD}.Release|Any CPU.Build.0 = Release|Any CPU
		{6CC6E235-C8EC-48F7-8C30-6FD849C567CD}.Release|Itanium.ActiveCfg = Release|Any CPU
		{6CC6E235-C8EC-48F7-8C30-6FD849C567CD}.Release|x64.ActiveCfg = Release|x64
		{6CC6E235-C8EC-48F7-8C30-6FD849C567CD}.Release|x64.Build.0 = Release|x64
		{6CC6E235-C8EC-48F7-8C30-6FD849C567CD}.Release|x86.ActiveCfg = Release|x86
		{6CC6E235-C8EC-48F7-8C30-6FD849C567CD}.Release|x86.Build.0 = Release|x86
		{313583FD-37F0-4614-8F11-03B9ED142939}.Debug|Any CPU.ActiveCfg = Debug|Any CPU
		{313583FD-37F0-4614-8F11-03B9ED142939}.Debug|Any CPU.Build.0 = Debug|Any CPU
		{313583FD-37F0-4614-8F11-03B9ED142939}.Debug|Itanium.ActiveCfg = Debug|Any CPU
		{313583FD-37F0-4614-8F11-03B9ED142939}.Debug|x64.ActiveCfg = Debug|x64
		{313583FD-37F0-4614-8F11-03B9ED142939}.Debug|x64.Build.0 = Debug|x64
		{313583FD-37F0-4614-8F11-03B9ED142939}.Debug|x86.ActiveCfg = Debug|x86
		{313583FD-37F0-4614-8F11-03B9ED142939}.Debug|x86.Build.0 = Debug|x86
		{313583FD-37F0-4614-8F11-03B9ED142939}.Release|Any CPU.ActiveCfg = Release|Any CPU
		{313583FD-37F0-4614-8F11-03B9ED142939}.Release|Any CPU.Build.0 = Release|Any CPU
		{313583FD-37F0-4614-8F11-03B9ED142939}.Release|Itanium.ActiveCfg = Release|Any CPU
		{313583FD-37F0-4614-8F11-03B9ED142939}.Release|x64.ActiveCfg = Release|x64
		{313583FD-37F0-4614-8F11-03B9ED142939}.Release|x64.Build.0 = Release|x64
		{313583FD-37F0-4614-8F11-03B9ED142939}.Release|x86.ActiveCfg = Release|x86
		{313583FD-37F0-4614-8F11-03B9ED142939}.Release|x86.Build.0 = Release|x86
		{72BCB9A1-8B44-445B-BC0D-0C35DAE59857}.Debug|Any CPU.ActiveCfg = Debug|Any CPU
		{72BCB9A1-8B44-445B-BC0D-0C35DAE59857}.Debug|Any CPU.Build.0 = Debug|Any CPU
		{72BCB9A1-8B44-445B-BC0D-0C35DAE59857}.Debug|Itanium.ActiveCfg = Debug|Any CPU
		{72BCB9A1-8B44-445B-BC0D-0C35DAE59857}.Debug|x64.ActiveCfg = Debug|x64
		{72BCB9A1-8B44-445B-BC0D-0C35DAE59857}.Debug|x64.Build.0 = Debug|x64
		{72BCB9A1-8B44-445B-BC0D-0C35DAE59857}.Debug|x86.ActiveCfg = Debug|x86
		{72BCB9A1-8B44-445B-BC0D-0C35DAE59857}.Debug|x86.Build.0 = Debug|x86
		{72BCB9A1-8B44-445B-BC0D-0C35DAE59857}.Release|Any CPU.ActiveCfg = Release|Any CPU
		{72BCB9A1-8B44-445B-BC0D-0C35DAE59857}.Release|Any CPU.Build.0 = Release|Any CPU
		{72BCB9A1-8B44-445B-BC0D-0C35DAE59857}.Release|Itanium.ActiveCfg = Release|Any CPU
		{72BCB9A1-8B44-445B-BC0D-0C35DAE59857}.Release|x64.ActiveCfg = Release|x64
		{72BCB9A1-8B44-445B-BC0D-0C35DAE59857}.Release|x64.Build.0 = Release|x64
		{72BCB9A1-8B44-445B-BC0D-0C35DAE59857}.Release|x86.ActiveCfg = Release|x86
		{72BCB9A1-8B44-445B-BC0D-0C35DAE59857}.Release|x86.Build.0 = Release|x86
		{C4C64646-B03B-4A52-B1CD-2F184940D4D4}.Debug|Any CPU.ActiveCfg = Debug|Any CPU
		{C4C64646-B03B-4A52-B1CD-2F184940D4D4}.Debug|Any CPU.Build.0 = Debug|Any CPU
		{C4C64646-B03B-4A52-B1CD-2F184940D4D4}.Debug|Itanium.ActiveCfg = Debug|Any CPU
		{C4C64646-B03B-4A52-B1CD-2F184940D4D4}.Debug|x64.ActiveCfg = Debug|x64
		{C4C64646-B03B-4A52-B1CD-2F184940D4D4}.Debug|x64.Build.0 = Debug|x64
		{C4C64646-B03B-4A52-B1CD-2F184940D4D4}.Debug|x86.ActiveCfg = Debug|x86
		{C4C64646-B03B-4A52-B1CD-2F184940D4D4}.Debug|x86.Build.0 = Debug|x86
		{C4C64646-B03B-4A52-B1CD-2F184940D4D4}.Release|Any CPU.ActiveCfg = Release|Any CPU
		{C4C64646-B03B-4A52-B1CD-2F184940D4D4}.Release|Any CPU.Build.0 = Release|Any CPU
		{C4C64646-B03B-4A52-B1CD-2F184940D4D4}.Release|Itanium.ActiveCfg = Release|Any CPU
		{C4C64646-B03B-4A52-B1CD-2F184940D4D4}.Release|x64.ActiveCfg = Release|x64
		{C4C64646-B03B-4A52-B1CD-2F184940D4D4}.Release|x64.Build.0 = Release|x64
		{C4C64646-B03B-4A52-B1CD-2F184940D4D4}.Release|x86.ActiveCfg = Release|x86
		{C4C64646-B03B-4A52-B1CD-2F184940D4D4}.Release|x86.Build.0 = Release|x86
		{C49C2321-7F8F-4C6F-9BEF-40A2A58B0FF8}.Debug|Any CPU.ActiveCfg = Debug|Any CPU
		{C49C2321-7F8F-4C6F-9BEF-40A2A58B0FF8}.Debug|Any CPU.Build.0 = Debug|Any CPU
		{C49C2321-7F8F-4C6F-9BEF-40A2A58B0FF8}.Debug|Itanium.ActiveCfg = Debug|Any CPU
		{C49C2321-7F8F-4C6F-9BEF-40A2A58B0FF8}.Debug|x64.ActiveCfg = Debug|x64
		{C49C2321-7F8F-4C6F-9BEF-40A2A58B0FF8}.Debug|x64.Build.0 = Debug|x64
		{C49C2321-7F8F-4C6F-9BEF-40A2A58B0FF8}.Debug|x86.ActiveCfg = Debug|x86
		{C49C2321-7F8F-4C6F-9BEF-40A2A58B0FF8}.Debug|x86.Build.0 = Debug|x86
		{C49C2321-7F8F-4C6F-9BEF-40A2A58B0FF8}.Release|Any CPU.ActiveCfg = Release|Any CPU
		{C49C2321-7F8F-4C6F-9BEF-40A2A58B0FF8}.Release|Any CPU.Build.0 = Release|Any CPU
		{C49C2321-7F8F-4C6F-9BEF-40A2A58B0FF8}.Release|Itanium.ActiveCfg = Release|Any CPU
		{C49C2321-7F8F-4C6F-9BEF-40A2A58B0FF8}.Release|x64.ActiveCfg = Release|x64
		{C49C2321-7F8F-4C6F-9BEF-40A2A58B0FF8}.Release|x64.Build.0 = Release|x64
		{C49C2321-7F8F-4C6F-9BEF-40A2A58B0FF8}.Release|x86.ActiveCfg = Release|x86
		{C49C2321-7F8F-4C6F-9BEF-40A2A58B0FF8}.Release|x86.Build.0 = Release|x86
		{7D35ABDB-8DF7-4D12-BC29-F63CBA4FE5B4}.Debug|Any CPU.ActiveCfg = Debug|Any CPU
		{7D35ABDB-8DF7-4D12-BC29-F63CBA4FE5B4}.Debug|Any CPU.Build.0 = Debug|Any CPU
		{7D35ABDB-8DF7-4D12-BC29-F63CBA4FE5B4}.Debug|Itanium.ActiveCfg = Debug|Any CPU
		{7D35ABDB-8DF7-4D12-BC29-F63CBA4FE5B4}.Debug|x64.ActiveCfg = Debug|x64
		{7D35ABDB-8DF7-4D12-BC29-F63CBA4FE5B4}.Debug|x64.Build.0 = Debug|x64
		{7D35ABDB-8DF7-4D12-BC29-F63CBA4FE5B4}.Debug|x86.ActiveCfg = Debug|x86
		{7D35ABDB-8DF7-4D12-BC29-F63CBA4FE5B4}.Debug|x86.Build.0 = Debug|x86
		{7D35ABDB-8DF7-4D12-BC29-F63CBA4FE5B4}.Release|Any CPU.ActiveCfg = Release|Any CPU
		{7D35ABDB-8DF7-4D12-BC29-F63CBA4FE5B4}.Release|Any CPU.Build.0 = Release|Any CPU
		{7D35ABDB-8DF7-4D12-BC29-F63CBA4FE5B4}.Release|Itanium.ActiveCfg = Release|Any CPU
		{7D35ABDB-8DF7-4D12-BC29-F63CBA4FE5B4}.Release|x64.ActiveCfg = Release|x64
		{7D35ABDB-8DF7-4D12-BC29-F63CBA4FE5B4}.Release|x64.Build.0 = Release|x64
		{7D35ABDB-8DF7-4D12-BC29-F63CBA4FE5B4}.Release|x86.ActiveCfg = Release|x86
		{7D35ABDB-8DF7-4D12-BC29-F63CBA4FE5B4}.Release|x86.Build.0 = Release|x86
		{6608AFCD-3EDA-4825-83C7-BAD736AD84C4}.Debug|Any CPU.ActiveCfg = Debug|Any CPU
		{6608AFCD-3EDA-4825-83C7-BAD736AD84C4}.Debug|Any CPU.Build.0 = Debug|Any CPU
		{6608AFCD-3EDA-4825-83C7-BAD736AD84C4}.Debug|Itanium.ActiveCfg = Debug|Any CPU
		{6608AFCD-3EDA-4825-83C7-BAD736AD84C4}.Debug|x64.ActiveCfg = Debug|x64
		{6608AFCD-3EDA-4825-83C7-BAD736AD84C4}.Debug|x64.Build.0 = Debug|x64
		{6608AFCD-3EDA-4825-83C7-BAD736AD84C4}.Debug|x86.ActiveCfg = Debug|x86
		{6608AFCD-3EDA-4825-83C7-BAD736AD84C4}.Debug|x86.Build.0 = Debug|x86
		{6608AFCD-3EDA-4825-83C7-BAD736AD84C4}.Release|Any CPU.ActiveCfg = Release|Any CPU
		{6608AFCD-3EDA-4825-83C7-BAD736AD84C4}.Release|Any CPU.Build.0 = Release|Any CPU
		{6608AFCD-3EDA-4825-83C7-BAD736AD84C4}.Release|Itanium.ActiveCfg = Release|Any CPU
		{6608AFCD-3EDA-4825-83C7-BAD736AD84C4}.Release|x64.ActiveCfg = Release|x64
		{6608AFCD-3EDA-4825-83C7-BAD736AD84C4}.Release|x64.Build.0 = Release|x64
		{6608AFCD-3EDA-4825-83C7-BAD736AD84C4}.Release|x86.ActiveCfg = Release|x86
		{6608AFCD-3EDA-4825-83C7-BAD736AD84C4}.Release|x86.Build.0 = Release|x86
		{624723BA-95D6-4820-ABFB-6ADF57AE86C2}.Debug|Any CPU.ActiveCfg = Debug|Any CPU
		{624723BA-95D6-4820-ABFB-6ADF57AE86C2}.Debug|Any CPU.Build.0 = Debug|Any CPU
		{624723BA-95D6-4820-ABFB-6ADF57AE86C2}.Debug|Itanium.ActiveCfg = Debug|Any CPU
		{624723BA-95D6-4820-ABFB-6ADF57AE86C2}.Debug|x64.ActiveCfg = Debug|x64
		{624723BA-95D6-4820-ABFB-6ADF57AE86C2}.Debug|x64.Build.0 = Debug|x64
		{624723BA-95D6-4820-ABFB-6ADF57AE86C2}.Debug|x86.ActiveCfg = Debug|x86
		{624723BA-95D6-4820-ABFB-6ADF57AE86C2}.Debug|x86.Build.0 = Debug|x86
		{624723BA-95D6-4820-ABFB-6ADF57AE86C2}.Release|Any CPU.ActiveCfg = Release|Any CPU
		{624723BA-95D6-4820-ABFB-6ADF57AE86C2}.Release|Any CPU.Build.0 = Release|Any CPU
		{624723BA-95D6-4820-ABFB-6ADF57AE86C2}.Release|Itanium.ActiveCfg = Release|Any CPU
		{624723BA-95D6-4820-ABFB-6ADF57AE86C2}.Release|x64.ActiveCfg = Release|x64
		{624723BA-95D6-4820-ABFB-6ADF57AE86C2}.Release|x64.Build.0 = Release|x64
		{624723BA-95D6-4820-ABFB-6ADF57AE86C2}.Release|x86.ActiveCfg = Release|x86
		{624723BA-95D6-4820-ABFB-6ADF57AE86C2}.Release|x86.Build.0 = Release|x86
		{C7824387-0C49-4B11-9EFE-D4C47011997D}.Debug|Any CPU.ActiveCfg = Debug|Any CPU
		{C7824387-0C49-4B11-9EFE-D4C47011997D}.Debug|Any CPU.Build.0 = Debug|Any CPU
		{C7824387-0C49-4B11-9EFE-D4C47011997D}.Debug|Itanium.ActiveCfg = Debug|Any CPU
		{C7824387-0C49-4B11-9EFE-D4C47011997D}.Debug|x64.ActiveCfg = Debug|x64
		{C7824387-0C49-4B11-9EFE-D4C47011997D}.Debug|x64.Build.0 = Debug|x64
		{C7824387-0C49-4B11-9EFE-D4C47011997D}.Debug|x86.ActiveCfg = Debug|x86
		{C7824387-0C49-4B11-9EFE-D4C47011997D}.Debug|x86.Build.0 = Debug|x86
		{C7824387-0C49-4B11-9EFE-D4C47011997D}.Release|Any CPU.ActiveCfg = Release|Any CPU
		{C7824387-0C49-4B11-9EFE-D4C47011997D}.Release|Any CPU.Build.0 = Release|Any CPU
		{C7824387-0C49-4B11-9EFE-D4C47011997D}.Release|Itanium.ActiveCfg = Release|Any CPU
		{C7824387-0C49-4B11-9EFE-D4C47011997D}.Release|x64.ActiveCfg = Release|x64
		{C7824387-0C49-4B11-9EFE-D4C47011997D}.Release|x64.Build.0 = Release|x64
		{C7824387-0C49-4B11-9EFE-D4C47011997D}.Release|x86.ActiveCfg = Release|x86
		{C7824387-0C49-4B11-9EFE-D4C47011997D}.Release|x86.Build.0 = Release|x86
		{E9829757-051E-4F91-AEA0-465A05D7EA0E}.Debug|Any CPU.ActiveCfg = Debug|Any CPU
		{E9829757-051E-4F91-AEA0-465A05D7EA0E}.Debug|Any CPU.Build.0 = Debug|Any CPU
		{E9829757-051E-4F91-AEA0-465A05D7EA0E}.Debug|Itanium.ActiveCfg = Debug|Any CPU
		{E9829757-051E-4F91-AEA0-465A05D7EA0E}.Debug|x64.ActiveCfg = Debug|x64
		{E9829757-051E-4F91-AEA0-465A05D7EA0E}.Debug|x64.Build.0 = Debug|x64
		{E9829757-051E-4F91-AEA0-465A05D7EA0E}.Debug|x86.ActiveCfg = Debug|x86
		{E9829757-051E-4F91-AEA0-465A05D7EA0E}.Debug|x86.Build.0 = Debug|x86
		{E9829757-051E-4F91-AEA0-465A05D7EA0E}.Release|Any CPU.ActiveCfg = Release|Any CPU
		{E9829757-051E-4F91-AEA0-465A05D7EA0E}.Release|Any CPU.Build.0 = Release|Any CPU
		{E9829757-051E-4F91-AEA0-465A05D7EA0E}.Release|Itanium.ActiveCfg = Release|Any CPU
		{E9829757-051E-4F91-AEA0-465A05D7EA0E}.Release|x64.ActiveCfg = Release|x64
		{E9829757-051E-4F91-AEA0-465A05D7EA0E}.Release|x64.Build.0 = Release|x64
		{E9829757-051E-4F91-AEA0-465A05D7EA0E}.Release|x86.ActiveCfg = Release|x86
		{E9829757-051E-4F91-AEA0-465A05D7EA0E}.Release|x86.Build.0 = Release|x86
		{919310C6-F50D-4CAD-BABF-3CAAE27EB5B9}.Debug|Any CPU.ActiveCfg = Debug|Any CPU
		{919310C6-F50D-4CAD-BABF-3CAAE27EB5B9}.Debug|Any CPU.Build.0 = Debug|Any CPU
		{919310C6-F50D-4CAD-BABF-3CAAE27EB5B9}.Debug|Itanium.ActiveCfg = Debug|Any CPU
		{919310C6-F50D-4CAD-BABF-3CAAE27EB5B9}.Debug|x64.ActiveCfg = Debug|x64
		{919310C6-F50D-4CAD-BABF-3CAAE27EB5B9}.Debug|x64.Build.0 = Debug|x64
		{919310C6-F50D-4CAD-BABF-3CAAE27EB5B9}.Debug|x86.ActiveCfg = Debug|x86
		{919310C6-F50D-4CAD-BABF-3CAAE27EB5B9}.Debug|x86.Build.0 = Debug|x86
		{919310C6-F50D-4CAD-BABF-3CAAE27EB5B9}.Release|Any CPU.ActiveCfg = Release|Any CPU
		{919310C6-F50D-4CAD-BABF-3CAAE27EB5B9}.Release|Any CPU.Build.0 = Release|Any CPU
		{919310C6-F50D-4CAD-BABF-3CAAE27EB5B9}.Release|Itanium.ActiveCfg = Release|Any CPU
		{919310C6-F50D-4CAD-BABF-3CAAE27EB5B9}.Release|x64.ActiveCfg = Release|x64
		{919310C6-F50D-4CAD-BABF-3CAAE27EB5B9}.Release|x64.Build.0 = Release|x64
		{919310C6-F50D-4CAD-BABF-3CAAE27EB5B9}.Release|x86.ActiveCfg = Release|x86
		{919310C6-F50D-4CAD-BABF-3CAAE27EB5B9}.Release|x86.Build.0 = Release|x86
		{65596AF9-D031-4B3C-A415-3590FE886EF3}.Debug|Any CPU.ActiveCfg = Debug|Any CPU
		{65596AF9-D031-4B3C-A415-3590FE886EF3}.Debug|Any CPU.Build.0 = Debug|Any CPU
		{65596AF9-D031-4B3C-A415-3590FE886EF3}.Debug|Itanium.ActiveCfg = Debug|Any CPU
		{65596AF9-D031-4B3C-A415-3590FE886EF3}.Debug|x64.ActiveCfg = Debug|x64
		{65596AF9-D031-4B3C-A415-3590FE886EF3}.Debug|x64.Build.0 = Debug|x64
		{65596AF9-D031-4B3C-A415-3590FE886EF3}.Debug|x86.ActiveCfg = Debug|x86
		{65596AF9-D031-4B3C-A415-3590FE886EF3}.Debug|x86.Build.0 = Debug|x86
		{65596AF9-D031-4B3C-A415-3590FE886EF3}.Release|Any CPU.ActiveCfg = Release|Any CPU
		{65596AF9-D031-4B3C-A415-3590FE886EF3}.Release|Any CPU.Build.0 = Release|Any CPU
		{65596AF9-D031-4B3C-A415-3590FE886EF3}.Release|Itanium.ActiveCfg = Release|Any CPU
		{65596AF9-D031-4B3C-A415-3590FE886EF3}.Release|x64.ActiveCfg = Release|x64
		{65596AF9-D031-4B3C-A415-3590FE886EF3}.Release|x64.Build.0 = Release|x64
		{65596AF9-D031-4B3C-A415-3590FE886EF3}.Release|x86.ActiveCfg = Release|x86
		{65596AF9-D031-4B3C-A415-3590FE886EF3}.Release|x86.Build.0 = Release|x86
		{8F51DD51-8D91-4764-8C8B-34F27CB42F3F}.Debug|Any CPU.ActiveCfg = Debug|Any CPU
		{8F51DD51-8D91-4764-8C8B-34F27CB42F3F}.Debug|Any CPU.Build.0 = Debug|Any CPU
		{8F51DD51-8D91-4764-8C8B-34F27CB42F3F}.Debug|Itanium.ActiveCfg = Debug|Any CPU
		{8F51DD51-8D91-4764-8C8B-34F27CB42F3F}.Debug|x64.ActiveCfg = Debug|x64
		{8F51DD51-8D91-4764-8C8B-34F27CB42F3F}.Debug|x64.Build.0 = Debug|x64
		{8F51DD51-8D91-4764-8C8B-34F27CB42F3F}.Debug|x86.ActiveCfg = Debug|x86
		{8F51DD51-8D91-4764-8C8B-34F27CB42F3F}.Debug|x86.Build.0 = Debug|x86
		{8F51DD51-8D91-4764-8C8B-34F27CB42F3F}.Release|Any CPU.ActiveCfg = Release|Any CPU
		{8F51DD51-8D91-4764-8C8B-34F27CB42F3F}.Release|Any CPU.Build.0 = Release|Any CPU
		{8F51DD51-8D91-4764-8C8B-34F27CB42F3F}.Release|Itanium.ActiveCfg = Release|Any CPU
		{8F51DD51-8D91-4764-8C8B-34F27CB42F3F}.Release|x64.ActiveCfg = Release|x64
		{8F51DD51-8D91-4764-8C8B-34F27CB42F3F}.Release|x64.Build.0 = Release|x64
		{8F51DD51-8D91-4764-8C8B-34F27CB42F3F}.Release|x86.ActiveCfg = Release|x86
		{8F51DD51-8D91-4764-8C8B-34F27CB42F3F}.Release|x86.Build.0 = Release|x86
		{B9A9CE54-E8DA-4180-8973-933F53BAA9EC}.Debug|Any CPU.ActiveCfg = Debug|Any CPU
		{B9A9CE54-E8DA-4180-8973-933F53BAA9EC}.Debug|Any CPU.Build.0 = Debug|Any CPU
		{B9A9CE54-E8DA-4180-8973-933F53BAA9EC}.Debug|Itanium.ActiveCfg = Debug|Any CPU
		{B9A9CE54-E8DA-4180-8973-933F53BAA9EC}.Debug|x64.ActiveCfg = Debug|x64
		{B9A9CE54-E8DA-4180-8973-933F53BAA9EC}.Debug|x64.Build.0 = Debug|x64
		{B9A9CE54-E8DA-4180-8973-933F53BAA9EC}.Debug|x86.ActiveCfg = Debug|x86
		{B9A9CE54-E8DA-4180-8973-933F53BAA9EC}.Debug|x86.Build.0 = Debug|x86
		{B9A9CE54-E8DA-4180-8973-933F53BAA9EC}.Release|Any CPU.ActiveCfg = Release|Any CPU
		{B9A9CE54-E8DA-4180-8973-933F53BAA9EC}.Release|Any CPU.Build.0 = Release|Any CPU
		{B9A9CE54-E8DA-4180-8973-933F53BAA9EC}.Release|Itanium.ActiveCfg = Release|Any CPU
		{B9A9CE54-E8DA-4180-8973-933F53BAA9EC}.Release|x64.ActiveCfg = Release|x64
		{B9A9CE54-E8DA-4180-8973-933F53BAA9EC}.Release|x64.Build.0 = Release|x64
		{B9A9CE54-E8DA-4180-8973-933F53BAA9EC}.Release|x86.ActiveCfg = Release|x86
		{B9A9CE54-E8DA-4180-8973-933F53BAA9EC}.Release|x86.Build.0 = Release|x86
		{2FF22D43-7779-44F1-8922-8ED5C5ACD83B}.Debug|Any CPU.ActiveCfg = Debug|Any CPU
		{2FF22D43-7779-44F1-8922-8ED5C5ACD83B}.Debug|Any CPU.Build.0 = Debug|Any CPU
		{2FF22D43-7779-44F1-8922-8ED5C5ACD83B}.Debug|Itanium.ActiveCfg = Debug|Any CPU
		{2FF22D43-7779-44F1-8922-8ED5C5ACD83B}.Debug|x64.ActiveCfg = Debug|x64
		{2FF22D43-7779-44F1-8922-8ED5C5ACD83B}.Debug|x64.Build.0 = Debug|x64
		{2FF22D43-7779-44F1-8922-8ED5C5ACD83B}.Debug|x86.ActiveCfg = Debug|x86
		{2FF22D43-7779-44F1-8922-8ED5C5ACD83B}.Debug|x86.Build.0 = Debug|x86
		{2FF22D43-7779-44F1-8922-8ED5C5ACD83B}.Release|Any CPU.ActiveCfg = Release|Any CPU
		{2FF22D43-7779-44F1-8922-8ED5C5ACD83B}.Release|Any CPU.Build.0 = Release|Any CPU
		{2FF22D43-7779-44F1-8922-8ED5C5ACD83B}.Release|Itanium.ActiveCfg = Release|Any CPU
		{2FF22D43-7779-44F1-8922-8ED5C5ACD83B}.Release|x64.ActiveCfg = Release|x64
		{2FF22D43-7779-44F1-8922-8ED5C5ACD83B}.Release|x64.Build.0 = Release|x64
		{2FF22D43-7779-44F1-8922-8ED5C5ACD83B}.Release|x86.ActiveCfg = Release|x86
		{2FF22D43-7779-44F1-8922-8ED5C5ACD83B}.Release|x86.Build.0 = Release|x86
		{18F38827-1EF2-41F1-B342-F40F3CB92415}.Debug|Any CPU.ActiveCfg = Debug|Any CPU
		{18F38827-1EF2-41F1-B342-F40F3CB92415}.Debug|Any CPU.Build.0 = Debug|Any CPU
		{18F38827-1EF2-41F1-B342-F40F3CB92415}.Debug|Itanium.ActiveCfg = Debug|Any CPU
		{18F38827-1EF2-41F1-B342-F40F3CB92415}.Debug|x64.ActiveCfg = Debug|x64
		{18F38827-1EF2-41F1-B342-F40F3CB92415}.Debug|x64.Build.0 = Debug|x64
		{18F38827-1EF2-41F1-B342-F40F3CB92415}.Debug|x86.ActiveCfg = Debug|x86
		{18F38827-1EF2-41F1-B342-F40F3CB92415}.Debug|x86.Build.0 = Debug|x86
		{18F38827-1EF2-41F1-B342-F40F3CB92415}.Release|Any CPU.ActiveCfg = Release|Any CPU
		{18F38827-1EF2-41F1-B342-F40F3CB92415}.Release|Any CPU.Build.0 = Release|Any CPU
		{18F38827-1EF2-41F1-B342-F40F3CB92415}.Release|Itanium.ActiveCfg = Release|Any CPU
		{18F38827-1EF2-41F1-B342-F40F3CB92415}.Release|x64.ActiveCfg = Release|x64
		{18F38827-1EF2-41F1-B342-F40F3CB92415}.Release|x64.Build.0 = Release|x64
		{18F38827-1EF2-41F1-B342-F40F3CB92415}.Release|x86.ActiveCfg = Release|x86
		{18F38827-1EF2-41F1-B342-F40F3CB92415}.Release|x86.Build.0 = Release|x86
		{20B54FEE-AE9D-410F-85BA-55F29BAF2ECD}.Debug|Any CPU.ActiveCfg = Debug|Any CPU
		{20B54FEE-AE9D-410F-85BA-55F29BAF2ECD}.Debug|Any CPU.Build.0 = Debug|Any CPU
		{20B54FEE-AE9D-410F-85BA-55F29BAF2ECD}.Debug|Itanium.ActiveCfg = Debug|Any CPU
		{20B54FEE-AE9D-410F-85BA-55F29BAF2ECD}.Debug|x64.ActiveCfg = Debug|x64
		{20B54FEE-AE9D-410F-85BA-55F29BAF2ECD}.Debug|x64.Build.0 = Debug|x64
		{20B54FEE-AE9D-410F-85BA-55F29BAF2ECD}.Debug|x86.ActiveCfg = Debug|x86
		{20B54FEE-AE9D-410F-85BA-55F29BAF2ECD}.Debug|x86.Build.0 = Debug|x86
		{20B54FEE-AE9D-410F-85BA-55F29BAF2ECD}.Release|Any CPU.ActiveCfg = Release|Any CPU
		{20B54FEE-AE9D-410F-85BA-55F29BAF2ECD}.Release|Any CPU.Build.0 = Release|Any CPU
		{20B54FEE-AE9D-410F-85BA-55F29BAF2ECD}.Release|Itanium.ActiveCfg = Release|Any CPU
		{20B54FEE-AE9D-410F-85BA-55F29BAF2ECD}.Release|x64.ActiveCfg = Release|x64
		{20B54FEE-AE9D-410F-85BA-55F29BAF2ECD}.Release|x64.Build.0 = Release|x64
		{20B54FEE-AE9D-410F-85BA-55F29BAF2ECD}.Release|x86.ActiveCfg = Release|x86
		{20B54FEE-AE9D-410F-85BA-55F29BAF2ECD}.Release|x86.Build.0 = Release|x86
		{88C0DBF9-7270-4B17-A901-E699431A12AF}.Debug|Any CPU.ActiveCfg = Debug|Any CPU
		{88C0DBF9-7270-4B17-A901-E699431A12AF}.Debug|Any CPU.Build.0 = Debug|Any CPU
		{88C0DBF9-7270-4B17-A901-E699431A12AF}.Debug|Itanium.ActiveCfg = Debug|Any CPU
		{88C0DBF9-7270-4B17-A901-E699431A12AF}.Debug|x64.ActiveCfg = Debug|x64
		{88C0DBF9-7270-4B17-A901-E699431A12AF}.Debug|x64.Build.0 = Debug|x64
		{88C0DBF9-7270-4B17-A901-E699431A12AF}.Debug|x86.ActiveCfg = Debug|x86
		{88C0DBF9-7270-4B17-A901-E699431A12AF}.Debug|x86.Build.0 = Debug|x86
		{88C0DBF9-7270-4B17-A901-E699431A12AF}.Release|Any CPU.ActiveCfg = Release|Any CPU
		{88C0DBF9-7270-4B17-A901-E699431A12AF}.Release|Any CPU.Build.0 = Release|Any CPU
		{88C0DBF9-7270-4B17-A901-E699431A12AF}.Release|Itanium.ActiveCfg = Release|Any CPU
		{88C0DBF9-7270-4B17-A901-E699431A12AF}.Release|x64.ActiveCfg = Release|x64
		{88C0DBF9-7270-4B17-A901-E699431A12AF}.Release|x64.Build.0 = Release|x64
		{88C0DBF9-7270-4B17-A901-E699431A12AF}.Release|x86.ActiveCfg = Release|x86
		{88C0DBF9-7270-4B17-A901-E699431A12AF}.Release|x86.Build.0 = Release|x86
		{3B720E19-FF99-4F1B-A1F5-104DECAF86F9}.Debug|Any CPU.ActiveCfg = Debug|Any CPU
		{3B720E19-FF99-4F1B-A1F5-104DECAF86F9}.Debug|Any CPU.Build.0 = Debug|Any CPU
		{3B720E19-FF99-4F1B-A1F5-104DECAF86F9}.Debug|Itanium.ActiveCfg = Debug|Any CPU
		{3B720E19-FF99-4F1B-A1F5-104DECAF86F9}.Debug|x64.ActiveCfg = Debug|x64
		{3B720E19-FF99-4F1B-A1F5-104DECAF86F9}.Debug|x64.Build.0 = Debug|x64
		{3B720E19-FF99-4F1B-A1F5-104DECAF86F9}.Debug|x86.ActiveCfg = Debug|x86
		{3B720E19-FF99-4F1B-A1F5-104DECAF86F9}.Debug|x86.Build.0 = Debug|x86
		{3B720E19-FF99-4F1B-A1F5-104DECAF86F9}.Release|Any CPU.ActiveCfg = Release|Any CPU
		{3B720E19-FF99-4F1B-A1F5-104DECAF86F9}.Release|Any CPU.Build.0 = Release|Any CPU
		{3B720E19-FF99-4F1B-A1F5-104DECAF86F9}.Release|Itanium.ActiveCfg = Release|Any CPU
		{3B720E19-FF99-4F1B-A1F5-104DECAF86F9}.Release|x64.ActiveCfg = Release|x64
		{3B720E19-FF99-4F1B-A1F5-104DECAF86F9}.Release|x64.Build.0 = Release|x64
		{3B720E19-FF99-4F1B-A1F5-104DECAF86F9}.Release|x86.ActiveCfg = Release|x86
		{3B720E19-FF99-4F1B-A1F5-104DECAF86F9}.Release|x86.Build.0 = Release|x86
		{B574411B-C0B7-437D-A766-94B65AF0EC49}.Debug|Any CPU.ActiveCfg = Debug|Any CPU
		{B574411B-C0B7-437D-A766-94B65AF0EC49}.Debug|Any CPU.Build.0 = Debug|Any CPU
		{B574411B-C0B7-437D-A766-94B65AF0EC49}.Debug|Itanium.ActiveCfg = Debug|Any CPU
		{B574411B-C0B7-437D-A766-94B65AF0EC49}.Debug|x64.ActiveCfg = Debug|x64
		{B574411B-C0B7-437D-A766-94B65AF0EC49}.Debug|x64.Build.0 = Debug|x64
		{B574411B-C0B7-437D-A766-94B65AF0EC49}.Debug|x86.ActiveCfg = Debug|x86
		{B574411B-C0B7-437D-A766-94B65AF0EC49}.Debug|x86.Build.0 = Debug|x86
		{B574411B-C0B7-437D-A766-94B65AF0EC49}.Release|Any CPU.ActiveCfg = Release|Any CPU
		{B574411B-C0B7-437D-A766-94B65AF0EC49}.Release|Any CPU.Build.0 = Release|Any CPU
		{B574411B-C0B7-437D-A766-94B65AF0EC49}.Release|Itanium.ActiveCfg = Release|Any CPU
		{B574411B-C0B7-437D-A766-94B65AF0EC49}.Release|x64.ActiveCfg = Release|x64
		{B574411B-C0B7-437D-A766-94B65AF0EC49}.Release|x64.Build.0 = Release|x64
		{B574411B-C0B7-437D-A766-94B65AF0EC49}.Release|x86.ActiveCfg = Release|x86
		{B574411B-C0B7-437D-A766-94B65AF0EC49}.Release|x86.Build.0 = Release|x86
		{6D85065C-7821-4BCC-A811-69285A4D5EE9}.Debug|Any CPU.ActiveCfg = Debug|Any CPU
		{6D85065C-7821-4BCC-A811-69285A4D5EE9}.Debug|Any CPU.Build.0 = Debug|Any CPU
		{6D85065C-7821-4BCC-A811-69285A4D5EE9}.Debug|Itanium.ActiveCfg = Debug|Any CPU
		{6D85065C-7821-4BCC-A811-69285A4D5EE9}.Debug|x64.ActiveCfg = Debug|x64
		{6D85065C-7821-4BCC-A811-69285A4D5EE9}.Debug|x64.Build.0 = Debug|x64
		{6D85065C-7821-4BCC-A811-69285A4D5EE9}.Debug|x86.ActiveCfg = Debug|x86
		{6D85065C-7821-4BCC-A811-69285A4D5EE9}.Debug|x86.Build.0 = Debug|x86
		{6D85065C-7821-4BCC-A811-69285A4D5EE9}.Release|Any CPU.ActiveCfg = Release|Any CPU
		{6D85065C-7821-4BCC-A811-69285A4D5EE9}.Release|Any CPU.Build.0 = Release|Any CPU
		{6D85065C-7821-4BCC-A811-69285A4D5EE9}.Release|Itanium.ActiveCfg = Release|Any CPU
		{6D85065C-7821-4BCC-A811-69285A4D5EE9}.Release|x64.ActiveCfg = Release|x64
		{6D85065C-7821-4BCC-A811-69285A4D5EE9}.Release|x64.Build.0 = Release|x64
		{6D85065C-7821-4BCC-A811-69285A4D5EE9}.Release|x86.ActiveCfg = Release|x86
		{6D85065C-7821-4BCC-A811-69285A4D5EE9}.Release|x86.Build.0 = Release|x86
		{2E69B686-05C3-4BEA-8241-8C53679EBE0B}.Debug|Any CPU.ActiveCfg = Debug|Any CPU
		{2E69B686-05C3-4BEA-8241-8C53679EBE0B}.Debug|Any CPU.Build.0 = Debug|Any CPU
		{2E69B686-05C3-4BEA-8241-8C53679EBE0B}.Debug|Itanium.ActiveCfg = Debug|Any CPU
		{2E69B686-05C3-4BEA-8241-8C53679EBE0B}.Debug|x64.ActiveCfg = Debug|x64
		{2E69B686-05C3-4BEA-8241-8C53679EBE0B}.Debug|x64.Build.0 = Debug|x64
		{2E69B686-05C3-4BEA-8241-8C53679EBE0B}.Debug|x86.ActiveCfg = Debug|x86
		{2E69B686-05C3-4BEA-8241-8C53679EBE0B}.Debug|x86.Build.0 = Debug|x86
		{2E69B686-05C3-4BEA-8241-8C53679EBE0B}.Release|Any CPU.ActiveCfg = Release|Any CPU
		{2E69B686-05C3-4BEA-8241-8C53679EBE0B}.Release|Any CPU.Build.0 = Release|Any CPU
		{2E69B686-05C3-4BEA-8241-8C53679EBE0B}.Release|Itanium.ActiveCfg = Release|Any CPU
		{2E69B686-05C3-4BEA-8241-8C53679EBE0B}.Release|x64.ActiveCfg = Release|x64
		{2E69B686-05C3-4BEA-8241-8C53679EBE0B}.Release|x64.Build.0 = Release|x64
		{2E69B686-05C3-4BEA-8241-8C53679EBE0B}.Release|x86.ActiveCfg = Release|x86
		{2E69B686-05C3-4BEA-8241-8C53679EBE0B}.Release|x86.Build.0 = Release|x86
		{352C28CB-924E-4982-88BF-A6E29688B97F}.Debug|Any CPU.ActiveCfg = Debug|Any CPU
		{352C28CB-924E-4982-88BF-A6E29688B97F}.Debug|Any CPU.Build.0 = Debug|Any CPU
		{352C28CB-924E-4982-88BF-A6E29688B97F}.Debug|Itanium.ActiveCfg = Debug|Any CPU
		{352C28CB-924E-4982-88BF-A6E29688B97F}.Debug|x64.ActiveCfg = Debug|x64
		{352C28CB-924E-4982-88BF-A6E29688B97F}.Debug|x64.Build.0 = Debug|x64
		{352C28CB-924E-4982-88BF-A6E29688B97F}.Debug|x86.ActiveCfg = Debug|x86
		{352C28CB-924E-4982-88BF-A6E29688B97F}.Debug|x86.Build.0 = Debug|x86
		{352C28CB-924E-4982-88BF-A6E29688B97F}.Release|Any CPU.ActiveCfg = Release|Any CPU
		{352C28CB-924E-4982-88BF-A6E29688B97F}.Release|Any CPU.Build.0 = Release|Any CPU
		{352C28CB-924E-4982-88BF-A6E29688B97F}.Release|Itanium.ActiveCfg = Release|Any CPU
		{352C28CB-924E-4982-88BF-A6E29688B97F}.Release|x64.ActiveCfg = Release|x64
		{352C28CB-924E-4982-88BF-A6E29688B97F}.Release|x64.Build.0 = Release|x64
		{352C28CB-924E-4982-88BF-A6E29688B97F}.Release|x86.ActiveCfg = Release|x86
		{352C28CB-924E-4982-88BF-A6E29688B97F}.Release|x86.Build.0 = Release|x86
		{9AF437EE-6780-4980-BF3D-0470C0885C72}.Debug|Any CPU.ActiveCfg = Debug|Any CPU
		{9AF437EE-6780-4980-BF3D-0470C0885C72}.Debug|Any CPU.Build.0 = Debug|Any CPU
		{9AF437EE-6780-4980-BF3D-0470C0885C72}.Debug|Itanium.ActiveCfg = Debug|Any CPU
		{9AF437EE-6780-4980-BF3D-0470C0885C72}.Debug|x64.ActiveCfg = Debug|Any CPU
		{9AF437EE-6780-4980-BF3D-0470C0885C72}.Debug|x86.ActiveCfg = Debug|x86
		{9AF437EE-6780-4980-BF3D-0470C0885C72}.Debug|x86.Build.0 = Debug|x86
		{9AF437EE-6780-4980-BF3D-0470C0885C72}.Release|Any CPU.ActiveCfg = Release|Any CPU
		{9AF437EE-6780-4980-BF3D-0470C0885C72}.Release|Any CPU.Build.0 = Release|Any CPU
		{9AF437EE-6780-4980-BF3D-0470C0885C72}.Release|Itanium.ActiveCfg = Release|Any CPU
		{9AF437EE-6780-4980-BF3D-0470C0885C72}.Release|x64.ActiveCfg = Release|Any CPU
		{9AF437EE-6780-4980-BF3D-0470C0885C72}.Release|x86.ActiveCfg = Release|x86
		{9AF437EE-6780-4980-BF3D-0470C0885C72}.Release|x86.Build.0 = Release|x86
		{42FD7609-EF8C-49D4-97B0-5DF4AFEDA72A}.Debug|Any CPU.ActiveCfg = Debug|Any CPU
		{42FD7609-EF8C-49D4-97B0-5DF4AFEDA72A}.Debug|Any CPU.Build.0 = Debug|Any CPU
		{42FD7609-EF8C-49D4-97B0-5DF4AFEDA72A}.Debug|Itanium.ActiveCfg = Debug|Any CPU
		{42FD7609-EF8C-49D4-97B0-5DF4AFEDA72A}.Debug|x64.ActiveCfg = Debug|Any CPU
		{42FD7609-EF8C-49D4-97B0-5DF4AFEDA72A}.Debug|x86.ActiveCfg = Debug|x86
		{42FD7609-EF8C-49D4-97B0-5DF4AFEDA72A}.Debug|x86.Build.0 = Debug|x86
		{42FD7609-EF8C-49D4-97B0-5DF4AFEDA72A}.Release|Any CPU.ActiveCfg = Release|Any CPU
		{42FD7609-EF8C-49D4-97B0-5DF4AFEDA72A}.Release|Any CPU.Build.0 = Release|Any CPU
		{42FD7609-EF8C-49D4-97B0-5DF4AFEDA72A}.Release|Itanium.ActiveCfg = Release|Any CPU
		{42FD7609-EF8C-49D4-97B0-5DF4AFEDA72A}.Release|x64.ActiveCfg = Release|Any CPU
		{42FD7609-EF8C-49D4-97B0-5DF4AFEDA72A}.Release|x86.ActiveCfg = Release|x86
		{42FD7609-EF8C-49D4-97B0-5DF4AFEDA72A}.Release|x86.Build.0 = Release|x86
		{CEA8A5B2-36DA-46C7-B97A-7D562BCDCCCD}.Debug|Any CPU.ActiveCfg = Debug|Any CPU
		{CEA8A5B2-36DA-46C7-B97A-7D562BCDCCCD}.Debug|Any CPU.Build.0 = Debug|Any CPU
		{CEA8A5B2-36DA-46C7-B97A-7D562BCDCCCD}.Debug|Itanium.ActiveCfg = Debug|Any CPU
		{CEA8A5B2-36DA-46C7-B97A-7D562BCDCCCD}.Debug|x64.ActiveCfg = Debug|Any CPU
		{CEA8A5B2-36DA-46C7-B97A-7D562BCDCCCD}.Debug|x86.ActiveCfg = Debug|x86
		{CEA8A5B2-36DA-46C7-B97A-7D562BCDCCCD}.Debug|x86.Build.0 = Debug|x86
		{CEA8A5B2-36DA-46C7-B97A-7D562BCDCCCD}.Release|Any CPU.ActiveCfg = Release|Any CPU
		{CEA8A5B2-36DA-46C7-B97A-7D562BCDCCCD}.Release|Any CPU.Build.0 = Release|Any CPU
		{CEA8A5B2-36DA-46C7-B97A-7D562BCDCCCD}.Release|Itanium.ActiveCfg = Release|Any CPU
		{CEA8A5B2-36DA-46C7-B97A-7D562BCDCCCD}.Release|x64.ActiveCfg = Release|Any CPU
		{CEA8A5B2-36DA-46C7-B97A-7D562BCDCCCD}.Release|x86.ActiveCfg = Release|x86
		{CEA8A5B2-36DA-46C7-B97A-7D562BCDCCCD}.Release|x86.Build.0 = Release|x86
		{ECAA03F8-0C35-4980-AEE0-E8EFEB21FBB2}.Debug|Any CPU.ActiveCfg = Debug|Any CPU
		{ECAA03F8-0C35-4980-AEE0-E8EFEB21FBB2}.Debug|Any CPU.Build.0 = Debug|Any CPU
		{ECAA03F8-0C35-4980-AEE0-E8EFEB21FBB2}.Debug|Itanium.ActiveCfg = Debug|Any CPU
		{ECAA03F8-0C35-4980-AEE0-E8EFEB21FBB2}.Debug|x64.ActiveCfg = Debug|x64
		{ECAA03F8-0C35-4980-AEE0-E8EFEB21FBB2}.Debug|x64.Build.0 = Debug|x64
		{ECAA03F8-0C35-4980-AEE0-E8EFEB21FBB2}.Debug|x86.ActiveCfg = Debug|x86
		{ECAA03F8-0C35-4980-AEE0-E8EFEB21FBB2}.Debug|x86.Build.0 = Debug|x86
		{ECAA03F8-0C35-4980-AEE0-E8EFEB21FBB2}.Release|Any CPU.ActiveCfg = Release|Any CPU
		{ECAA03F8-0C35-4980-AEE0-E8EFEB21FBB2}.Release|Any CPU.Build.0 = Release|Any CPU
		{ECAA03F8-0C35-4980-AEE0-E8EFEB21FBB2}.Release|Itanium.ActiveCfg = Release|Any CPU
		{ECAA03F8-0C35-4980-AEE0-E8EFEB21FBB2}.Release|x64.ActiveCfg = Release|x64
		{ECAA03F8-0C35-4980-AEE0-E8EFEB21FBB2}.Release|x64.Build.0 = Release|x64
		{ECAA03F8-0C35-4980-AEE0-E8EFEB21FBB2}.Release|x86.ActiveCfg = Release|x86
		{ECAA03F8-0C35-4980-AEE0-E8EFEB21FBB2}.Release|x86.Build.0 = Release|x86
	EndGlobalSection
	GlobalSection(SolutionProperties) = preSolution
		HideSolutionNode = FALSE
	EndGlobalSection
	GlobalSection(ExtensibilityGlobals) = postSolution
		VisualSVNWorkingCopyRoot = .
	EndGlobalSection
EndGlobal
