
Microsoft Visual Studio Solution File, Format Version 9.00
# Visual Studio 2005
Project("{FAE04EC0-301F-11D3-BF4B-00C04F79EFBC}") = "OCS2015U00", "OCS2015U00\OCS2015U00.csproj", "{F6DABF57-D4DF-433F-AA05-59E46CE8620B}"
EndProject
Project("{FAE04EC0-301F-11D3-BF4B-00C04F79EFBC}") = "IHIS.CloudConnector", "..\..\..\IHIS.Cloud\IHIS.CloudConnector\IHIS.CloudConnector.csproj", "{4424C55D-EBBA-4825-ABA2-E7718A361F9A}"
EndProject
Global
	GlobalSection(SolutionConfigurationPlatforms) = preSolution
		Debug|Any CPU = Debug|Any CPU
		Release|Any CPU = Release|Any CPU
	EndGlobalSection
	GlobalSection(ProjectConfigurationPlatforms) = postSolution
		{F6DABF57-D4DF-433F-AA05-59E46CE8620B}.Debug|Any CPU.ActiveCfg = Debug|Any CPU
		{F6DABF57-D4DF-433F-AA05-59E46CE8620B}.Debug|Any CPU.Build.0 = Debug|Any CPU
		{F6DABF57-D4DF-433F-AA05-59E46CE8620B}.Release|Any CPU.ActiveCfg = Release|Any CPU
		{F6DABF57-D4DF-433F-AA05-59E46CE8620B}.Release|Any CPU.Build.0 = Release|Any CPU
		{4424C55D-EBBA-4825-ABA2-E7718A361F9A}.Debug|Any CPU.ActiveCfg = Debug|Any CPU
		{4424C55D-EBBA-4825-ABA2-E7718A361F9A}.Debug|Any CPU.Build.0 = Debug|Any CPU
		{4424C55D-EBBA-4825-ABA2-E7718A361F9A}.Release|Any CPU.ActiveCfg = Release|Any CPU
		{4424C55D-EBBA-4825-ABA2-E7718A361F9A}.Release|Any CPU.Build.0 = Release|Any CPU
	EndGlobalSection
	GlobalSection(SolutionProperties) = preSolution
		HideSolutionNode = FALSE
	EndGlobalSection
EndGlobal
