Microsoft Visual Studio Solution File, Format Version 9.00
# Visual Studio 2005
Project("{FAE04EC0-301F-11D3-BF4B-00C04F79EFBC}") = "INP1003Q00", "INP1003Q00.csproj", "{EE8F2EE7-985C-4A0A-AC6A-4535682A8D91}"
EndProject
Global
	GlobalSection(SolutionConfigurationPlatforms) = preSolution
		Debug|Any CPU = Debug|Any CPU
		Release|Any CPU = Release|Any CPU
	EndGlobalSection
	GlobalSection(ProjectConfigurationPlatforms) = postSolution
		{EE8F2EE7-985C-4A0A-AC6A-4535682A8D91}.Debug|Any CPU.ActiveCfg = Debug|Any CPU
		{EE8F2EE7-985C-4A0A-AC6A-4535682A8D91}.Debug|Any CPU.Build.0 = Debug|Any CPU
		{EE8F2EE7-985C-4A0A-AC6A-4535682A8D91}.Release|Any CPU.ActiveCfg = Release|Any CPU
		{EE8F2EE7-985C-4A0A-AC6A-4535682A8D91}.Release|Any CPU.Build.0 = Release|Any CPU
	EndGlobalSection
	GlobalSection(SolutionProperties) = preSolution
		HideSolutionNode = FALSE
	EndGlobalSection
EndGlobal
